# Generated by conda-lock.
# platform: osx-64
# input_hash: c6826fd86571bce30644956d0b334820a3a762e7219063b5766685b30dca73f5
@EXPLICIT
https://conda.anaconda.org/conda-forge/osx-64/bzip2-1.0.8-h0d85af4_4.tar.bz2#37edc4e6304ca87316e160f5ca0bd1b5
https://conda.anaconda.org/conda-forge/osx-64/c-ares-1.18.1-h0d85af4_0.tar.bz2#00b3e98a61e6430808fe7a2534681f28
https://conda.anaconda.org/conda-forge/osx-64/ca-certificates-2021.10.8-h033912b_0.tar.bz2#bb82d0243db9882b509702ecb69e38f0
https://conda.anaconda.org/conda-forge/noarch/font-ttf-dejavu-sans-mono-2.37-hab24e00_0.tar.bz2#0c96522c6bdaed4b1566d11387caaf45
https://conda.anaconda.org/conda-forge/noarch/font-ttf-inconsolata-3.000-h77eed37_0.tar.bz2#34893075a5c9e55cdafac56607368fc6
https://conda.anaconda.org/conda-forge/noarch/font-ttf-source-code-pro-2.038-h77eed37_0.tar.bz2#4d59c254e01d9cde7957100457e2d5fb
https://conda.anaconda.org/conda-forge/noarch/font-ttf-ubuntu-0.83-hab24e00_0.tar.bz2#19410c3df09dfb12d1206132a1d357c5
https://conda.anaconda.org/conda-forge/osx-64/jbig-2.1-h0d85af4_2003.tar.bz2#4d76d11d3a256931926099498aa3565b
https://conda.anaconda.org/conda-forge/osx-64/jpeg-9e-h0d85af4_0.tar.bz2#46a9053a493c567e32fc0519d9bfc860
https://conda.anaconda.org/conda-forge/osx-64/jxrlib-1.1-h35c211d_2.tar.bz2#1c2379fd9d5d4ecb151231f6282e699d
https://conda.anaconda.org/conda-forge/osx-64/lame-3.100-h35c211d_1001.tar.bz2#6bb207f7b08380ce2bc833bb60f91046
https://conda.anaconda.org/conda-forge/osx-64/libcxx-12.0.1-habf9029_1.tar.bz2#444dfb8ed0bf2a8864f73eb6436b29e0
https://conda.anaconda.org/conda-forge/osx-64/libdeflate-1.10-h0d85af4_0.tar.bz2#98a4bf0073c56678453dd86845d3bcc9
https://conda.anaconda.org/conda-forge/osx-64/libev-4.33-haf1e3a3_1.tar.bz2#79dc2be110b2a3d1e97ec21f691c50ad
https://conda.anaconda.org/conda-forge/osx-64/libffi-3.4.2-h0d85af4_5.tar.bz2#ccb34fb14960ad8b125962d3d79b31a9
https://conda.anaconda.org/conda-forge/osx-64/libiconv-1.16-haf1e3a3_0.tar.bz2#c5fab167412a52e491c8e11453ae016f
https://conda.anaconda.org/conda-forge/osx-64/libogg-1.3.4-h35c211d_1.tar.bz2#a7ab4b53ef18c598ffaa597230bc3ba1
https://conda.anaconda.org/conda-forge/osx-64/libuuid-2.32.1-h35c211d_1000.tar.bz2#0e4ef5b0f779d2d87240496fe6337fbe
https://conda.anaconda.org/conda-forge/osx-64/libwebp-base-1.2.2-h0d85af4_1.tar.bz2#052369eda6e13f44b308407c99857f84
https://conda.anaconda.org/conda-forge/osx-64/libzlib-1.2.11-h9173be1_1013.tar.bz2#a3a6a53beaa92c5cfe52ee3a198e78cc
https://conda.anaconda.org/conda-forge/osx-64/metis-5.1.0-h2e338ed_1006.tar.bz2#ed90f7784864e7c0580624ec3ed5534e
https://conda.anaconda.org/conda-forge/osx-64/mpi-1.0-openmpi.tar.bz2#8c3bc725bf4d10fc6e56031f7543771f
https://conda.anaconda.org/conda-forge/osx-64/ncurses-6.3-he49afe7_0.tar.bz2#2b8a6df0c28a466781832cbd036a73b7
https://conda.anaconda.org/conda-forge/osx-64/nettle-3.6-hedd7734_0.tar.bz2#9c9d5d69c39596b22a7495aef3310a3d
https://conda.anaconda.org/conda-forge/osx-64/pthread-stubs-0.4-hc929b4f_1001.tar.bz2#addd19059de62181cd11ae8f4ef26084
https://conda.anaconda.org/conda-forge/osx-64/utfcpp-3.2.1-h694c41f_0.tar.bz2#a089d6128d878e22503a1f3a162979d4
https://conda.anaconda.org/conda-forge/osx-64/x264-1!161.3030-h0d85af4_1.tar.bz2#3162269a4e63ed7dcf34ffef591aef94
https://conda.anaconda.org/conda-forge/osx-64/xorg-kbproto-1.0.7-h35c211d_1002.tar.bz2#41302c2bc60a15ca4a018775fd20b442
https://conda.anaconda.org/conda-forge/osx-64/xorg-libice-1.0.10-h0d85af4_0.tar.bz2#77e8f2ccf8b892f0c8a411265c5e4782
https://conda.anaconda.org/conda-forge/osx-64/xorg-libxau-1.0.9-h35c211d_0.tar.bz2#c5049997b2e98edfbcdd294582f66281
https://conda.anaconda.org/conda-forge/osx-64/xorg-libxdmcp-1.1.3-h35c211d_0.tar.bz2#86ac76d6bf1cbb9621943eb3bd9ae36e
https://conda.anaconda.org/conda-forge/osx-64/xorg-renderproto-0.11.1-h0d85af4_1002.tar.bz2#e1cff95f235c6ad73199735685186693
https://conda.anaconda.org/conda-forge/osx-64/xorg-xextproto-7.3.0-h35c211d_1002.tar.bz2#3d1b38fbacfe0f59d828c5ff0b10759b
https://conda.anaconda.org/conda-forge/osx-64/xorg-xproto-7.0.31-h35c211d_1007.tar.bz2#e1b279e3b8c03f88a90e81480a8f319a
https://conda.anaconda.org/conda-forge/osx-64/xz-5.2.5-haf1e3a3_1.tar.bz2#41116deb499e9bc58048c297d6403ce6
https://conda.anaconda.org/conda-forge/osx-64/double-conversion-3.1.7-he49afe7_0.tar.bz2#6da1f2f55da75dc40157ac2d617c59f8
https://conda.anaconda.org/conda-forge/osx-64/eigen-3.4.0-h940c156_0.tar.bz2#f47a426ed1340c966f539c42187e3331
https://conda.anaconda.org/conda-forge/osx-64/expat-2.4.4-he49afe7_0.tar.bz2#96f068e8e62b43d609184f0e1809dc36
https://conda.anaconda.org/conda-forge/noarch/fonts-conda-forge-1-0.tar.bz2#f766549260d6815b0c52253f1fb1bb29
https://conda.anaconda.org/conda-forge/osx-64/geos-3.10.2-he49afe7_0.tar.bz2#ba73e08947c2300d6eb338415540854a
https://conda.anaconda.org/conda-forge/osx-64/gettext-0.19.8.1-hd1a6beb_1008.tar.bz2#28c370fc39becf486601d9e491a5e184
https://conda.anaconda.org/conda-forge/osx-64/glew-2.1.0-h046ec9c_2.tar.bz2#6b753c8c7e4c46a8eb17b6f1781f958a
https://conda.anaconda.org/conda-forge/osx-64/gmp-6.2.1-h2e338ed_0.tar.bz2#dedc96914428dae572a39e69ee2a392f
https://conda.anaconda.org/conda-forge/osx-64/icu-69.1-he49afe7_0.tar.bz2#ee3bde95f8c74ebd296543525775ada5
https://conda.anaconda.org/conda-forge/osx-64/jasper-1.900.1-h636a363_1006.tar.bz2#3da668fadd9fe0387d68180a21b9c3c7
https://conda.anaconda.org/conda-forge/osx-64/jigsaw-0.9.14-h370ebc4_0.tar.bz2#2ae5ae3333013f13ebaf376d33acee5d
https://conda.anaconda.org/conda-forge/osx-64/jsoncpp-1.9.4-h940c156_3.tar.bz2#cff70676e09999f3ce406ca25df1f185
https://conda.anaconda.org/conda-forge/osx-64/lerc-3.0-he49afe7_0.tar.bz2#a1d21f85e4b0d5e27a88ecab5e3961da
https://conda.anaconda.org/conda-forge/osx-64/libaec-1.0.6-he49afe7_0.tar.bz2#0a49b696f11ed805ee4690479cc5e950
https://conda.anaconda.org/conda-forge/osx-64/libedit-3.1.20191231-h0678c8f_2.tar.bz2#6016a8a1d0e63cac3de2c352cd40208b
https://conda.anaconda.org/conda-forge/osx-64/libvorbis-1.3.7-h046ec9c_0.tar.bz2#fbbda1fede0aadaa252f6919148c4ce1
https://conda.anaconda.org/conda-forge/osx-64/libxcb-1.13-h0d85af4_1004.tar.bz2#eb7860935e14aec936065cbc21a1a962
https://conda.anaconda.org/conda-forge/osx-64/llvm-openmp-8.0.1-h770b8ee_0.tar.bz2#22981e6688ff84040427ecfbdb45825a
https://conda.anaconda.org/conda-forge/osx-64/lz4-c-1.9.3-he49afe7_1.tar.bz2#05c08241b66631c00ca4f9e0b75320bc
https://conda.anaconda.org/conda-forge/osx-64/openssl-3.0.0-h0d85af4_2.tar.bz2#459fe1a1b09864f0fbacadc9abf8c73e
https://conda.anaconda.org/conda-forge/osx-64/pugixml-1.11.4-he49afe7_0.tar.bz2#69d67c7202c11a51cc0e7f9cda7e49b2
https://conda.anaconda.org/conda-forge/osx-64/rapidjson-1.1.0-hb1e8313_1002.tar.bz2#6393fe5c6c2d496ab76853628bcf10d9
https://conda.anaconda.org/conda-forge/osx-64/readline-8.1-h05e3726_0.tar.bz2#2832e9b6a7caa7cb192fcda6cfcd8871
https://conda.anaconda.org/conda-forge/osx-64/tbb-2020.2-h940c156_4.tar.bz2#5b12427550a7a818ce9275ae5dcf6258
https://conda.anaconda.org/conda-forge/osx-64/xorg-fixesproto-5.0-h0d85af4_1002.tar.bz2#a4dde7ba6e898f8cc4a33cc97943d2d7
https://conda.anaconda.org/conda-forge/osx-64/xorg-libsm-1.2.3-h0d85af4_1000.tar.bz2#309cde52baa36ad32a0ed423718bbcfb
https://conda.anaconda.org/conda-forge/osx-64/zlib-1.2.11-h9173be1_1013.tar.bz2#cf985617d679990418c380099620b01a
https://conda.anaconda.org/conda-forge/noarch/fonts-conda-ecosystem-1-0.tar.bz2#fee5683a3f04bd15cbd8318b096a27ab
https://conda.anaconda.org/conda-forge/osx-64/gnutls-3.6.13-h756fd2b_1.tar.bz2#cf812214a917b4d48ce536d427770ec9
https://conda.anaconda.org/conda-forge/osx-64/hdf4-4.2.15-hefd3b78_3.tar.bz2#07bbe01a1cabdb9ec0d35524e09f4db4
https://conda.anaconda.org/conda-forge/osx-64/ilmbase-2.5.5-hfab91a5_0.tar.bz2#434cbfe71ef5270c61ae9290afac10d6
https://conda.anaconda.org/conda-forge/osx-64/libgfortran4-7.5.0-h1a10cd1_23.tar.bz2#c26272f23d01f8cde50ed0c776c0edb1
https://conda.anaconda.org/conda-forge/osx-64/libnghttp2-1.46.0-hfd382f3_0.tar.bz2#5e6ffa45793b94bf60b666a5fc9cad0f
https://conda.anaconda.org/conda-forge/osx-64/libpng-1.6.37-h7cec526_2.tar.bz2#9e52521faba2b53269672628d34e1513
https://conda.anaconda.org/conda-forge/osx-64/libssh2-1.10.0-hd3787cc_2.tar.bz2#b0b2876bf1f89bc3cf0c5898c8ab7802
https://conda.anaconda.org/conda-forge/osx-64/libxml2-2.9.12-h7e28ab6_1.tar.bz2#2c7f67fde580b88748f9fab02f98b2ba
https://conda.anaconda.org/conda-forge/osx-64/openh264-2.1.1-hfd3ada9_0.tar.bz2#468e32402dae56c73b29fb74160a9b2a
https://conda.anaconda.org/conda-forge/osx-64/openmp-8.0.1-0.tar.bz2#3dbc076bd4314ddaa831fe6bbe19ee2a
https://conda.anaconda.org/conda-forge/osx-64/sqlite-3.37.0-h23a322b_0.tar.bz2#68f13bbe00ac288ffc1c1b868bc4da23
https://conda.anaconda.org/conda-forge/osx-64/tbb-devel-2020.2-h940c156_4.tar.bz2#3ecdcd55e2021cda4bac87ad9f3ee0b7
https://conda.anaconda.org/conda-forge/osx-64/tk-8.6.11-h5dbffcc_1.tar.bz2#e35b11155bd70facee39dfdec7368ad0
https://conda.anaconda.org/conda-forge/osx-64/xorg-libx11-1.7.2-h0d85af4_0.tar.bz2#bd0e7b45f6bb5393bdb2d7e741428575
https://conda.anaconda.org/conda-forge/osx-64/zstd-1.5.2-h582d3a0_0.tar.bz2#df9ed22d1725b8fecaede2d579fd6bc4
https://conda.anaconda.org/conda-forge/osx-64/freetype-2.10.4-h4cff582_1.tar.bz2#5a136a432c6062362cd7990c514bd8d6
https://conda.anaconda.org/conda-forge/osx-64/gl2ps-1.4.2-h4cff582_0.tar.bz2#a9e91533b95cd019d58f4b3ef9bbddf0
https://conda.anaconda.org/conda-forge/osx-64/krb5-1.19.2-h289aae4_3.tar.bz2#8d390ae9efef7ee87b187104c0177dd2
https://conda.anaconda.org/conda-forge/osx-64/libgfortran-4.0.0-7_5_0_h1a10cd1_23.tar.bz2#617b1e5089026c0a2fe551ecccd58a79
https://conda.anaconda.org/conda-forge/osx-64/libtheora-1.1.1-h0d85af4_1005.tar.bz2#e63b84ed4c2d84901332de92a98a2f2b
https://conda.anaconda.org/conda-forge/osx-64/libtiff-4.3.0-h17f2ce3_3.tar.bz2#8a2611163920a17b13a1325bb70d7293
https://conda.anaconda.org/conda-forge/osx-64/openexr-2.5.5-h7fa7ffa_0.tar.bz2#dbfd0fd54f078d557c6e787fa25fc19a
https://conda.anaconda.org/conda-forge/osx-64/python-3.8.12-h43ca1e7_3_cpython.tar.bz2#1465a686a1405235c9b32c1f3f0ae429
https://conda.anaconda.org/conda-forge/osx-64/xorg-libxext-1.3.4-h0d85af4_1.tar.bz2#747e38c3b645048fc8c176caef118096
https://conda.anaconda.org/conda-forge/osx-64/xorg-libxfixes-5.0.3-h0d85af4_1004.tar.bz2#6ecbef6618bb15e389a8bb5618e579f6
https://conda.anaconda.org/conda-forge/osx-64/xorg-libxrender-0.9.10-h0d85af4_1003.tar.bz2#b455388502383b388c5ee5b6f5ee4509
https://conda.anaconda.org/conda-forge/osx-64/ffmpeg-4.3.2-h4dad6da_1.tar.bz2#c2c20fd60a5170d12a11e742a0809aca
https://conda.anaconda.org/conda-forge/osx-64/fltk-1.3.8-h7ffa276_0.tar.bz2#beb94c5262e5cc5986ef997d6d53f94b
https://conda.anaconda.org/conda-forge/osx-64/fontconfig-2.13.96-h10f422b_0.tar.bz2#6398b7f87354c0f4199a094048a1e9ae
https://conda.anaconda.org/conda-forge/osx-64/lcms2-2.12-h577c468_0.tar.bz2#abce77b852b73670e85e104746b0ea1b
https://conda.anaconda.org/conda-forge/osx-64/libcurl-7.81.0-h97da3c1_0.tar.bz2#1a86b6d30cc51e52c11dffc7a4df390b
https://conda.anaconda.org/conda-forge/osx-64/libopenblas-0.3.7-h3d69b6c_4.tar.bz2#1c66a224ff1bbd2248bee5027bb46e54
https://conda.anaconda.org/conda-forge/osx-64/openjpeg-2.4.0-h6e7aa92_1.tar.bz2#c8cbb6d99f6467246ac26a139256e50f
https://conda.anaconda.org/conda-forge/osx-64/openmpi-4.0.5-h809c96e_4.tar.bz2#7aa9c23682cfc2968c1e38a1fdd2ccac
https://conda.anaconda.org/conda-forge/osx-64/python_abi-3.8-2_cp38.tar.bz2#156803acb0247c263c9586f190b72f1c
https://conda.anaconda.org/conda-forge/noarch/wheel-0.37.1-pyhd8ed1ab_0.tar.bz2#1ca02aaf78d9c70d9a81a3bed5752022
https://conda.anaconda.org/conda-forge/osx-64/curl-7.81.0-h97da3c1_0.tar.bz2#ffcb30333923f32e7af252c924070353
https://conda.anaconda.org/conda-forge/osx-64/hdf5-1.10.6-mpi_openmpi_hb79aec0_1.tar.bz2#a3a1e04c5ed8b869d7c265603c9eda62
https://conda.anaconda.org/conda-forge/osx-64/libblas-3.8.0-14_openblas.tar.bz2#4fb639363cc2ac8b4df0fa79e0f67e47
https://conda.anaconda.org/conda-forge/osx-64/libraw-0.20.2-hefd3b78_1.tar.bz2#e09c37070ce3ed7ef03204bebb884ede
https://conda.anaconda.org/conda-forge/osx-64/loguru-0.5.3-py38h50d1736_3.tar.bz2#90b4628eab1c6e4ad56e9914a7be4b0c
https://conda.anaconda.org/conda-forge/osx-64/parmetis-4.0.3-hdba7654_1005.tar.bz2#617e0895fe93a9e81bc6fae791ec25ec
https://conda.anaconda.org/conda-forge/osx-64/proj-7.2.0-h78d1473_2.tar.bz2#3d1cbf2f7d932f2d0fef10267bf787f8
https://conda.anaconda.org/conda-forge/osx-64/setuptools-60.8.2-py38h50d1736_0.tar.bz2#c2f5614363734a65274ba9584bb476d2
https://conda.anaconda.org/conda-forge/osx-64/freeimage-3.18.0-h7d96ac2_7.tar.bz2#0ba9918ee4cdb1a33a4738eeae194d44
https://conda.anaconda.org/conda-forge/osx-64/liblapack-3.8.0-14_openblas.tar.bz2#14fd39f1808bbdd24a337681b99c99d0
https://conda.anaconda.org/conda-forge/osx-64/libnetcdf-4.7.4-mpi_openmpi_h9bf59f8_7.tar.bz2#2531ccbba7690d1d03c8361fac3955de
https://conda.anaconda.org/conda-forge/noarch/pip-22.0.3-pyhd8ed1ab_0.tar.bz2#45dedae69a0ea21cb8566d04b2ca5536
https://conda.anaconda.org/conda-forge/osx-64/eccodes-2.19.1-h93b635c_0.tar.bz2#1c322b6858a6a1adacb7517843f336ea
https://conda.anaconda.org/conda-forge/osx-64/netcdf-fortran-4.5.3-mpi_openmpi_he825b94_1.tar.bz2#bba420986e01a056376124d79585e08e
https://conda.anaconda.org/conda-forge/osx-64/vtk-9.0.1-no_osmesa_py38ha4a10eb_106.tar.bz2#279af8c2d31e494c315924ede781a065
https://conda.anaconda.org/gbrey/osx-64/delft3d4-65936-mpi_openmpi_h23c6aca_6.tar.bz2#5f3a6b81714fd0bb7189491d1de2ebee
https://conda.anaconda.org/conda-forge/osx-64/occt-7.6.0-h23a7684_0.tar.bz2#a85d6fac18812717089650af533f8e05
https://conda.anaconda.org/gbrey/osx-64/pschism-5.9.0-mpi_openmpi_h23c6aca_8.tar.bz2#011fb3bbd6e225961c3133395584de09
https://conda.anaconda.org/conda-forge/osx-64/gmsh-4.9.4-hde0777f_0.tar.bz2#0d9b0dda7af7b471e47b779d0a6341a7
