# Generated by conda-lock.
# platform: osx-64
# input_hash: 81ff872a74c1f3b8e4a43d365cd6f75de5b182ddfd5acb6cf0e905ffa77075d9
@EXPLICIT
https://conda.anaconda.org/conda-forge/osx-64/bzip2-1.0.8-h0d85af4_4.tar.bz2#37edc4e6304ca87316e160f5ca0bd1b5
https://conda.anaconda.org/conda-forge/osx-64/c-ares-1.18.1-h0d85af4_0.tar.bz2#00b3e98a61e6430808fe7a2534681f28
https://conda.anaconda.org/conda-forge/osx-64/ca-certificates-2021.10.8-h033912b_0.tar.bz2#bb82d0243db9882b509702ecb69e38f0
https://conda.anaconda.org/conda-forge/noarch/font-ttf-dejavu-sans-mono-2.37-hab24e00_0.tar.bz2#0c96522c6bdaed4b1566d11387caaf45
https://conda.anaconda.org/conda-forge/noarch/font-ttf-inconsolata-3.000-h77eed37_0.tar.bz2#34893075a5c9e55cdafac56607368fc6
https://conda.anaconda.org/conda-forge/noarch/font-ttf-source-code-pro-2.038-h77eed37_0.tar.bz2#4d59c254e01d9cde7957100457e2d5fb
https://conda.anaconda.org/conda-forge/noarch/font-ttf-ubuntu-0.83-hab24e00_0.tar.bz2#19410c3df09dfb12d1206132a1d357c5
https://conda.anaconda.org/conda-forge/osx-64/jbig-2.1-h0d85af4_2003.tar.bz2#4d76d11d3a256931926099498aa3565b
https://conda.anaconda.org/conda-forge/osx-64/jpeg-9d-hbcb3906_0.tar.bz2#ff6fba028f282f94ceb10597d58a56e8
https://conda.anaconda.org/conda-forge/osx-64/jxrlib-1.1-h35c211d_2.tar.bz2#1c2379fd9d5d4ecb151231f6282e699d
https://conda.anaconda.org/conda-forge/osx-64/lame-3.100-h35c211d_1001.tar.bz2#6bb207f7b08380ce2bc833bb60f91046
https://conda.anaconda.org/conda-forge/osx-64/libcxx-12.0.1-habf9029_0.tar.bz2#49c188a7f9c7c9ddabafc80cc5625bb7
https://conda.anaconda.org/conda-forge/osx-64/libdeflate-1.8-h0d85af4_0.tar.bz2#0c233c9a12552ee43d1e3f477f2a54ee
https://conda.anaconda.org/conda-forge/osx-64/libev-4.33-haf1e3a3_1.tar.bz2#79dc2be110b2a3d1e97ec21f691c50ad
https://conda.anaconda.org/conda-forge/osx-64/libffi-3.4.2-h0d85af4_5.tar.bz2#ccb34fb14960ad8b125962d3d79b31a9
https://conda.anaconda.org/conda-forge/osx-64/libiconv-1.16-haf1e3a3_0.tar.bz2#c5fab167412a52e491c8e11453ae016f
https://conda.anaconda.org/conda-forge/osx-64/libogg-1.3.4-h35c211d_1.tar.bz2#a7ab4b53ef18c598ffaa597230bc3ba1
https://conda.anaconda.org/conda-forge/osx-64/libwebp-base-1.2.1-h0d85af4_0.tar.bz2#8c6f05a6655b7911c62910343ba806d1
https://conda.anaconda.org/conda-forge/osx-64/libzlib-1.2.11-h9173be1_1013.tar.bz2#a3a6a53beaa92c5cfe52ee3a198e78cc
https://conda.anaconda.org/conda-forge/osx-64/llvm-openmp-12.0.1-hda6cdc1_1.tar.bz2#35b1fd6ed9f0f1c68583dc9c9f672513
https://conda.anaconda.org/conda-forge/osx-64/metis-5.1.0-h2e338ed_1006.tar.bz2#ed90f7784864e7c0580624ec3ed5534e
https://conda.anaconda.org/conda-forge/osx-64/mpi-1.0-openmpi.tar.bz2#8c3bc725bf4d10fc6e56031f7543771f
https://conda.anaconda.org/conda-forge/osx-64/ncurses-6.2-h2e338ed_4.tar.bz2#9cef1910395d1543527583e73dba30f1
https://conda.anaconda.org/conda-forge/osx-64/nettle-3.6-hedd7734_0.tar.bz2#9c9d5d69c39596b22a7495aef3310a3d
https://conda.anaconda.org/conda-forge/osx-64/utfcpp-3.2.1-h694c41f_0.tar.bz2#a089d6128d878e22503a1f3a162979d4
https://conda.anaconda.org/conda-forge/osx-64/x264-1!161.3030-h0d85af4_1.tar.bz2#3162269a4e63ed7dcf34ffef591aef94
https://conda.anaconda.org/conda-forge/osx-64/xz-5.2.5-haf1e3a3_1.tar.bz2#41116deb499e9bc58048c297d6403ce6
https://conda.anaconda.org/conda-forge/osx-64/aom-3.2.0-he49afe7_2.tar.bz2#f54c951b03a59383b5da8bb1b8f7a566
https://conda.anaconda.org/conda-forge/osx-64/double-conversion-3.1.5-he49afe7_2.tar.bz2#fe900a8f0ec72c739199b3dd98b92feb
https://conda.anaconda.org/conda-forge/osx-64/eigen-3.4.0-h940c156_0.tar.bz2#f47a426ed1340c966f539c42187e3331
https://conda.anaconda.org/conda-forge/osx-64/expat-2.4.1-he49afe7_0.tar.bz2#61d8ae52fc518342e6e0891f2d2c4104
https://conda.anaconda.org/conda-forge/noarch/fonts-conda-forge-1-0.tar.bz2#f766549260d6815b0c52253f1fb1bb29
https://conda.anaconda.org/conda-forge/osx-64/geos-3.10.1-he49afe7_0.tar.bz2#e2f09b8526b4e921390b63c1253d45f3
https://conda.anaconda.org/conda-forge/osx-64/gettext-0.19.8.1-hd1a6beb_1008.tar.bz2#28c370fc39becf486601d9e491a5e184
https://conda.anaconda.org/conda-forge/osx-64/glew-2.1.0-h046ec9c_2.tar.bz2#6b753c8c7e4c46a8eb17b6f1781f958a
https://conda.anaconda.org/conda-forge/osx-64/gmp-6.2.1-h2e338ed_0.tar.bz2#dedc96914428dae572a39e69ee2a392f
https://conda.anaconda.org/conda-forge/osx-64/icu-69.1-he49afe7_0.tar.bz2#ee3bde95f8c74ebd296543525775ada5
https://conda.anaconda.org/conda-forge/osx-64/jasper-1.900.1-h636a363_1006.tar.bz2#3da668fadd9fe0387d68180a21b9c3c7
https://conda.anaconda.org/conda-forge/osx-64/jigsaw-0.9.12-h4a8c4bd_2.tar.bz2#ef2a8d92e0bb7aa15c72185dd8583cf0
https://conda.anaconda.org/conda-forge/osx-64/jsoncpp-1.9.4-h940c156_3.tar.bz2#cff70676e09999f3ce406ca25df1f185
https://conda.anaconda.org/conda-forge/osx-64/lerc-3.0-he49afe7_0.tar.bz2#a1d21f85e4b0d5e27a88ecab5e3961da
https://conda.anaconda.org/conda-forge/osx-64/libaec-1.0.6-he49afe7_0.tar.bz2#0a49b696f11ed805ee4690479cc5e950
https://conda.anaconda.org/conda-forge/osx-64/libedit-3.1.20191231-h0678c8f_2.tar.bz2#6016a8a1d0e63cac3de2c352cd40208b
https://conda.anaconda.org/conda-forge/osx-64/libgfortran5-9.3.0-h6c81a4c_23.tar.bz2#a6956ceb628b14594613cefee5127a7a
https://conda.anaconda.org/conda-forge/osx-64/libvorbis-1.3.7-h046ec9c_0.tar.bz2#fbbda1fede0aadaa252f6919148c4ce1
https://conda.anaconda.org/conda-forge/osx-64/libvpx-1.11.0-he49afe7_3.tar.bz2#4ad2e740535a74d4ab65550b8a41f99f
https://conda.anaconda.org/conda-forge/osx-64/lz4-c-1.9.3-he49afe7_1.tar.bz2#05c08241b66631c00ca4f9e0b75320bc
https://conda.anaconda.org/conda-forge/osx-64/openssl-1.1.1l-h0d85af4_0.tar.bz2#f7bcdbb7a5dae97030eee20b884b1f8a
https://conda.anaconda.org/conda-forge/osx-64/pugixml-1.11.4-he49afe7_0.tar.bz2#69d67c7202c11a51cc0e7f9cda7e49b2
https://conda.anaconda.org/conda-forge/osx-64/rapidjson-1.1.0-hb1e8313_1002.tar.bz2#6393fe5c6c2d496ab76853628bcf10d9
https://conda.anaconda.org/conda-forge/osx-64/readline-8.1-h05e3726_0.tar.bz2#2832e9b6a7caa7cb192fcda6cfcd8871
https://conda.anaconda.org/conda-forge/osx-64/svt-av1-0.8.7-he49afe7_1.tar.bz2#fddfdf6a35dfb6d81a576e45459850eb
https://conda.anaconda.org/conda-forge/osx-64/tbb-2020.2-h940c156_4.tar.bz2#5b12427550a7a818ce9275ae5dcf6258
https://conda.anaconda.org/conda-forge/osx-64/x265-3.5-h940c156_1.tar.bz2#9d5a39ab5533e659c0841b13efaabbb4
https://conda.anaconda.org/conda-forge/osx-64/zlib-1.2.11-h9173be1_1013.tar.bz2#cf985617d679990418c380099620b01a
https://conda.anaconda.org/conda-forge/noarch/fonts-conda-ecosystem-1-0.tar.bz2#fee5683a3f04bd15cbd8318b096a27ab
https://conda.anaconda.org/conda-forge/osx-64/gnutls-3.6.13-h756fd2b_1.tar.bz2#cf812214a917b4d48ce536d427770ec9
https://conda.anaconda.org/conda-forge/osx-64/hdf4-4.2.15-hefd3b78_3.tar.bz2#07bbe01a1cabdb9ec0d35524e09f4db4
https://conda.anaconda.org/conda-forge/osx-64/ilmbase-2.5.5-hfab91a5_0.tar.bz2#434cbfe71ef5270c61ae9290afac10d6
https://conda.anaconda.org/conda-forge/osx-64/libgfortran-5.0.0-9_3_0_h6c81a4c_23.tar.bz2#60f48cef2d50674e0428c5579b6c3f66
https://conda.anaconda.org/conda-forge/osx-64/libnghttp2-1.43.0-h6f36284_1.tar.bz2#8489d081927ce544b21a64c9e1c254ee
https://conda.anaconda.org/conda-forge/osx-64/libpng-1.6.37-h7cec526_2.tar.bz2#9e52521faba2b53269672628d34e1513
https://conda.anaconda.org/conda-forge/osx-64/libssh2-1.10.0-h52ee1ee_2.tar.bz2#8c8f3804e8e252b47443cfe8e40eddf9
https://conda.anaconda.org/conda-forge/osx-64/libxml2-2.9.12-h7e28ab6_1.tar.bz2#2c7f67fde580b88748f9fab02f98b2ba
https://conda.anaconda.org/conda-forge/osx-64/openh264-2.1.1-hfd3ada9_0.tar.bz2#468e32402dae56c73b29fb74160a9b2a
https://conda.anaconda.org/conda-forge/osx-64/sqlite-3.36.0-h23a322b_2.tar.bz2#9683f769193cd3148dc1fbeb59093921
https://conda.anaconda.org/conda-forge/osx-64/tbb-devel-2020.2-h940c156_4.tar.bz2#3ecdcd55e2021cda4bac87ad9f3ee0b7
https://conda.anaconda.org/conda-forge/osx-64/tk-8.6.11-h5dbffcc_1.tar.bz2#e35b11155bd70facee39dfdec7368ad0
https://conda.anaconda.org/conda-forge/osx-64/zstd-1.5.0-h582d3a0_0.tar.bz2#96a04eeb0146059f0c2d63491f77d6d0
https://conda.anaconda.org/conda-forge/osx-64/freetype-2.10.4-h4cff582_1.tar.bz2#5a136a432c6062362cd7990c514bd8d6
https://conda.anaconda.org/conda-forge/osx-64/gl2ps-1.4.2-h4cff582_0.tar.bz2#a9e91533b95cd019d58f4b3ef9bbddf0
https://conda.anaconda.org/conda-forge/osx-64/krb5-1.19.2-hcfbf3a7_3.tar.bz2#22a613e8000ad9c0d8a14c5ca1e8e40b
https://conda.anaconda.org/conda-forge/osx-64/libopenblas-0.3.18-openmp_h3351f45_0.tar.bz2#a0636ed965924977a848fd0d0258cf17
https://conda.anaconda.org/conda-forge/osx-64/libtheora-1.1.1-h0d85af4_1005.tar.bz2#e63b84ed4c2d84901332de92a98a2f2b
https://conda.anaconda.org/conda-forge/osx-64/libtiff-4.3.0-hd146c10_2.tar.bz2#f83e9c7a6f2458e85a267df87cd57ca1
https://conda.anaconda.org/conda-forge/osx-64/openexr-2.5.5-h7fa7ffa_0.tar.bz2#dbfd0fd54f078d557c6e787fa25fc19a
https://conda.anaconda.org/conda-forge/osx-64/openmpi-4.1.1-hd3cd54c_0.tar.bz2#ce118c725898b1ab4d0dd85ebd93f74d
https://conda.anaconda.org/conda-forge/osx-64/python-3.8.12-h17280f6_2_cpython.tar.bz2#bb51db91a60b2845e967083e6fa144d7
https://conda.anaconda.org/conda-forge/osx-64/ffmpeg-4.4.1-h79e7b16_0.tar.bz2#40f77682a23f105b3f55ed9983cb914a
https://conda.anaconda.org/conda-forge/osx-64/fontconfig-2.13.1-h10f422b_1005.tar.bz2#95d7756fee0926aa2b6d111299c173f7
https://conda.anaconda.org/conda-forge/osx-64/lcms2-2.12-h577c468_0.tar.bz2#abce77b852b73670e85e104746b0ea1b
https://conda.anaconda.org/conda-forge/osx-64/libblas-3.9.0-12_osx64_openblas.tar.bz2#3d38a706f06849a4b08f8a3f642bec93
https://conda.anaconda.org/conda-forge/osx-64/libcurl-7.80.0-hf45b732_0.tar.bz2#7392331a2824bfd4304d810f88d435f9
https://conda.anaconda.org/conda-forge/osx-64/openjpeg-2.4.0-h6e7aa92_1.tar.bz2#c8cbb6d99f6467246ac26a139256e50f
https://conda.anaconda.org/conda-forge/osx-64/parmetis-4.0.3-h7eda126_1005.tar.bz2#85ac202630b1ff6eccb4c738ee786911
https://conda.anaconda.org/conda-forge/osx-64/python_abi-3.8-2_cp38.tar.bz2#156803acb0247c263c9586f190b72f1c
https://conda.anaconda.org/conda-forge/noarch/wheel-0.37.0-pyhd8ed1ab_1.tar.bz2#3aa2c3e25dd361b453d010388b9cdff1
https://conda.anaconda.org/conda-forge/osx-64/curl-7.80.0-hf45b732_0.tar.bz2#e1cf701742a3d300f666e2ac29779469
https://conda.anaconda.org/conda-forge/osx-64/hdf5-1.10.6-mpi_openmpi_hf18bdd3_1014.tar.bz2#9141a806dd53704b395f01a348bbdef8
https://conda.anaconda.org/conda-forge/osx-64/liblapack-3.9.0-12_osx64_openblas.tar.bz2#ca35c8b85ced3a53059c7a001518cbae
https://conda.anaconda.org/conda-forge/osx-64/libraw-0.20.2-hefd3b78_1.tar.bz2#e09c37070ce3ed7ef03204bebb884ede
https://conda.anaconda.org/conda-forge/osx-64/loguru-0.5.3-py38h50d1736_3.tar.bz2#90b4628eab1c6e4ad56e9914a7be4b0c
https://conda.anaconda.org/conda-forge/osx-64/proj-7.2.0-h78d1473_2.tar.bz2#3d1cbf2f7d932f2d0fef10267bf787f8
https://conda.anaconda.org/conda-forge/osx-64/setuptools-59.1.0-py38h50d1736_0.tar.bz2#4b4f42b10e4efe8b7a33fb83eed9c702
https://conda.anaconda.org/conda-forge/osx-64/freeimage-3.18.0-h7d96ac2_7.tar.bz2#0ba9918ee4cdb1a33a4738eeae194d44
https://conda.anaconda.org/conda-forge/osx-64/libnetcdf-4.7.4-mpi_openmpi_h9bf59f8_7.tar.bz2#2531ccbba7690d1d03c8361fac3955de
https://conda.anaconda.org/conda-forge/noarch/pip-21.3.1-pyhd8ed1ab_0.tar.bz2#e4fe2a9af78ff11f1aced7e62128c6a8
https://conda.anaconda.org/conda-forge/osx-64/eccodes-2.21.0-h136bbf5_0.tar.bz2#c7f0b36735c7d8e897c44e8ff8aaabe6
https://conda.anaconda.org/conda-forge/osx-64/netcdf-fortran-4.5.3-mpi_openmpi_h6ee14be_3.tar.bz2#81c2052d159c6478a2bdf7255f702570
https://conda.anaconda.org/conda-forge/osx-64/vtk-9.0.1-no_osmesa_py38ha4a10eb_106.tar.bz2#279af8c2d31e494c315924ede781a065
https://conda.anaconda.org/conda-forge/osx-64/occt-7.5.3-h23a7684_0.tar.bz2#3eb632d9b05432caa4438a8d04b57d72
https://conda.anaconda.org/gbrey/osx-64/pschism-5.9.0-mpi_openmpi_h23c6aca_0.tar.bz2#82f93b0543b9dc4bf48a137e9ab0a1d8
https://conda.anaconda.org/conda-forge/osx-64/gmsh-4.8.4-h2770bf5_0.tar.bz2#57d6a0b7ad65f23208537c6c455e6aa1
