# Generated by conda-lock.
# platform: linux-64
# input_hash: b0127cb9c2ffab09d1a7c98ec3e59ae33912981bb5657b96571e88d2a70be142
@EXPLICIT
https://conda.anaconda.org/conda-forge/linux-64/_libgcc_mutex-0.1-conda_forge.tar.bz2#d7c89558ba9fa0495403155b64376d81
https://conda.anaconda.org/conda-forge/linux-64/ca-certificates-2024.2.2-hbcca054_0.conda#2f4327a1cbe7f022401b236e915a5fef
https://conda.anaconda.org/conda-forge/noarch/font-ttf-dejavu-sans-mono-2.37-hab24e00_0.tar.bz2#0c96522c6bdaed4b1566d11387caaf45
https://conda.anaconda.org/conda-forge/noarch/font-ttf-inconsolata-3.000-h77eed37_0.tar.bz2#34893075a5c9e55cdafac56607368fc6
https://conda.anaconda.org/conda-forge/noarch/font-ttf-source-code-pro-2.038-h77eed37_0.tar.bz2#4d59c254e01d9cde7957100457e2d5fb
https://conda.anaconda.org/conda-forge/noarch/font-ttf-ubuntu-0.83-h77eed37_1.conda#6185f640c43843e5ad6fd1c5372c3f80
https://conda.anaconda.org/conda-forge/noarch/kernel-headers_linux-64-2.6.32-he073ed8_17.conda#d731b543793afc0433c4fd593e693fce
https://conda.anaconda.org/conda-forge/linux-64/ld_impl_linux-64-2.40-h41732ed_0.conda#7aca3059a1729aa76c597603f10b0dd3
https://conda.anaconda.org/conda-forge/linux-64/libboost-headers-1.84.0-ha770c72_2.conda#85d30a3fcc0f1cfc252776208af546a1
https://conda.anaconda.org/conda-forge/noarch/libgcc-devel_linux-64-12.3.0-h8bca6fd_105.conda#e12ce6b051085b8f27e239f5e5f5bce5
https://conda.anaconda.org/conda-forge/noarch/libstdcxx-devel_linux-64-12.3.0-h8bca6fd_105.conda#b3c6062c84a8e172555ee104ea6a01ab
https://conda.anaconda.org/conda-forge/linux-64/libstdcxx-ng-13.2.0-h7e041cc_5.conda#f6f6600d18a4047b54f803cf708b868a
https://conda.anaconda.org/conda-forge/noarch/poppler-data-0.4.12-hd8ed1ab_0.conda#d8d7293c5b37f39b2ac32940621c6592
https://conda.anaconda.org/conda-forge/linux-64/python_abi-3.10-4_cp310.conda#26322ec5d7712c3ded99dd656142b8ce
https://conda.anaconda.org/conda-forge/noarch/tzdata-2024a-h0c530f3_0.conda#161081fc7cec0bfda0d86d7cb595f8d8
https://conda.anaconda.org/conda-forge/noarch/fonts-conda-forge-1-0.tar.bz2#f766549260d6815b0c52253f1fb1bb29
https://conda.anaconda.org/conda-forge/linux-64/libgomp-13.2.0-h807b86a_5.conda#d211c42b9ce49aee3734fdc828731689
https://conda.anaconda.org/conda-forge/noarch/sysroot_linux-64-2.12-he073ed8_17.conda#595db67e32b276298ff3d94d07d47fbf
https://conda.anaconda.org/conda-forge/linux-64/_openmp_mutex-4.5-2_gnu.tar.bz2#73aaf86a425cc6e73fcf236a5a46396d
https://conda.anaconda.org/conda-forge/linux-64/binutils_impl_linux-64-2.40-hf600244_0.conda#33084421a8c0af6aef1b439707f7662a
https://conda.anaconda.org/conda-forge/noarch/fonts-conda-ecosystem-1-0.tar.bz2#fee5683a3f04bd15cbd8318b096a27ab
https://conda.anaconda.org/conda-forge/linux-64/binutils-2.40-hdd6e379_0.conda#ccc940fddbc3fcd3d79cd4c654c4b5c4
https://conda.anaconda.org/conda-forge/linux-64/binutils_linux-64-2.40-hdade7a5_3.conda#2d9a60578bc28469d9aeef9aea5520c3
https://conda.anaconda.org/conda-forge/linux-64/libgcc-ng-13.2.0-h807b86a_5.conda#d4ff227c46917d3b4565302a2bbb276b
https://conda.anaconda.org/conda-forge/linux-64/aom-3.8.2-h59595ed_0.conda#625e1fed28a5139aed71b3a76117ef84
https://conda.anaconda.org/conda-forge/linux-64/aws-c-common-0.9.14-hd590300_0.conda#d44fe0d9a6971a4fb245be0055775d9d
https://conda.anaconda.org/conda-forge/linux-64/bzip2-1.0.8-hd590300_5.conda#69b8b6202a07720f448be700e300ccf4
https://conda.anaconda.org/conda-forge/linux-64/c-ares-1.28.1-hd590300_0.conda#dcde58ff9a1f30b0037a2315d1846d1f
https://conda.anaconda.org/conda-forge/linux-64/dav1d-1.2.1-hd590300_0.conda#418c6ca5929a611cbd69204907a83995
https://conda.anaconda.org/conda-forge/linux-64/fmt-10.2.1-h00ab1b0_0.conda#35ef8bc24bd34074ebae3c943d551728
https://conda.anaconda.org/conda-forge/linux-64/fribidi-1.0.10-h36c2ea0_0.tar.bz2#ac7bc6a654f8f41b352b38f4051135f8
https://conda.anaconda.org/conda-forge/linux-64/geos-3.12.1-h59595ed_0.conda#8c0f4f71f5a59ceb0c6fa9f51501066d
https://conda.anaconda.org/conda-forge/linux-64/gettext-tools-0.22.5-h59595ed_2.conda#985f2f453fb72408d6b6f1be0f324033
https://conda.anaconda.org/conda-forge/linux-64/giflib-5.2.1-h0b41bf4_3.conda#96f3b11872ef6fad973eac856cd2624f
https://conda.anaconda.org/conda-forge/linux-64/gmp-6.3.0-h59595ed_1.conda#e358c7c5f6824c272b5034b3816438a7
https://conda.anaconda.org/conda-forge/linux-64/graphite2-1.3.13-h59595ed_1003.conda#f87c7b7c2cb45f323ffbce941c78ab7c
https://conda.anaconda.org/conda-forge/linux-64/icu-73.2-h59595ed_0.conda#cc47e1facc155f91abd89b11e48e72ff
https://conda.anaconda.org/conda-forge/linux-64/jigsaw-0.9.14-hcb278e6_1.conda#8340e38597e909831c03aac47c88d754
https://conda.anaconda.org/conda-forge/linux-64/json-c-0.17-h7ab15ed_0.conda#9961b1f100c3b6852bd97c9233d06979
https://conda.anaconda.org/conda-forge/linux-64/jxrlib-1.1-hd590300_3.conda#5aeabe88534ea4169d4c49998f293d6c
https://conda.anaconda.org/conda-forge/linux-64/keyutils-1.6.1-h166bdaf_0.tar.bz2#30186d27e2c9fa62b45fb1476b7200e3
https://conda.anaconda.org/conda-forge/linux-64/lame-3.100-h166bdaf_1003.tar.bz2#a8832b479f93521a9e7b5b743803be51
https://conda.anaconda.org/conda-forge/linux-64/lerc-4.0.0-h27087fc_0.tar.bz2#76bbff344f0134279f225174e9064c8f
https://conda.anaconda.org/conda-forge/linux-64/libabseil-20240116.1-cxx17_h59595ed_2.conda#75648bc5dd3b8eab22406876c24d81ec
https://conda.anaconda.org/conda-forge/linux-64/libaec-1.1.3-h59595ed_0.conda#5e97e271911b8b2001a8b71860c32faa
https://conda.anaconda.org/conda-forge/linux-64/libasprintf-0.22.5-h661eb56_2.conda#dd197c968bf9760bba0031888d431ede
https://conda.anaconda.org/conda-forge/linux-64/libcrc32c-1.1.2-h9c3ff4c_0.tar.bz2#c965a5aa0d5c1c37ffc62dff36e28400
https://conda.anaconda.org/conda-forge/linux-64/libdeflate-1.20-hd590300_0.conda#8e88f9389f1165d7c0936fe40d9a9a79
https://conda.anaconda.org/conda-forge/linux-64/libev-4.33-hd590300_2.conda#172bf1cd1ff8629f2b1179945ed45055
https://conda.anaconda.org/conda-forge/linux-64/libexpat-2.6.2-h59595ed_0.conda#e7ba12deb7020dd080c6c70e7b6f6a3d
https://conda.anaconda.org/conda-forge/linux-64/libffi-3.4.2-h7f98852_5.tar.bz2#d645c6d2ac96843a2bfaccd2d62b3ac3
https://conda.anaconda.org/conda-forge/linux-64/libgettextpo-0.22.5-h59595ed_2.conda#172bcc51059416e7ce99e7b528cede83
https://conda.anaconda.org/conda-forge/linux-64/libgfortran5-13.2.0-ha4646dd_5.conda#7a6bd7a12a4bd359e2afe6c0fa1acace
https://conda.anaconda.org/conda-forge/linux-64/libiconv-1.17-hd590300_2.conda#d66573916ffcf376178462f1b61c941e
https://conda.anaconda.org/conda-forge/linux-64/libjpeg-turbo-3.0.0-hd590300_1.conda#ea25936bb4080d843790b586850f82b8
https://conda.anaconda.org/conda-forge/linux-64/libnsl-2.0.1-hd590300_0.conda#30fd6e37fe21f86f4bd26d6ee73eeec7
https://conda.anaconda.org/conda-forge/linux-64/libopus-1.3.1-h7f98852_1.tar.bz2#15345e56d527b330e1cacbdf58676e8f
https://conda.anaconda.org/conda-forge/linux-64/libpciaccess-0.18-hd590300_0.conda#48f4330bfcd959c3cfb704d424903c82
https://conda.anaconda.org/conda-forge/linux-64/libsanitizer-12.3.0-h0f45ef3_5.conda#11d1ceacff40054d5a74b12975d76f20
https://conda.anaconda.org/conda-forge/linux-64/libtasn1-4.19.0-h166bdaf_0.tar.bz2#93840744a8552e9ebf6bb1a5dffc125a
https://conda.anaconda.org/conda-forge/linux-64/libunistring-0.9.10-h7f98852_0.tar.bz2#7245a044b4a1980ed83196176b78b73a
https://conda.anaconda.org/conda-forge/linux-64/libuuid-2.38.1-h0b41bf4_0.conda#40b61aab5c7ba9ff276c41cfffe6b80b
https://conda.anaconda.org/conda-forge/linux-64/libvpx-1.14.0-h59595ed_0.conda#01c76c6d71097a0f3bd8683a8f255123
https://conda.anaconda.org/conda-forge/linux-64/libwebp-base-1.3.2-hd590300_0.conda#30de3fd9b3b602f7473f30e684eeea8c
https://conda.anaconda.org/conda-forge/linux-64/libxcrypt-4.4.36-hd590300_1.conda#5aa797f8787fe7a17d1b0821485b5adc
https://conda.anaconda.org/conda-forge/linux-64/libzlib-1.2.13-hd590300_5.conda#f36c115f1ee199da648e0597ec2047ad
https://conda.anaconda.org/conda-forge/linux-64/lz4-c-1.9.4-hcb278e6_0.conda#318b08df404f9c9be5712aaa5a6f0bb0
https://conda.anaconda.org/conda-forge/linux-64/lzo-2.10-h516909a_1000.tar.bz2#bb14fcb13341b81d5eb386423b9d2bac
https://conda.anaconda.org/conda-forge/linux-64/ncurses-6.4.20240210-h59595ed_0.conda#97da8860a0da5413c7c98a3b3838a645
https://conda.anaconda.org/conda-forge/linux-64/nettle-3.9.1-h7ab15ed_0.conda#2bf1915cc107738811368afcb0993a59
https://conda.anaconda.org/conda-forge/linux-64/nspr-4.35-h27087fc_0.conda#da0ec11a6454ae19bff5b02ed881a2b1
https://conda.anaconda.org/conda-forge/linux-64/ocl-icd-2.3.2-hd590300_1.conda#c66f837ac65e4d1cdeb80e2a1d5fcc3d
https://conda.anaconda.org/conda-forge/linux-64/openh264-2.4.1-h59595ed_0.conda#3dfcf61b8e78af08110f5229f79580af
https://conda.anaconda.org/conda-forge/linux-64/openssl-3.2.1-hd590300_1.conda#9d731343cff6ee2e5a25c4a091bf8e2a
https://conda.anaconda.org/conda-forge/linux-64/pixman-0.43.2-h59595ed_0.conda#71004cbf7924e19c02746ccde9fd7123
https://conda.anaconda.org/conda-forge/linux-64/pthread-stubs-0.4-h36c2ea0_1001.tar.bz2#22dad4df6e8630e8dff2428f6f6a7036
https://conda.anaconda.org/conda-forge/linux-64/pugixml-1.14-h59595ed_0.conda#2c97dd90633508b422c11bd3018206ab
https://conda.anaconda.org/conda-forge/linux-64/rapidjson-1.1.0-he1b5a44_1002.tar.bz2#37d4fdbb92d573c7d6ab6de74a666dc4
https://conda.anaconda.org/conda-forge/linux-64/snappy-1.2.0-hdb0a2a9_1.conda#843bbb8ace1d64ac50d64639ff38b014
https://conda.anaconda.org/conda-forge/linux-64/svt-av1-2.0.0-h59595ed_0.conda#207e01ffa0eb2d2efb83fb6f46365a21
https://conda.anaconda.org/conda-forge/linux-64/tzcode-2024a-h3f72095_0.conda#32146e34aaec3745a08b6f49af3f41b0
https://conda.anaconda.org/conda-forge/linux-64/uriparser-0.9.7-h59595ed_1.conda#c5edf07141147789784f89d5b4e4a9ad
https://conda.anaconda.org/conda-forge/linux-64/x264-1!164.3095-h166bdaf_2.tar.bz2#6c99772d483f566d59e25037fea2c4b1
https://conda.anaconda.org/conda-forge/linux-64/x265-3.5-h924138e_3.tar.bz2#e7f6ed84d4623d52ee581325c1587a6b
https://conda.anaconda.org/conda-forge/linux-64/xorg-inputproto-2.3.2-h7f98852_1002.tar.bz2#bcd1b3396ec6960cbc1d2855a9e60b2b
https://conda.anaconda.org/conda-forge/linux-64/xorg-kbproto-1.0.7-h7f98852_1002.tar.bz2#4b230e8381279d76131116660f5a241a
https://conda.anaconda.org/conda-forge/linux-64/xorg-libice-1.1.1-hd590300_0.conda#b462a33c0be1421532f28bfe8f4a7514
https://conda.anaconda.org/conda-forge/linux-64/xorg-libxau-1.0.11-hd590300_0.conda#2c80dc38fface310c9bd81b17037fee5
https://conda.anaconda.org/conda-forge/linux-64/xorg-libxdmcp-1.1.3-h7f98852_0.tar.bz2#be93aabceefa2fac576e971aef407908
https://conda.anaconda.org/conda-forge/linux-64/xorg-renderproto-0.11.1-h7f98852_1002.tar.bz2#06feff3d2634e3097ce2fe681474b534
https://conda.anaconda.org/conda-forge/linux-64/xorg-xextproto-7.3.0-h0b41bf4_1003.conda#bce9f945da8ad2ae9b1d7165a64d0f87
https://conda.anaconda.org/conda-forge/linux-64/xorg-xproto-7.0.31-h7f98852_1007.tar.bz2#b4a4381d54784606820704f7b5f05a15
https://conda.anaconda.org/conda-forge/linux-64/xz-5.2.6-h166bdaf_0.tar.bz2#2161070d867d1b1204ea749c8eec4ef0
https://conda.anaconda.org/conda-forge/linux-64/aws-c-cal-0.6.10-ha9bf9b1_2.conda#ce2471034f5459a39636aacc292c96b6
https://conda.anaconda.org/conda-forge/linux-64/aws-c-compression-0.2.18-h4466546_2.conda#b0d9153fc7cfa8dc36b8703e1a59f5f3
https://conda.anaconda.org/conda-forge/linux-64/aws-c-sdkutils-0.1.15-h4466546_2.conda#258194cedccd33fd8a7b95a8aa105015
https://conda.anaconda.org/conda-forge/linux-64/aws-checksums-0.1.18-h4466546_2.conda#8a04fc5a5ecaba31f66904b47dcc7797
https://conda.anaconda.org/conda-forge/linux-64/expat-2.6.2-h59595ed_0.conda#53fb86322bdb89496d7579fe3f02fd61
https://conda.anaconda.org/conda-forge/linux-64/gcc_impl_linux-64-12.3.0-he2b93b0_5.conda#e89827619e73df59496c708b94f6f3d5
https://conda.anaconda.org/conda-forge/linux-64/hdf4-4.2.15-h2a13503_7.conda#bd77f8da987968ec3927990495dc22e4
https://conda.anaconda.org/conda-forge/linux-64/imath-3.1.11-hfc55251_0.conda#07268e57799c7ad50809cadc297a515e
https://conda.anaconda.org/conda-forge/linux-64/libasprintf-devel-0.22.5-h661eb56_2.conda#02e41ab5834dcdcc8590cf29d9526f50
https://conda.anaconda.org/conda-forge/linux-64/libdrm-2.4.120-hd590300_0.conda#7c3071bdf1d28b331a06bda6e85ab607
https://conda.anaconda.org/conda-forge/linux-64/libedit-3.1.20191231-he28a2e2_2.tar.bz2#4d331e44109e3f0e19b4cb8f9b82f3e1
https://conda.anaconda.org/conda-forge/linux-64/libgettextpo-devel-0.22.5-h59595ed_2.conda#b63d9b6da3653179a278077f0de20014
https://conda.anaconda.org/conda-forge/linux-64/libgfortran-ng-13.2.0-h69a702a_5.conda#e73e9cfd1191783392131e6238bdb3e9
https://conda.anaconda.org/conda-forge/linux-64/libkml-1.3.0-h01aab08_1018.conda#3eb5f16bcc8a02892199aa63555c731f
https://conda.anaconda.org/conda-forge/linux-64/libnghttp2-1.58.0-h47da74e_1.conda#700ac6ea6d53d5510591c4344d5c989a
https://conda.anaconda.org/conda-forge/linux-64/libpng-1.6.43-h2797004_0.conda#009981dd9cfcaa4dbfa25ffaed86bcae
https://conda.anaconda.org/conda-forge/linux-64/libprotobuf-4.25.3-h08a7969_0.conda#6945825cebd2aeb16af4c69d97c32c13
https://conda.anaconda.org/conda-forge/linux-64/libre2-11-2023.09.01-h5a48ba9_2.conda#41c69fba59d495e8cf5ffda48a607e35
https://conda.anaconda.org/conda-forge/linux-64/librttopo-1.1.0-h8917695_15.conda#20c3c14bc491f30daecaa6f73e2223ae
https://conda.anaconda.org/conda-forge/linux-64/libsqlite-3.45.2-h2797004_0.conda#866983a220e27a80cb75e85cb30466a1
https://conda.anaconda.org/conda-forge/linux-64/libssh2-1.11.0-h0841786_0.conda#1f5a58e686b13bcfde88b93f547d23fe
https://conda.anaconda.org/conda-forge/linux-64/libxcb-1.15-h0b41bf4_0.conda#33277193f5b92bad9fdd230eb700929c
https://conda.anaconda.org/conda-forge/linux-64/libxml2-2.12.6-h232c23b_1.conda#6853448e9ca1cfd5f15382afd2a6d123
https://conda.anaconda.org/conda-forge/linux-64/libzip-1.10.1-h2629f0a_3.conda#ac79812548e7e8cf61f7b0abdef01d3b
https://conda.anaconda.org/conda-forge/linux-64/p11-kit-0.24.1-hc5aa10d_0.tar.bz2#56ee94e34b71742bbdfa832c974e47a8
https://conda.anaconda.org/conda-forge/linux-64/pcre2-10.43-hcad00b1_0.conda#8292dea9e022d9610a11fce5e0896ed8
https://conda.anaconda.org/conda-forge/linux-64/readline-8.2-h8228510_1.conda#47d31b792659ce70f470b5c82fdfb7a4
https://conda.anaconda.org/conda-forge/linux-64/s2n-1.4.8-h06160fa_0.conda#0240a49dffea6daea27aa388663edcab
https://conda.anaconda.org/conda-forge/linux-64/spdlog-1.12.0-hd2e6256_2.conda#f37afc6ce10d45b9fae2f55ddc635b9f
https://conda.anaconda.org/conda-forge/linux-64/tk-8.6.13-noxft_h4845f30_101.conda#d453b98d9c83e71da0741bb0ff4d76bc
https://conda.anaconda.org/conda-forge/linux-64/xorg-fixesproto-5.0-h7f98852_1002.tar.bz2#65ad6e1eb4aed2b0611855aff05e04f6
https://conda.anaconda.org/conda-forge/linux-64/xorg-libsm-1.2.4-h7391055_0.conda#93ee23f12bc2e684548181256edd2cf6
https://conda.anaconda.org/conda-forge/linux-64/zlib-1.2.13-hd590300_5.conda#68c34ec6149623be41a1933ab996a209
https://conda.anaconda.org/conda-forge/linux-64/zstd-1.5.5-hfc55251_0.conda#04b88013080254850d6c01ed54810589
https://conda.anaconda.org/conda-forge/linux-64/aws-c-io-0.14.6-h96cd748_2.conda#cbf8138080ea12e9d9d66cf7c8bee325
https://conda.anaconda.org/conda-forge/linux-64/blosc-1.21.5-h0f2a231_0.conda#009521b7ed97cca25f8f997f9e745976
https://conda.anaconda.org/conda-forge/linux-64/freetype-2.12.1-h267a509_2.conda#9ae35c3d96db2c94ce0cef86efdfa2cb
https://conda.anaconda.org/conda-forge/linux-64/gcc-12.3.0-h95e488c_3.conda#413e326f8a01d041ffbfbb51cea46a93
https://conda.anaconda.org/conda-forge/linux-64/gcc_linux-64-12.3.0-h6477408_3.conda#7a53f84c45bdf4656ba27b9e9ed68b3d
https://conda.anaconda.org/conda-forge/linux-64/gettext-0.22.5-h59595ed_2.conda#219ba82e95d7614cf7140d2a4afc0926
https://conda.anaconda.org/conda-forge/linux-64/gfortran_impl_linux-64-12.3.0-hfcedea8_5.conda#4d72ee7c82f8a9b2ecef4fcefa9acd19
https://conda.anaconda.org/conda-forge/linux-64/gxx_impl_linux-64-12.3.0-he2b93b0_5.conda#cddba8fd94e52012abea1caad722b9c2
https://conda.anaconda.org/conda-forge/linux-64/krb5-1.21.2-h659d440_0.conda#cd95826dbd331ed1be26bdf401432844
https://conda.anaconda.org/conda-forge/linux-64/libarchive-3.7.2-h2aa1ff5_1.conda#3bf887827d1968275978361a6e405e4f
https://conda.anaconda.org/conda-forge/linux-64/libglib-2.80.0-hf2295e7_4.conda#0269d2b7fa89f4a37cdee5ad6161f6cc
https://conda.anaconda.org/conda-forge/linux-64/libhwloc-2.9.3-default_h554bfaf_1009.conda#f36ddc11ca46958197a45effdd286e45
https://conda.anaconda.org/conda-forge/linux-64/libopenblas-0.3.27-pthreads_h413a1c8_0.conda#a356024784da6dfd4683dc5ecf45b155
https://conda.anaconda.org/conda-forge/linux-64/libtiff-4.6.0-h1dd3fc0_3.conda#66f03896ffbe1a110ffda05c7a856504
https://conda.anaconda.org/conda-forge/linux-64/minizip-4.0.5-h0ab5242_0.conda#557396140c71eba588e96d597e0c61aa
https://conda.anaconda.org/conda-forge/linux-64/nss-3.98-h1d7d5a4_0.conda#54b56c2fdf973656b748e0378900ec13
https://conda.anaconda.org/conda-forge/linux-64/openexr-3.2.2-haf962dd_1.conda#34e58e21fc28e404207d6ce4287da264
https://conda.anaconda.org/conda-forge/linux-64/python-3.10.14-hd12c33a_0_cpython.conda#2b4ba962994e8bd4be9ff5b64b75aff2
https://conda.anaconda.org/conda-forge/linux-64/re2-2023.09.01-h7f4b329_2.conda#8f70e36268dea8eb666ef14c29bd3cda
https://conda.anaconda.org/conda-forge/linux-64/sqlite-3.45.2-h2c6b66d_0.conda#1423efca06ed343c1da0fc429bae0779
https://conda.anaconda.org/conda-forge/linux-64/xorg-libx11-1.8.9-h8ee46fc_0.conda#077b6e8ad6a3ddb741fce2496dd01bec
https://conda.anaconda.org/conda-forge/linux-64/aws-c-event-stream-0.4.2-he635cd5_6.conda#58fc78e523e35a08423c913751a51fde
https://conda.anaconda.org/conda-forge/linux-64/aws-c-http-0.8.1-hbfc29b2_7.conda#8476ec099649e9a6de52f7f4d916cd2a
https://conda.anaconda.org/conda-forge/linux-64/c-compiler-1.7.0-hd590300_0.conda#fad1d0a651bf929c6c16fbf1f6ccfa7c
https://conda.anaconda.org/conda-forge/linux-64/fontconfig-2.14.2-h14ed4e7_0.conda#0f69b688f52ff6da70bccb7ff7001d1d
https://conda.anaconda.org/conda-forge/linux-64/freexl-2.0.0-h743c826_0.conda#12e6988845706b2cfbc3bc35c9a61a95
https://conda.anaconda.org/conda-forge/linux-64/gfortran-12.3.0-h7389182_3.conda#6b0b27394cf439d0540f949190556860
https://conda.anaconda.org/conda-forge/linux-64/gfortran_linux-64-12.3.0-h617cb40_3.conda#3a9e5b8a6f651ff14e74d896d8f04ab6
https://conda.anaconda.org/conda-forge/linux-64/gxx-12.3.0-h95e488c_3.conda#8c50a4d15a8d4812af563a684d598910
https://conda.anaconda.org/conda-forge/linux-64/gxx_linux-64-12.3.0-h4a1b8e8_3.conda#9ec22c7c544f4a4f6d660f0a3b0fd15c
https://conda.anaconda.org/conda-forge/linux-64/lcms2-2.16-hb7c19ff_0.conda#51bb7010fc86f70eee639b4bb7a894f5
https://conda.anaconda.org/conda-forge/linux-64/libblas-3.9.0-22_linux64_openblas.conda#1a2a0cd3153464fee6646f3dd6dad9b8
https://conda.anaconda.org/conda-forge/linux-64/libcurl-8.7.1-hca28451_0.conda#755c7f876815003337d2c61ff5d047e5
https://conda.anaconda.org/conda-forge/linux-64/libgrpc-1.62.1-h15f2491_0.conda#564517a8cbd095cff75eb996d33d2b7e
https://conda.anaconda.org/conda-forge/linux-64/libidn2-2.3.7-hd590300_0.conda#2b7b0d827c6447cc1d85dc06d5b5de46
https://conda.anaconda.org/conda-forge/linux-64/libpq-16.2-h33b98f1_1.conda#9e49ec2a61d02623b379dc332eb6889d
https://conda.anaconda.org/conda-forge/linux-64/openjpeg-2.5.2-h488ebb8_0.conda#7f2e286780f072ed750df46dc2631138
https://conda.anaconda.org/conda-forge/noarch/setuptools-69.2.0-pyhd8ed1ab_0.conda#da214ecd521a720a9d521c68047682dc
https://conda.anaconda.org/conda-forge/linux-64/tbb-2021.11.0-h00ab1b0_1.conda#4531d2927578e7e254ff3bcf6457518c
https://conda.anaconda.org/conda-forge/noarch/wheel-0.43.0-pyhd8ed1ab_1.conda#0b5293a157c2b5cd513dd1b03d8d3aae
https://conda.anaconda.org/conda-forge/linux-64/xorg-libxext-1.3.4-h0b41bf4_2.conda#82b6df12252e6f32402b96dacc656fec
https://conda.anaconda.org/conda-forge/linux-64/xorg-libxfixes-5.0.3-h7f98852_1004.tar.bz2#e9a21aa4d5e3e5f1aed71e8cefd46b6a
https://conda.anaconda.org/conda-forge/linux-64/xorg-libxrender-0.9.11-hd590300_0.conda#ed67c36f215b310412b2af935bf3e530
https://conda.anaconda.org/conda-forge/linux-64/xorg-libxt-1.3.0-hd590300_1.conda#ae92aab42726eb29d16488924f7312cb
https://conda.anaconda.org/conda-forge/linux-64/aws-c-auth-0.7.16-haed3651_8.conda#ce96c083829ab2727c942243ac93ffe0
https://conda.anaconda.org/conda-forge/linux-64/aws-c-mqtt-0.10.3-hffff1cc_2.conda#14ad8defb307e1edb293c3fc9da8648f
https://conda.anaconda.org/conda-forge/linux-64/azure-core-cpp-1.11.1-h91d86a7_1.conda#2dbab1d281b7e1da05eee544cbdc8af6
https://conda.anaconda.org/conda-forge/linux-64/cairo-1.18.0-h3faef2a_0.conda#f907bb958910dc404647326ca80c263e
https://conda.anaconda.org/conda-forge/linux-64/cfitsio-4.4.0-hbdc6101_0.conda#446ac3db6cb017e3dd067cc35cf51442
https://conda.anaconda.org/conda-forge/linux-64/cxx-compiler-1.7.0-h00ab1b0_0.conda#b4537c98cb59f8725b0e1e65816b4a28
https://conda.anaconda.org/conda-forge/linux-64/fortran-compiler-1.7.0-heb67821_0.conda#7ef7c0f111dad1c8006504a0f1ccd820
https://conda.anaconda.org/conda-forge/linux-64/gnutls-3.7.9-hb077bed_0.conda#33eded89024f21659b1975886a4acf70
https://conda.anaconda.org/conda-forge/linux-64/hdf5-1.14.3-nompi_h4f84152_100.conda#d471a5c3abc984b662d9bae3bb7fd8a5
https://conda.anaconda.org/conda-forge/linux-64/libcblas-3.9.0-22_linux64_openblas.conda#4b31699e0ec5de64d5896e580389c9a1
https://conda.anaconda.org/conda-forge/linux-64/libglu-9.0.0-hac7e632_1003.conda#50c389a09b6b7babaef531eb7cb5e0ca
https://conda.anaconda.org/conda-forge/linux-64/libgoogle-cloud-2.22.0-h9be4e54_1.conda#4b4e36a91e7dabf7345b82d85767a7c3
https://conda.anaconda.org/conda-forge/linux-64/liblapack-3.9.0-22_linux64_openblas.conda#b083767b6c877e24ee597d93b87ab838
https://conda.anaconda.org/conda-forge/linux-64/libopenvino-2024.0.0-h2e90f83_4.conda#126a2a61d276c4268f71adeef25bfc33
https://conda.anaconda.org/conda-forge/linux-64/libraw-0.21.1-h2a13503_2.conda#63ab3e0cf149917a08af38b2786320c0
https://conda.anaconda.org/conda-forge/linux-64/libva-2.21.0-hd590300_0.conda#e50a2609159a3e336fe4092738c00687
https://conda.anaconda.org/conda-forge/noarch/pip-24.0-pyhd8ed1ab_0.conda#f586ac1e56c8638b64f9c8122a7b8a67
https://conda.anaconda.org/conda-forge/linux-64/postgresql-16.2-h82ecc9d_1.conda#7a5806219d0f77ce8393375d040df065
https://conda.anaconda.org/conda-forge/linux-64/proj-9.4.0-h1d62c97_0.conda#c97818016ebf8710a0f0cd6c29806493
https://conda.anaconda.org/conda-forge/linux-64/xerces-c-3.2.5-hac6953d_0.conda#63b80ca78d29380fe69e69412dcbe4ac
https://conda.anaconda.org/conda-forge/linux-64/xorg-libxi-1.7.10-h7f98852_0.tar.bz2#e77615e5141cad5a2acaa043d1cf0ca5
https://conda.anaconda.org/conda-forge/linux-64/xorg-libxmu-1.1.3-h7f98852_0.tar.bz2#3cdb89236358326adfce12be820a8af3
https://conda.anaconda.org/conda-forge/linux-64/aws-c-s3-0.5.5-h4893938_0.conda#0086628487f8888df34f024a0a0d0289
https://conda.anaconda.org/conda-forge/linux-64/azure-storage-common-cpp-12.5.0-h94269e2_4.conda#f364272cb4c2f4ce2341067107b82865
https://conda.anaconda.org/conda-forge/linux-64/compilers-1.7.0-ha770c72_0.conda#81458b3aed8ab8711951ec3c0c04e097
https://conda.anaconda.org/conda-forge/linux-64/fltk-1.3.9-hea138e6_0.conda#ddcdbcc4fb8918767d6145239c1965bd
https://conda.anaconda.org/conda-forge/linux-64/freeglut-3.2.2-hac7e632_2.conda#6e553df297f6e64668efb54302e0f139
https://conda.anaconda.org/conda-forge/linux-64/freeimage-3.18.0-h4b96d29_20.conda#41069afbb9fb02e6e19dd80b4a2c46e7
https://conda.anaconda.org/conda-forge/linux-64/geotiff-1.7.1-h6cf1f90_16.conda#aadc00cd5e330b5f7fb289446c23ab23
https://conda.anaconda.org/conda-forge/linux-64/harfbuzz-8.3.0-h3d44ed6_0.conda#5a6f6c00ef982a9bc83558d9ac8f64a0
https://conda.anaconda.org/conda-forge/linux-64/kealib-1.5.3-h2f55d51_0.conda#f7e7077802927590efc8bf7328208f12
https://conda.anaconda.org/conda-forge/linux-64/libgoogle-cloud-storage-2.22.0-hc7a4891_1.conda#7811f043944e010e54640918ea82cecd
https://conda.anaconda.org/conda-forge/linux-64/libnetcdf-4.9.2-nompi_h9612171_113.conda#b2414908e43c442ddc68e6148774a304
https://conda.anaconda.org/conda-forge/linux-64/libopenvino-auto-batch-plugin-2024.0.0-hd5fc58b_4.conda#de9c380fea8634540db5fc8422888df1
https://conda.anaconda.org/conda-forge/linux-64/libopenvino-auto-plugin-2024.0.0-hd5fc58b_4.conda#de1cbf145ecdc1d29af18e14eb267bca
https://conda.anaconda.org/conda-forge/linux-64/libopenvino-hetero-plugin-2024.0.0-h3ecfda7_4.conda#016b763e4776b4c2c536420a7e6a2349
https://conda.anaconda.org/conda-forge/linux-64/libopenvino-intel-cpu-plugin-2024.0.0-h2e90f83_4.conda#d866cc8dc37f101505e65a4372794631
https://conda.anaconda.org/conda-forge/linux-64/libopenvino-intel-gpu-plugin-2024.0.0-h2e90f83_4.conda#6ebefdc74cb700ec82cd6702125cc422
https://conda.anaconda.org/conda-forge/linux-64/libopenvino-ir-frontend-2024.0.0-h3ecfda7_4.conda#6397395a4677d59bbd32c4f05bb8fa63
https://conda.anaconda.org/conda-forge/linux-64/libopenvino-onnx-frontend-2024.0.0-h757c851_4.conda#24c9cf1dd8f6d6189102a136a731758c
https://conda.anaconda.org/conda-forge/linux-64/libopenvino-paddle-frontend-2024.0.0-h757c851_4.conda#259bd0c788f447fe78aab69895365528
https://conda.anaconda.org/conda-forge/linux-64/libopenvino-pytorch-frontend-2024.0.0-h59595ed_4.conda#ec121a4195acadad086f84719cc91430
https://conda.anaconda.org/conda-forge/linux-64/libopenvino-tensorflow-frontend-2024.0.0-hca94c1a_4.conda#bdbf11f760f1a3b35d766e03cebd9c42
https://conda.anaconda.org/conda-forge/linux-64/libopenvino-tensorflow-lite-frontend-2024.0.0-h59595ed_4.conda#4354ea9f30a8c5111403fa4b24a2ad66
https://conda.anaconda.org/conda-forge/linux-64/libspatialite-5.1.0-h6f065fc_5.conda#f2e2bdd5fd10493a525503b2f40c59eb
https://conda.anaconda.org/conda-forge/linux-64/numpy-1.26.4-py310hb13e2d6_0.conda#6593de64c935768b6bad3e19b3e978be
https://conda.anaconda.org/conda-forge/linux-64/poppler-24.03.0-h590f24d_0.conda#c688853df9dcfed47200d0e28e5dfe11
https://conda.anaconda.org/conda-forge/linux-64/aws-crt-cpp-0.26.4-h58a74b7_3.conda#44b522426a11ab2afbd09b0746b0e4cd
https://conda.anaconda.org/conda-forge/linux-64/azure-storage-blobs-cpp-12.10.0-h00ab1b0_1.conda#1e63d3866554a4d2e3d1cba5f21a2841
https://conda.anaconda.org/conda-forge/linux-64/jasper-4.2.3-he6dfbbe_0.conda#05c1609de571f7a9a40e6d7d4116c21a
https://conda.anaconda.org/conda-forge/linux-64/libass-0.17.1-h8fe9dca_1.conda#c306fd9cc90c0585171167d09135a827
https://conda.anaconda.org/conda-forge/linux-64/occt-7.7.2-novtk_h130ccc2_101.conda#4a7df4c1d4f8e053e232a08a674f5c9f
https://conda.anaconda.org/conda-forge/linux-64/aws-sdk-cpp-1.11.267-hb1af6a8_4.conda#3e735ae06073894080acd78365e78936
https://conda.anaconda.org/conda-forge/linux-64/eccodes-2.34.1-he84ddb8_0.conda#f12ca97c38833a5a179adc172155d15d
https://conda.anaconda.org/conda-forge/linux-64/ffmpeg-6.1.1-gpl_hee4b679_107.conda#a9865c001fa2e03272895e23b10bc55f
https://conda.anaconda.org/conda-forge/linux-64/gmsh-4.12.2-h6b98cf8_0.conda#fe4f54ab589df77b84fecc3b7991fed6
https://conda.anaconda.org/conda-forge/linux-64/tiledb-2.21.2-ha9641ad_0.conda#04fcd8b5da3c8c8cf17f6ba7e8f839f9
https://conda.anaconda.org/conda-forge/linux-64/libgdal-3.8.5-h35436ae_0.conda#bbc8dad387da810666640cb8609964df
https://conda.anaconda.org/conda-forge/linux-64/gdal-3.8.5-py310he073c5f_0.conda#371454cc7895f070274ed12505cc6a62
