# Generated by conda-lock.
# platform: osx-64
# input_hash: 709b9731cedbe2a0898f30457c818ba5c221ddc242a8011edd04c70f4f369f07
@EXPLICIT
https://conda.anaconda.org/conda-forge/osx-64/bzip2-1.0.8-h0d85af4_4.tar.bz2#37edc4e6304ca87316e160f5ca0bd1b5
https://conda.anaconda.org/conda-forge/osx-64/c-ares-1.18.1-h0d85af4_0.tar.bz2#00b3e98a61e6430808fe7a2534681f28
https://conda.anaconda.org/conda-forge/osx-64/ca-certificates-2021.10.8-h033912b_0.tar.bz2#bb82d0243db9882b509702ecb69e38f0
https://conda.anaconda.org/conda-forge/noarch/font-ttf-dejavu-sans-mono-2.37-hab24e00_0.tar.bz2#0c96522c6bdaed4b1566d11387caaf45
https://conda.anaconda.org/conda-forge/noarch/font-ttf-inconsolata-3.000-h77eed37_0.tar.bz2#34893075a5c9e55cdafac56607368fc6
https://conda.anaconda.org/conda-forge/noarch/font-ttf-source-code-pro-2.038-h77eed37_0.tar.bz2#4d59c254e01d9cde7957100457e2d5fb
https://conda.anaconda.org/conda-forge/noarch/font-ttf-ubuntu-0.83-hab24e00_0.tar.bz2#19410c3df09dfb12d1206132a1d357c5
https://conda.anaconda.org/conda-forge/osx-64/freexl-1.0.6-h0d85af4_0.tar.bz2#077e147086c0a8ca19071e312a5d12e0
https://conda.anaconda.org/conda-forge/osx-64/giflib-5.2.1-hbcb3906_2.tar.bz2#be8f747c37e4d7e346c133e641966750
https://conda.anaconda.org/conda-forge/osx-64/jpeg-9e-h0d85af4_0.tar.bz2#46a9053a493c567e32fc0519d9bfc860
https://conda.anaconda.org/conda-forge/osx-64/json-c-0.15-hcb556a6_0.tar.bz2#be82ba36a7d6ffa646c7c2f510727736
https://conda.anaconda.org/conda-forge/osx-64/jxrlib-1.1-h35c211d_2.tar.bz2#1c2379fd9d5d4ecb151231f6282e699d
https://conda.anaconda.org/conda-forge/osx-64/lame-3.100-h35c211d_1001.tar.bz2#6bb207f7b08380ce2bc833bb60f91046
https://conda.anaconda.org/conda-forge/osx-64/libcxx-12.0.1-habf9029_1.tar.bz2#444dfb8ed0bf2a8864f73eb6436b29e0
https://conda.anaconda.org/conda-forge/osx-64/libev-4.33-haf1e3a3_1.tar.bz2#79dc2be110b2a3d1e97ec21f691c50ad
https://conda.anaconda.org/conda-forge/osx-64/libffi-3.4.2-h0d85af4_5.tar.bz2#ccb34fb14960ad8b125962d3d79b31a9
https://conda.anaconda.org/conda-forge/osx-64/libiconv-1.16-haf1e3a3_0.tar.bz2#c5fab167412a52e491c8e11453ae016f
https://conda.anaconda.org/conda-forge/osx-64/libogg-1.3.4-h35c211d_1.tar.bz2#a7ab4b53ef18c598ffaa597230bc3ba1
https://conda.anaconda.org/conda-forge/osx-64/libuuid-2.32.1-h35c211d_1000.tar.bz2#0e4ef5b0f779d2d87240496fe6337fbe
https://conda.anaconda.org/conda-forge/osx-64/libwebp-base-1.2.2-h0d85af4_1.tar.bz2#052369eda6e13f44b308407c99857f84
https://conda.anaconda.org/conda-forge/osx-64/libzlib-1.2.11-h9173be1_1013.tar.bz2#a3a6a53beaa92c5cfe52ee3a198e78cc
https://conda.anaconda.org/conda-forge/osx-64/metis-5.1.0-h2e338ed_1006.tar.bz2#ed90f7784864e7c0580624ec3ed5534e
https://conda.anaconda.org/conda-forge/osx-64/mpi-1.0-mpich.tar.bz2#7316a634ed27146b42d28433ec3bc227
https://conda.anaconda.org/conda-forge/osx-64/ncurses-6.3-he49afe7_0.tar.bz2#2b8a6df0c28a466781832cbd036a73b7
https://conda.anaconda.org/conda-forge/osx-64/nettle-3.6-hedd7734_0.tar.bz2#9c9d5d69c39596b22a7495aef3310a3d
https://conda.anaconda.org/conda-forge/osx-64/pixman-0.40.0-hbcb3906_0.tar.bz2#09a583a6f172715be21d93aaa1b42d71
https://conda.anaconda.org/conda-forge/noarch/poppler-data-0.4.11-hd8ed1ab_0.tar.bz2#abc27381c4f005da588cffa1f76403ee
https://conda.anaconda.org/conda-forge/osx-64/pthread-stubs-0.4-hc929b4f_1001.tar.bz2#addd19059de62181cd11ae8f4ef26084
https://conda.anaconda.org/conda-forge/osx-64/tzcode-2021e-h0d85af4_0.tar.bz2#b272a5c0a89b135275d63cb3205db314
https://conda.anaconda.org/conda-forge/noarch/tzdata-2021e-he74cb21_0.tar.bz2#a751ec502589ebdc2eceb183ff602569
https://conda.anaconda.org/conda-forge/osx-64/utfcpp-3.2.1-h694c41f_0.tar.bz2#a089d6128d878e22503a1f3a162979d4
https://conda.anaconda.org/conda-forge/osx-64/x264-1!161.3030-h0d85af4_1.tar.bz2#3162269a4e63ed7dcf34ffef591aef94
https://conda.anaconda.org/conda-forge/osx-64/xorg-kbproto-1.0.7-h35c211d_1002.tar.bz2#41302c2bc60a15ca4a018775fd20b442
https://conda.anaconda.org/conda-forge/osx-64/xorg-libice-1.0.10-h0d85af4_0.tar.bz2#77e8f2ccf8b892f0c8a411265c5e4782
https://conda.anaconda.org/conda-forge/osx-64/xorg-libxau-1.0.9-h35c211d_0.tar.bz2#c5049997b2e98edfbcdd294582f66281
https://conda.anaconda.org/conda-forge/osx-64/xorg-libxdmcp-1.1.3-h35c211d_0.tar.bz2#86ac76d6bf1cbb9621943eb3bd9ae36e
https://conda.anaconda.org/conda-forge/osx-64/xorg-renderproto-0.11.1-h0d85af4_1002.tar.bz2#e1cff95f235c6ad73199735685186693
https://conda.anaconda.org/conda-forge/osx-64/xorg-xextproto-7.3.0-h35c211d_1002.tar.bz2#3d1b38fbacfe0f59d828c5ff0b10759b
https://conda.anaconda.org/conda-forge/osx-64/xorg-xproto-7.0.31-h35c211d_1007.tar.bz2#e1b279e3b8c03f88a90e81480a8f319a
https://conda.anaconda.org/conda-forge/osx-64/xz-5.2.5-haf1e3a3_1.tar.bz2#41116deb499e9bc58048c297d6403ce6
https://conda.anaconda.org/conda-forge/osx-64/double-conversion-3.1.7-he49afe7_0.tar.bz2#6da1f2f55da75dc40157ac2d617c59f8
https://conda.anaconda.org/conda-forge/osx-64/eigen-3.4.0-h940c156_0.tar.bz2#f47a426ed1340c966f539c42187e3331
https://conda.anaconda.org/conda-forge/osx-64/expat-2.4.6-h96cf925_0.tar.bz2#5ff558cd368c6b31c1120cea7b54406e
https://conda.anaconda.org/conda-forge/noarch/fonts-conda-forge-1-0.tar.bz2#f766549260d6815b0c52253f1fb1bb29
https://conda.anaconda.org/conda-forge/osx-64/geos-3.9.1-he49afe7_2.tar.bz2#bd87b3078f6c10345cab62f3f8a6a04e
https://conda.anaconda.org/conda-forge/osx-64/gettext-0.19.8.1-hd1a6beb_1008.tar.bz2#28c370fc39becf486601d9e491a5e184
https://conda.anaconda.org/conda-forge/osx-64/glew-2.1.0-h046ec9c_2.tar.bz2#6b753c8c7e4c46a8eb17b6f1781f958a
https://conda.anaconda.org/conda-forge/osx-64/gmp-6.2.1-h2e338ed_0.tar.bz2#dedc96914428dae572a39e69ee2a392f
https://conda.anaconda.org/conda-forge/osx-64/icu-68.2-he49afe7_0.tar.bz2#c5de93735153d0d334a6b841e763fdb2
https://conda.anaconda.org/conda-forge/osx-64/jasper-1.900.1-h636a363_1006.tar.bz2#3da668fadd9fe0387d68180a21b9c3c7
https://conda.anaconda.org/conda-forge/osx-64/jigsaw-0.9.14-h370ebc4_0.tar.bz2#2ae5ae3333013f13ebaf376d33acee5d
https://conda.anaconda.org/conda-forge/osx-64/jsoncpp-1.9.4-h940c156_3.tar.bz2#cff70676e09999f3ce406ca25df1f185
https://conda.anaconda.org/conda-forge/osx-64/libaec-1.0.6-he49afe7_0.tar.bz2#0a49b696f11ed805ee4690479cc5e950
https://conda.anaconda.org/conda-forge/osx-64/libedit-3.1.20191231-h0678c8f_2.tar.bz2#6016a8a1d0e63cac3de2c352cd40208b
https://conda.anaconda.org/conda-forge/osx-64/libvorbis-1.3.7-h046ec9c_0.tar.bz2#fbbda1fede0aadaa252f6919148c4ce1
https://conda.anaconda.org/conda-forge/osx-64/libxcb-1.13-h0d85af4_1004.tar.bz2#eb7860935e14aec936065cbc21a1a962
https://conda.anaconda.org/conda-forge/osx-64/llvm-openmp-8.0.1-h770b8ee_0.tar.bz2#22981e6688ff84040427ecfbdb45825a
https://conda.anaconda.org/conda-forge/osx-64/lz4-c-1.9.3-he49afe7_1.tar.bz2#05c08241b66631c00ca4f9e0b75320bc
https://conda.anaconda.org/conda-forge/osx-64/openssl-1.1.1l-h0d85af4_0.tar.bz2#f7bcdbb7a5dae97030eee20b884b1f8a
https://conda.anaconda.org/conda-forge/osx-64/pcre-8.45-he49afe7_0.tar.bz2#0526850419e04ac003bc0b65a78dc4cc
https://conda.anaconda.org/conda-forge/osx-64/pugixml-1.11.4-he49afe7_0.tar.bz2#69d67c7202c11a51cc0e7f9cda7e49b2
https://conda.anaconda.org/conda-forge/osx-64/rapidjson-1.1.0-hb1e8313_1002.tar.bz2#6393fe5c6c2d496ab76853628bcf10d9
https://conda.anaconda.org/conda-forge/osx-64/readline-8.1-h05e3726_0.tar.bz2#2832e9b6a7caa7cb192fcda6cfcd8871
https://conda.anaconda.org/conda-forge/osx-64/tbb-2020.2-h940c156_4.tar.bz2#5b12427550a7a818ce9275ae5dcf6258
https://conda.anaconda.org/conda-forge/osx-64/tk-8.6.12-h5dbffcc_0.tar.bz2#8e9480d9c47061db2ed1b4ecce519a7f
https://conda.anaconda.org/conda-forge/osx-64/xorg-fixesproto-5.0-h0d85af4_1002.tar.bz2#a4dde7ba6e898f8cc4a33cc97943d2d7
https://conda.anaconda.org/conda-forge/osx-64/xorg-libsm-1.2.3-h0d85af4_1000.tar.bz2#309cde52baa36ad32a0ed423718bbcfb
https://conda.anaconda.org/conda-forge/osx-64/zlib-1.2.11-h9173be1_1013.tar.bz2#cf985617d679990418c380099620b01a
https://conda.anaconda.org/conda-forge/noarch/fonts-conda-ecosystem-1-0.tar.bz2#fee5683a3f04bd15cbd8318b096a27ab
https://conda.anaconda.org/conda-forge/osx-64/gnutls-3.6.13-h756fd2b_1.tar.bz2#cf812214a917b4d48ce536d427770ec9
https://conda.anaconda.org/conda-forge/osx-64/hdf4-4.2.15-hefd3b78_3.tar.bz2#07bbe01a1cabdb9ec0d35524e09f4db4
https://conda.anaconda.org/conda-forge/osx-64/ilmbase-2.5.5-hfab91a5_0.tar.bz2#434cbfe71ef5270c61ae9290afac10d6
https://conda.anaconda.org/conda-forge/osx-64/krb5-1.19.2-hcfbf3a7_3.tar.bz2#22a613e8000ad9c0d8a14c5ca1e8e40b
https://conda.anaconda.org/conda-forge/osx-64/libgfortran4-7.5.0-h1a10cd1_23.tar.bz2#c26272f23d01f8cde50ed0c776c0edb1
https://conda.anaconda.org/conda-forge/osx-64/libglib-2.70.2-hf1fb8c0_4.tar.bz2#2d01e3a78efd30c56ec19e65c0ec7ce1
https://conda.anaconda.org/conda-forge/osx-64/libnghttp2-1.47.0-h942079c_0.tar.bz2#86fc370e607a269b64ac6fa5d29e55e8
https://conda.anaconda.org/conda-forge/osx-64/libpng-1.6.37-h7cec526_2.tar.bz2#9e52521faba2b53269672628d34e1513
https://conda.anaconda.org/conda-forge/osx-64/librttopo-1.1.0-h5413771_6.tar.bz2#d9872d8a6a79a806cda67821b61dcfad
https://conda.anaconda.org/conda-forge/osx-64/libssh2-1.10.0-h52ee1ee_2.tar.bz2#8c8f3804e8e252b47443cfe8e40eddf9
https://conda.anaconda.org/conda-forge/osx-64/libxml2-2.9.12-h93ec3fd_0.tar.bz2#3bb7e5cd72ee6520ce6e26600a1283db
https://conda.anaconda.org/conda-forge/osx-64/openh264-2.1.1-hfd3ada9_0.tar.bz2#468e32402dae56c73b29fb74160a9b2a
https://conda.anaconda.org/conda-forge/osx-64/openmp-8.0.1-0.tar.bz2#3dbc076bd4314ddaa831fe6bbe19ee2a
https://conda.anaconda.org/conda-forge/osx-64/sqlite-3.37.0-h23a322b_0.tar.bz2#68f13bbe00ac288ffc1c1b868bc4da23
https://conda.anaconda.org/conda-forge/osx-64/tbb-devel-2020.2-h940c156_4.tar.bz2#3ecdcd55e2021cda4bac87ad9f3ee0b7
https://conda.anaconda.org/conda-forge/osx-64/xerces-c-3.2.3-h379762d_3.tar.bz2#6ccb9a3fa3e1115f0a19af9a31f0131f
https://conda.anaconda.org/conda-forge/osx-64/xorg-libx11-1.7.2-h0d85af4_0.tar.bz2#bd0e7b45f6bb5393bdb2d7e741428575
https://conda.anaconda.org/conda-forge/osx-64/zstd-1.4.9-h582d3a0_0.tar.bz2#551e04087371339ee63524f2988faa62
https://conda.anaconda.org/conda-forge/osx-64/boost-cpp-1.74.0-hbdcdab7_3.tar.bz2#61ca86836981730ce63be5ef0d2b1765
https://conda.anaconda.org/conda-forge/osx-64/freetype-2.10.4-h4cff582_1.tar.bz2#5a136a432c6062362cd7990c514bd8d6
https://conda.anaconda.org/conda-forge/osx-64/gl2ps-1.4.2-h4cff582_0.tar.bz2#a9e91533b95cd019d58f4b3ef9bbddf0
https://conda.anaconda.org/conda-forge/osx-64/libcurl-7.81.0-hf45b732_0.tar.bz2#d0396298c85013ee3b186cb982f9f0dd
https://conda.anaconda.org/conda-forge/osx-64/libgfortran-4.0.0-7_5_0_h1a10cd1_23.tar.bz2#617b1e5089026c0a2fe551ecccd58a79
https://conda.anaconda.org/conda-forge/osx-64/libpq-13.5-hea3049e_1.tar.bz2#538007cc17d5c5f6e1fb0f064fbcb256
https://conda.anaconda.org/conda-forge/osx-64/libtheora-1.1.1-h0d85af4_1005.tar.bz2#e63b84ed4c2d84901332de92a98a2f2b
https://conda.anaconda.org/conda-forge/osx-64/libtiff-4.2.0-h46d1c8c_2.tar.bz2#37bb06418d6114913f052f2064b21ba9
https://conda.anaconda.org/conda-forge/osx-64/openexr-2.5.5-h7fa7ffa_0.tar.bz2#dbfd0fd54f078d557c6e787fa25fc19a
https://conda.anaconda.org/conda-forge/osx-64/python-3.8.12-h17280f6_3_cpython.tar.bz2#7e8e6130f29f72e8e78086e001212fc5
https://conda.anaconda.org/conda-forge/osx-64/tiledb-2.2.9-he9a4fb4_0.tar.bz2#2fdef59e3c478c430d628c696328aaa8
https://conda.anaconda.org/conda-forge/osx-64/xorg-libxext-1.3.4-h0d85af4_1.tar.bz2#747e38c3b645048fc8c176caef118096
https://conda.anaconda.org/conda-forge/osx-64/xorg-libxfixes-5.0.3-h0d85af4_1004.tar.bz2#6ecbef6618bb15e389a8bb5618e579f6
https://conda.anaconda.org/conda-forge/osx-64/xorg-libxrender-0.9.10-h0d85af4_1003.tar.bz2#b455388502383b388c5ee5b6f5ee4509
https://conda.anaconda.org/conda-forge/osx-64/cfitsio-3.470-h422484a_7.tar.bz2#9471df83e832723b1b8d9cb9b28efa4c
https://conda.anaconda.org/conda-forge/osx-64/curl-7.81.0-hf45b732_0.tar.bz2#11c453fee87eb4bd10ab92c8f5354a82
https://conda.anaconda.org/conda-forge/osx-64/ffmpeg-4.3.2-hbf27d7b_3.tar.bz2#cd520617ca70b89364be45571c679195
https://conda.anaconda.org/conda-forge/osx-64/fltk-1.3.8-h7ffa276_0.tar.bz2#beb94c5262e5cc5986ef997d6d53f94b
https://conda.anaconda.org/conda-forge/osx-64/fontconfig-2.13.96-h10f422b_0.tar.bz2#6398b7f87354c0f4199a094048a1e9ae
https://conda.anaconda.org/conda-forge/osx-64/lcms2-2.12-h577c468_0.tar.bz2#abce77b852b73670e85e104746b0ea1b
https://conda.anaconda.org/conda-forge/osx-64/libkml-1.3.0-h8fd9edb_1014.tar.bz2#10d981c033091fd139cb9914a495cc30
https://conda.anaconda.org/conda-forge/osx-64/libopenblas-0.3.7-h3d69b6c_4.tar.bz2#1c66a224ff1bbd2248bee5027bb46e54
https://conda.anaconda.org/conda-forge/osx-64/mpich-3.3.2-hd33e60e_5.tar.bz2#f0194a19091f0ca11b61a8e295fdd532
https://conda.anaconda.org/conda-forge/osx-64/openjpeg-2.4.0-h6e7aa92_1.tar.bz2#c8cbb6d99f6467246ac26a139256e50f
https://conda.anaconda.org/conda-forge/osx-64/postgresql-13.5-he8fe76e_1.tar.bz2#40ddaf8c8fde7cbd168f5385e4e0abfd
https://conda.anaconda.org/conda-forge/osx-64/proj-7.2.0-h78d1473_2.tar.bz2#3d1cbf2f7d932f2d0fef10267bf787f8
https://conda.anaconda.org/conda-forge/osx-64/python_abi-3.8-2_cp38.tar.bz2#156803acb0247c263c9586f190b72f1c
https://conda.anaconda.org/conda-forge/noarch/wheel-0.37.1-pyhd8ed1ab_0.tar.bz2#1ca02aaf78d9c70d9a81a3bed5752022
https://conda.anaconda.org/conda-forge/osx-64/cairo-1.16.0-he43a7df_1008.tar.bz2#9a7c5be2c238f69157979bd1987bac82
https://conda.anaconda.org/conda-forge/osx-64/geotiff-1.6.0-h4fce3c3_4.tar.bz2#e3b8964148f1f8e307956186e4b51575
https://conda.anaconda.org/conda-forge/osx-64/hdf5-1.10.6-mpi_mpich_hd7fb7e8_1011.tar.bz2#8c8bdb02b72c0ce58f077f206d69f096
https://conda.anaconda.org/conda-forge/osx-64/libblas-3.8.0-14_openblas.tar.bz2#4fb639363cc2ac8b4df0fa79e0f67e47
https://conda.anaconda.org/conda-forge/osx-64/libdap4-3.20.6-h3e144a0_2.tar.bz2#55e0706347eb18f3616808366236bcaa
https://conda.anaconda.org/conda-forge/osx-64/libraw-0.20.2-hefd3b78_1.tar.bz2#e09c37070ce3ed7ef03204bebb884ede
https://conda.anaconda.org/conda-forge/osx-64/libspatialite-5.0.1-h395434c_3.tar.bz2#c7c401643a067c87d2aae82e166703e1
https://conda.anaconda.org/conda-forge/osx-64/loguru-0.5.3-py38h50d1736_3.tar.bz2#90b4628eab1c6e4ad56e9914a7be4b0c
https://conda.anaconda.org/conda-forge/osx-64/parmetis-4.0.3-hbc1d92b_1005.tar.bz2#68074e32aa39fa42f66779b6f863f199
https://conda.anaconda.org/conda-forge/osx-64/setuptools-60.9.3-py38h50d1736_0.tar.bz2#732ad2bf6114575ce91e709c09c4f4e6
https://conda.anaconda.org/conda-forge/osx-64/freeimage-3.18.0-h7d96ac2_7.tar.bz2#0ba9918ee4cdb1a33a4738eeae194d44
https://conda.anaconda.org/conda-forge/osx-64/kealib-1.4.14-h31dd65d_2.tar.bz2#a6748170c0d1444fb46a330d2553ca3e
https://conda.anaconda.org/conda-forge/osx-64/libcblas-3.8.0-14_openblas.tar.bz2#13b63079044bf57e429f4ee014b77d5d
https://conda.anaconda.org/conda-forge/osx-64/liblapack-3.8.0-14_openblas.tar.bz2#14fd39f1808bbdd24a337681b99c99d0
https://conda.anaconda.org/conda-forge/osx-64/libnetcdf-4.7.4-mpi_mpich_h2865646_7.tar.bz2#bd9d0dc2880ed3e2a01215ddecfd202b
https://conda.anaconda.org/conda-forge/noarch/pip-22.0.3-pyhd8ed1ab_0.tar.bz2#45dedae69a0ea21cb8566d04b2ca5536
https://conda.anaconda.org/conda-forge/osx-64/poppler-0.89.0-hd735947_5.tar.bz2#8ccadd857799b0f550e86399b44c473b
https://conda.anaconda.org/conda-forge/osx-64/eccodes-2.19.1-h93b635c_0.tar.bz2#1c322b6858a6a1adacb7517843f336ea
https://conda.anaconda.org/conda-forge/osx-64/libgdal-3.2.1-h62a8350_7.tar.bz2#b80d7281311eed8244aaf1051fcbb59e
https://conda.anaconda.org/conda-forge/osx-64/netcdf-fortran-4.5.3-mpi_mpich_h7f55214_1.tar.bz2#611b92e30ea4ab84ea3e197ebb29c80a
https://conda.anaconda.org/conda-forge/osx-64/numpy-1.22.2-py38h9d72dae_0.tar.bz2#715965989ab8e410c60dab3710061a2a
https://conda.anaconda.org/conda-forge/osx-64/vtk-9.0.1-no_osmesa_py38ha4a10eb_106.tar.bz2#279af8c2d31e494c315924ede781a065
https://conda.anaconda.org/gbrey/osx-64/delft3d4-65936-mpi_mpich_ha046ecc_6.tar.bz2#344a4bc7ab703ba5ca21a0c9590ac670
https://conda.anaconda.org/conda-forge/osx-64/gdal-3.2.1-py38hcd0f73a_7.tar.bz2#fe33f7f29b5f69639f49c1d66118550a
https://conda.anaconda.org/conda-forge/osx-64/occt-7.6.0-h23a7684_0.tar.bz2#a85d6fac18812717089650af533f8e05
https://conda.anaconda.org/gbrey/osx-64/pschism-5.9.0-mpi_mpich_ha046ecc_8.tar.bz2#43ce3c6edaf12af8eb882107ddcd1447
https://conda.anaconda.org/conda-forge/osx-64/gmsh-4.9.4-hde0777f_0.tar.bz2#0d9b0dda7af7b471e47b779d0a6341a7
