# Generated by conda-lock.
# platform: osx-64
# input_hash: 662678cbe669cf4b6614d2ff89bfea0d0aedf87f1b4e047f0fbb29fde17cbec3
@EXPLICIT
https://conda.anaconda.org/conda-forge/osx-64/aws-c-common-0.8.5-hb7f2c08_0.tar.bz2#f483bfa9390dadb210466f43723b8e83
https://conda.anaconda.org/conda-forge/osx-64/bzip2-1.0.8-h0d85af4_4.tar.bz2#37edc4e6304ca87316e160f5ca0bd1b5
https://conda.anaconda.org/conda-forge/osx-64/c-ares-1.18.1-h0d85af4_0.tar.bz2#00b3e98a61e6430808fe7a2534681f28
https://conda.anaconda.org/conda-forge/osx-64/ca-certificates-2022.12.7-h033912b_0.conda#af2bdcd68f16ce030ca957cdeb83d88a
https://conda.anaconda.org/conda-forge/noarch/font-ttf-dejavu-sans-mono-2.37-hab24e00_0.tar.bz2#0c96522c6bdaed4b1566d11387caaf45
https://conda.anaconda.org/conda-forge/noarch/font-ttf-inconsolata-3.000-h77eed37_0.tar.bz2#34893075a5c9e55cdafac56607368fc6
https://conda.anaconda.org/conda-forge/noarch/font-ttf-source-code-pro-2.038-h77eed37_0.tar.bz2#4d59c254e01d9cde7957100457e2d5fb
https://conda.anaconda.org/conda-forge/noarch/font-ttf-ubuntu-0.83-hab24e00_0.tar.bz2#19410c3df09dfb12d1206132a1d357c5
https://conda.anaconda.org/conda-forge/osx-64/freexl-1.0.6-hb7f2c08_1.tar.bz2#4fc494f8539871247167bbe4167f3277
https://conda.anaconda.org/conda-forge/osx-64/giflib-5.2.1-hbcb3906_2.tar.bz2#be8f747c37e4d7e346c133e641966750
https://conda.anaconda.org/conda-forge/osx-64/jpeg-9e-hac89ed1_2.tar.bz2#60d90a3f5803660c5c2a2e9d883df0a6
https://conda.anaconda.org/conda-forge/osx-64/json-c-0.16-h01d06f9_0.tar.bz2#6696477dbfcb5b7ea8559865e7f9dbef
https://conda.anaconda.org/conda-forge/osx-64/jxrlib-1.1-h35c211d_2.tar.bz2#1c2379fd9d5d4ecb151231f6282e699d
https://conda.anaconda.org/conda-forge/osx-64/lame-3.100-hb7f2c08_1003.tar.bz2#3342b33c9a0921b22b767ed68ee25861
https://conda.anaconda.org/conda-forge/osx-64/libbrotlicommon-1.0.9-hb7f2c08_8.tar.bz2#37157d273eaf3bc7d6862104161d9ec9
https://conda.anaconda.org/conda-forge/osx-64/libcxx-14.0.6-hccf4f1f_0.tar.bz2#208a6a874b073277374de48a782f6b10
https://conda.anaconda.org/conda-forge/osx-64/libdeflate-1.14-hb7f2c08_0.tar.bz2#ce2a6075114c9b64ad8cace52492feee
https://conda.anaconda.org/conda-forge/osx-64/libev-4.33-haf1e3a3_1.tar.bz2#79dc2be110b2a3d1e97ec21f691c50ad
https://conda.anaconda.org/conda-forge/osx-64/libffi-3.4.2-h0d85af4_5.tar.bz2#ccb34fb14960ad8b125962d3d79b31a9
https://conda.anaconda.org/conda-forge/osx-64/libiconv-1.17-hac89ed1_0.tar.bz2#691d103d11180486154af49c037b7ed9
https://conda.anaconda.org/conda-forge/osx-64/libogg-1.3.4-h35c211d_1.tar.bz2#a7ab4b53ef18c598ffaa597230bc3ba1
https://conda.anaconda.org/conda-forge/osx-64/libopus-1.3.1-hc929b4f_1.tar.bz2#380b9ea5f6a7a277e6c1ac27d034369b
https://conda.anaconda.org/conda-forge/osx-64/libsodium-1.0.18-hbcb3906_1.tar.bz2#24632c09ed931af617fe6d5292919cab
https://conda.anaconda.org/conda-forge/osx-64/libtasn1-4.19.0-hb7f2c08_0.tar.bz2#73f67fb011b4477b101a95a082c74f0a
https://conda.anaconda.org/conda-forge/osx-64/libunistring-0.9.10-h0d85af4_0.tar.bz2#40f27dc16f73256d7b93e53c4f03d92f
https://conda.anaconda.org/conda-forge/osx-64/libutf8proc-2.8.0-hb7f2c08_0.tar.bz2#db98dc3e58cbc11583180609c429c17d
https://conda.anaconda.org/conda-forge/osx-64/libuuid-2.32.1-h35c211d_1000.tar.bz2#0e4ef5b0f779d2d87240496fe6337fbe
https://conda.anaconda.org/conda-forge/osx-64/libwebp-base-1.2.4-h775f41a_0.tar.bz2#28807bef802a354f9c164e7ab242c5cb
https://conda.anaconda.org/conda-forge/osx-64/libzlib-1.2.13-hfd90126_4.tar.bz2#35eb3fce8d51ed3c1fd4122bad48250b
https://conda.anaconda.org/conda-forge/osx-64/llvm-openmp-15.0.6-h61d9ccf_0.conda#3a900993deb973d86d98361ceef49ab3
https://conda.anaconda.org/conda-forge/osx-64/metis-5.1.0-h2e338ed_1006.tar.bz2#ed90f7784864e7c0580624ec3ed5534e
https://conda.anaconda.org/conda-forge/osx-64/mpi-1.0-mpich.tar.bz2#7316a634ed27146b42d28433ec3bc227
https://conda.anaconda.org/conda-forge/osx-64/ncurses-6.3-h96cf925_1.tar.bz2#76217ebfbb163ff2770a261f955a5861
https://conda.anaconda.org/conda-forge/osx-64/nettle-3.8.1-h96f3785_1.tar.bz2#99558b9df4c337a0bf82bc8e0090533a
https://conda.anaconda.org/conda-forge/osx-64/nlohmann_json-3.11.2-hbbd2c75_0.tar.bz2#23554ecf5cc1506d25c940f5de173972
https://conda.anaconda.org/conda-forge/osx-64/pixman-0.40.0-hbcb3906_0.tar.bz2#09a583a6f172715be21d93aaa1b42d71
https://conda.anaconda.org/conda-forge/noarch/poppler-data-0.4.11-hd8ed1ab_0.tar.bz2#abc27381c4f005da588cffa1f76403ee
https://conda.anaconda.org/conda-forge/osx-64/pthread-stubs-0.4-hc929b4f_1001.tar.bz2#addd19059de62181cd11ae8f4ef26084
https://conda.anaconda.org/conda-forge/osx-64/python_abi-3.10-3_cp310.conda#42da9b0138e911cd5b2f75b0278e26dc
https://conda.anaconda.org/conda-forge/osx-64/tzcode-2022g-hb7f2c08_0.conda#f1bf42ae6c2a752b4c064140365563c2
https://conda.anaconda.org/conda-forge/noarch/tzdata-2022g-h191b570_0.conda#51fc4fcfb19f5d95ffc8c339db5068e8
https://conda.anaconda.org/conda-forge/osx-64/utfcpp-3.2.3-h694c41f_0.conda#2e01f318bd808551a77a0cf58fa7af88
https://conda.anaconda.org/conda-forge/osx-64/x264-1!164.3095-h775f41a_2.tar.bz2#23e9c3180e2c0f9449bb042914ec2200
https://conda.anaconda.org/conda-forge/osx-64/xorg-kbproto-1.0.7-h35c211d_1002.tar.bz2#41302c2bc60a15ca4a018775fd20b442
https://conda.anaconda.org/conda-forge/osx-64/xorg-libice-1.0.10-h0d85af4_0.tar.bz2#77e8f2ccf8b892f0c8a411265c5e4782
https://conda.anaconda.org/conda-forge/osx-64/xorg-libxau-1.0.9-h35c211d_0.tar.bz2#c5049997b2e98edfbcdd294582f66281
https://conda.anaconda.org/conda-forge/osx-64/xorg-libxdmcp-1.1.3-h35c211d_0.tar.bz2#86ac76d6bf1cbb9621943eb3bd9ae36e
https://conda.anaconda.org/conda-forge/osx-64/xorg-renderproto-0.11.1-h0d85af4_1002.tar.bz2#e1cff95f235c6ad73199735685186693
https://conda.anaconda.org/conda-forge/osx-64/xorg-xextproto-7.3.0-h35c211d_1002.tar.bz2#3d1b38fbacfe0f59d828c5ff0b10759b
https://conda.anaconda.org/conda-forge/osx-64/xorg-xproto-7.0.31-h35c211d_1007.tar.bz2#e1b279e3b8c03f88a90e81480a8f319a
https://conda.anaconda.org/conda-forge/osx-64/xz-5.2.6-h775f41a_0.tar.bz2#a72f9d4ea13d55d745ff1ed594747f10
https://conda.anaconda.org/conda-forge/osx-64/yaml-0.2.5-h0d85af4_2.tar.bz2#d7e08fcf8259d742156188e8762b4d20
https://conda.anaconda.org/conda-forge/osx-64/aom-3.5.0-hf0c8a7f_0.tar.bz2#9110390ac33346f643e26051a92de5ce
https://conda.anaconda.org/conda-forge/osx-64/aws-c-compression-0.2.16-hfb1f584_0.tar.bz2#7f22a82665a85c7f88a2c3af7250fb3d
https://conda.anaconda.org/conda-forge/osx-64/aws-c-sdkutils-0.1.7-hfb1f584_0.tar.bz2#075dbb151abb7abc909da48163637429
https://conda.anaconda.org/conda-forge/osx-64/aws-checksums-0.1.14-hfb1f584_0.conda#49b541ba797b2f415b9b67c65996b180
https://conda.anaconda.org/conda-forge/osx-64/double-conversion-3.2.0-hf0c8a7f_1.tar.bz2#3c2d7d657d83eac1507bc6fbab9eb297
https://conda.anaconda.org/conda-forge/osx-64/eigen-3.4.0-h940c156_0.tar.bz2#f47a426ed1340c966f539c42187e3331
https://conda.anaconda.org/conda-forge/osx-64/expat-2.5.0-hf0c8a7f_0.tar.bz2#7648a729fc8b7272596e90b0ab0a3e98
https://conda.anaconda.org/conda-forge/noarch/fonts-conda-forge-1-0.tar.bz2#f766549260d6815b0c52253f1fb1bb29
https://conda.anaconda.org/conda-forge/osx-64/geos-3.11.1-hf0c8a7f_0.tar.bz2#b8ac0c20383087c33ac8e5e330072832
https://conda.anaconda.org/conda-forge/osx-64/gettext-0.21.1-h8a4c099_0.tar.bz2#1e3aff29ce703d421c43f371ad676cc5
https://conda.anaconda.org/conda-forge/osx-64/gflags-2.2.2-hb1e8313_1004.tar.bz2#3f59cc77a929537e42120faf104e0d16
https://conda.anaconda.org/conda-forge/osx-64/glew-2.1.0-h046ec9c_2.tar.bz2#6b753c8c7e4c46a8eb17b6f1781f958a
https://conda.anaconda.org/conda-forge/osx-64/gmp-6.2.1-h2e338ed_0.tar.bz2#dedc96914428dae572a39e69ee2a392f
https://conda.anaconda.org/conda-forge/osx-64/icu-70.1-h96cf925_0.tar.bz2#376635049e9b9b0bb875efd39dcd7b3b
https://conda.anaconda.org/conda-forge/osx-64/imath-3.1.6-hbc0c0cd_1.conda#14b541e6ba0d755c0cefcd32c591ab0d
https://conda.anaconda.org/conda-forge/osx-64/jasper-2.0.33-h013e400_0.tar.bz2#1de5b5bb9fdbd7eaee5b640f2e7ac1d5
https://conda.anaconda.org/conda-forge/osx-64/jigsaw-0.9.14-h370ebc4_0.tar.bz2#2ae5ae3333013f13ebaf376d33acee5d
https://conda.anaconda.org/conda-forge/osx-64/jsoncpp-1.9.5-h940c156_1.tar.bz2#45824afbfd843fe0584ae8df22f1d99a
https://conda.anaconda.org/conda-forge/osx-64/lerc-4.0.0-hb486fe8_0.tar.bz2#f9d6a4c82889d5ecedec1d90eb673c55
https://conda.anaconda.org/conda-forge/osx-64/libabseil-20220623.0-cxx17_h844d122_6.conda#14fcfd14fb90f40a8be87f48a3f89355
https://conda.anaconda.org/conda-forge/osx-64/libaec-1.0.6-he49afe7_0.tar.bz2#0a49b696f11ed805ee4690479cc5e950
https://conda.anaconda.org/conda-forge/osx-64/libbrotlidec-1.0.9-hb7f2c08_8.tar.bz2#7f952a036d9014b4dab96c6ea0f8c2a7
https://conda.anaconda.org/conda-forge/osx-64/libbrotlienc-1.0.9-hb7f2c08_8.tar.bz2#b36a3bfe866d9127f25f286506982166
https://conda.anaconda.org/conda-forge/osx-64/libcrc32c-1.1.2-he49afe7_0.tar.bz2#23d6d5a69918a438355d7cbc4c3d54c9
https://conda.anaconda.org/conda-forge/osx-64/libedit-3.1.20191231-h0678c8f_2.tar.bz2#6016a8a1d0e63cac3de2c352cd40208b
https://conda.anaconda.org/conda-forge/osx-64/libgfortran5-11.3.0-h082f757_27.conda#f7602714b2be91be36f00fb75c45cb14
https://conda.anaconda.org/conda-forge/osx-64/libllvm11-11.1.0-h8fb7429_5.tar.bz2#7c9c5bf4c2e24b54e56ace2a20e79dca
https://conda.anaconda.org/conda-forge/osx-64/libllvm13-13.0.1-h64f94b2_2.tar.bz2#bac1c6f12f44f40e19274e6e04e9bad5
https://conda.anaconda.org/conda-forge/osx-64/libpng-1.6.39-ha978bb4_0.conda#35e4928794c5391aec14ffdf1deaaee5
https://conda.anaconda.org/conda-forge/osx-64/libprotobuf-3.21.12-hbc0c0cd_0.conda#7a9b17cfb3e57143e4e9118b5244b691
https://conda.anaconda.org/conda-forge/osx-64/libspatialindex-1.9.3-he49afe7_4.tar.bz2#b1c13764417c32fa87fac733caa82a64
https://conda.anaconda.org/conda-forge/osx-64/libsqlite-3.40.0-ha978bb4_0.tar.bz2#ceb13b6726534b96e3b4e3dda91e9050
https://conda.anaconda.org/conda-forge/osx-64/libvorbis-1.3.7-h046ec9c_0.tar.bz2#fbbda1fede0aadaa252f6919148c4ce1
https://conda.anaconda.org/conda-forge/osx-64/libvpx-1.11.0-he49afe7_3.tar.bz2#4ad2e740535a74d4ab65550b8a41f99f
https://conda.anaconda.org/conda-forge/osx-64/libxcb-1.13-h0d85af4_1004.tar.bz2#eb7860935e14aec936065cbc21a1a962
https://conda.anaconda.org/conda-forge/osx-64/lz4-c-1.9.3-he49afe7_1.tar.bz2#05c08241b66631c00ca4f9e0b75320bc
https://conda.anaconda.org/conda-forge/osx-64/nspr-4.35-hea0b92c_0.conda#a9e56c98d13d8b7ce72bf4357317c29b
https://conda.anaconda.org/conda-forge/osx-64/openh264-2.3.1-hf0c8a7f_1.tar.bz2#a93fa301787690312bde5f58450b987d
https://conda.anaconda.org/conda-forge/osx-64/openmp-8.0.1-0.tar.bz2#3dbc076bd4314ddaa831fe6bbe19ee2a
https://conda.anaconda.org/conda-forge/osx-64/openssl-3.0.7-hfd90126_1.conda#7a3fb6d40e0aa5dbb5b4ef54462f00a8
https://conda.anaconda.org/conda-forge/osx-64/p11-kit-0.24.1-h65f8906_0.tar.bz2#e936a0ee28be948846108582f00e2d61
https://conda.anaconda.org/conda-forge/osx-64/pcre-8.45-he49afe7_0.tar.bz2#0526850419e04ac003bc0b65a78dc4cc
https://conda.anaconda.org/conda-forge/osx-64/pcre2-10.40-h1c4e4bc_0.tar.bz2#e0f80c8f3a0352a54eddfe59cd2b25b1
https://conda.anaconda.org/conda-forge/osx-64/pugixml-1.11.4-he49afe7_0.tar.bz2#69d67c7202c11a51cc0e7f9cda7e49b2
https://conda.anaconda.org/conda-forge/osx-64/rapidjson-1.1.0-hb1e8313_1002.tar.bz2#6393fe5c6c2d496ab76853628bcf10d9
https://conda.anaconda.org/conda-forge/osx-64/re2-2022.06.01-hb486fe8_1.conda#317b48dc2c5ab6ceccdd9ced4e1ef47f
https://conda.anaconda.org/conda-forge/osx-64/readline-8.1.2-h3899abd_0.tar.bz2#89fa404901fa8fb7d4f4e07083b8d635
https://conda.anaconda.org/conda-forge/osx-64/snappy-1.1.9-h225ccf5_2.tar.bz2#eb2c4c3544099a357db4c02eda1a0766
https://conda.anaconda.org/conda-forge/osx-64/svt-av1-1.4.1-hf0c8a7f_0.conda#86739428e1e1c8882fe14067a7ac371a
https://conda.anaconda.org/conda-forge/osx-64/tbb-2021.7.0-hb8565cd_1.conda#1d7d711419ed9e4a96370d8749cec3c1
https://conda.anaconda.org/conda-forge/osx-64/tk-8.6.12-h5dbffcc_0.tar.bz2#8e9480d9c47061db2ed1b4ecce519a7f
https://conda.anaconda.org/conda-forge/osx-64/x265-3.5-hbb4e6a2_3.tar.bz2#a3bf3e95b7795871a6734a784400fcea
https://conda.anaconda.org/conda-forge/osx-64/xorg-fixesproto-5.0-h0d85af4_1002.tar.bz2#a4dde7ba6e898f8cc4a33cc97943d2d7
https://conda.anaconda.org/conda-forge/osx-64/xorg-libsm-1.2.3-h0d85af4_1000.tar.bz2#309cde52baa36ad32a0ed423718bbcfb
https://conda.anaconda.org/conda-forge/osx-64/zeromq-4.3.4-he49afe7_1.tar.bz2#1972d732b123ed04b60fd21e94f0b178
https://conda.anaconda.org/conda-forge/osx-64/zlib-1.2.13-hfd90126_4.tar.bz2#be90e6223c74ea253080abae19b3bdb1
https://conda.anaconda.org/conda-forge/osx-64/zstd-1.5.2-hfa58983_4.tar.bz2#0b446e84f3ccf085e590dc1f73eebe3f
https://conda.anaconda.org/conda-forge/osx-64/aws-c-cal-0.5.20-hdc31e88_3.tar.bz2#06a3c718456f6823754797e3d67832db
https://conda.anaconda.org/conda-forge/osx-64/blosc-1.21.2-hebb52c4_0.conda#2e726e782e57ba3e70f2e85891377cd5
https://conda.anaconda.org/conda-forge/osx-64/boost-cpp-1.78.0-h8b082ac_1.tar.bz2#810ad57aa3057a76ea1c65731d58da55
https://conda.anaconda.org/conda-forge/osx-64/brotli-bin-1.0.9-hb7f2c08_8.tar.bz2#aac5ad0d8f747ef7f871508146df75d9
https://conda.anaconda.org/conda-forge/noarch/fonts-conda-ecosystem-1-0.tar.bz2#fee5683a3f04bd15cbd8318b096a27ab
https://conda.anaconda.org/conda-forge/osx-64/freetype-2.12.1-h3f81eb7_1.conda#852224ea3e8991a8342228eab274840e
https://conda.anaconda.org/conda-forge/osx-64/gl2ps-1.4.2-h4cff582_0.tar.bz2#a9e91533b95cd019d58f4b3ef9bbddf0
https://conda.anaconda.org/conda-forge/osx-64/glog-0.6.0-h8ac2a54_0.tar.bz2#69eb97ca709a136c53fdca1f2fd33ddf
https://conda.anaconda.org/conda-forge/osx-64/hdf4-4.2.15-h7aa5921_5.tar.bz2#a5e171d71c6b524409de40d81c098758
https://conda.anaconda.org/conda-forge/osx-64/krb5-1.20.1-h049b76e_0.conda#db11fa2968ef0837288fe2d7f5b77a50
https://conda.anaconda.org/conda-forge/osx-64/libclang-13.0.1-default_he082bbe_0.tar.bz2#0166c71e26f8b9f564a20a13b04d118d
https://conda.anaconda.org/conda-forge/osx-64/libevent-2.1.10-h7d65743_4.tar.bz2#ed607da8c2602aeddb4ae723819fcdcc
https://conda.anaconda.org/conda-forge/osx-64/libgfortran-5.0.0-11_3_0_h97931a8_27.conda#7d25335e67256924aa04de681e68e807
https://conda.anaconda.org/conda-forge/osx-64/libglib-2.74.1-h4c723e1_1.tar.bz2#68a698fe240032c2ff587028ed51b155
https://conda.anaconda.org/conda-forge/osx-64/libgrpc-1.51.1-h966d1d5_0.conda#60a9db593ba887bb8ee8c821c27f1961
https://conda.anaconda.org/conda-forge/osx-64/libidn2-2.3.4-hb7f2c08_0.tar.bz2#bd109fd705b4ce40a62759129bc4ef5a
https://conda.anaconda.org/conda-forge/osx-64/libllvm10-10.0.1-h009f743_3.tar.bz2#cc65eb0b26253d2789320bfd661852f9
https://conda.anaconda.org/conda-forge/osx-64/libnghttp2-1.51.0-he2ab024_0.conda#910e7f012beecf5d845a993feb9259a9
https://conda.anaconda.org/conda-forge/osx-64/librttopo-1.1.0-h9461dca_12.tar.bz2#cbf6767a38ffbc9be29cf26045e81faf
https://conda.anaconda.org/conda-forge/osx-64/libssh2-1.10.0-h47af595_3.tar.bz2#5a28624eeb7812b585b9e2d75f846ba2
https://conda.anaconda.org/conda-forge/osx-64/libtheora-1.1.1-h0d85af4_1005.tar.bz2#e63b84ed4c2d84901332de92a98a2f2b
https://conda.anaconda.org/conda-forge/osx-64/libtiff-4.4.0-h6268bbc_5.conda#551fc78ba147767ea5905d0746e2fbb5
https://conda.anaconda.org/conda-forge/osx-64/libxml2-2.10.3-hb9e07b5_1.conda#eb3935321cd42650512d09af480fee22
https://conda.anaconda.org/conda-forge/osx-64/libzip-1.9.2-h6db710c_1.tar.bz2#ce732d37e479919f3d22b1ccdeb858ac
https://conda.anaconda.org/conda-forge/osx-64/mysql-common-8.0.31-hc4b2c72_0.tar.bz2#bcefa389c474558ac8b28768374bf3c8
https://conda.anaconda.org/conda-forge/osx-64/openexr-3.1.5-h6fbc5c6_1.conda#1ec539dd759124f8cd8d6592b8972cf3
https://conda.anaconda.org/conda-forge/osx-64/orc-1.8.1-ha9d861c_0.conda#4fd280930d306c43f03953b8c6ef23f3
https://conda.anaconda.org/conda-forge/osx-64/python-3.10.8-he7542f4_0_cpython.conda#4b6976686db5f16650df28332d84ce9e
https://conda.anaconda.org/conda-forge/osx-64/sqlite-3.40.0-h9ae0607_0.tar.bz2#b66b0b11f1b901f3c2bce9406bedfd40
https://conda.anaconda.org/conda-forge/osx-64/tbb-devel-2021.7.0-hb8565cd_1.conda#9d28f20c54478d2f8344f5de90b62fc5
https://conda.anaconda.org/conda-forge/osx-64/xorg-libx11-1.7.2-h0d85af4_0.tar.bz2#bd0e7b45f6bb5393bdb2d7e741428575
https://conda.anaconda.org/conda-forge/noarch/affine-2.3.1-pyhd8ed1ab_0.tar.bz2#466dc5c1b75c93180efbd81d99dc29b0
https://conda.anaconda.org/conda-forge/noarch/appdirs-1.4.4-pyh9f0ad1d_0.tar.bz2#5f095bc6454094e96f146491fd03633b
https://conda.anaconda.org/conda-forge/noarch/appnope-0.1.3-pyhd8ed1ab_0.tar.bz2#54ac328d703bff191256ffa1183126d1
https://conda.anaconda.org/conda-forge/noarch/attrs-22.2.0-pyh71513ae_0.conda#8b76db7818a4e401ed4486c4c1635cd9
https://conda.anaconda.org/conda-forge/osx-64/aws-c-io-0.13.11-hb3bb6ef_2.conda#3a71dcc96064d40ea7890e3820c57f3f
https://conda.anaconda.org/conda-forge/noarch/backcall-0.2.0-pyh9f0ad1d_0.tar.bz2#6006a6d08a3fa99268a2681c7fb55213
https://conda.anaconda.org/conda-forge/noarch/backports-1.0-pyhd8ed1ab_3.conda#54ca2e08b3220c148a1d8329c2678e02
https://conda.anaconda.org/conda-forge/osx-64/brotli-1.0.9-hb7f2c08_8.tar.bz2#55f612fe4a9b5f6ac76348b6de94aaeb
https://conda.anaconda.org/conda-forge/noarch/certifi-2022.12.7-pyhd8ed1ab_0.conda#fb9addc3db06e56abe03e0e9f21a63e6
https://conda.anaconda.org/conda-forge/noarch/charset-normalizer-2.1.1-pyhd8ed1ab_0.tar.bz2#c1d5b294fbf9a795dec349a6f4d8be8e
https://conda.anaconda.org/conda-forge/noarch/click-8.1.3-unix_pyhd8ed1ab_2.tar.bz2#20e4087407c7cb04a40817114b333dbf
https://conda.anaconda.org/conda-forge/noarch/cloudpickle-2.2.0-pyhd8ed1ab_0.tar.bz2#a6cf47b09786423200d7982d1faa19eb
https://conda.anaconda.org/conda-forge/noarch/colorama-0.4.6-pyhd8ed1ab_0.tar.bz2#3faab06a954c2a04039983f2c4a50d99
https://conda.anaconda.org/conda-forge/osx-64/colorlog-6.7.0-py310h2ec42d9_1.tar.bz2#13fc655269a49875bd4201eebad18916
https://conda.anaconda.org/conda-forge/noarch/cycler-0.11.0-pyhd8ed1ab_0.tar.bz2#a50559fad0affdbb33729a68669ca1cb
https://conda.anaconda.org/conda-forge/osx-64/debugpy-1.6.5-py310h7a76584_0.conda#ed6d804e32c02f3f602146abb2c6833f
https://conda.anaconda.org/conda-forge/noarch/decorator-5.1.1-pyhd8ed1ab_0.tar.bz2#43afe5ab04e35e17ba28649471dd7364
https://conda.anaconda.org/conda-forge/noarch/docopt-0.6.2-py_1.tar.bz2#a9ed63e45579cfef026a916af2bc27c9
https://conda.anaconda.org/conda-forge/noarch/entrypoints-0.4-pyhd8ed1ab_0.tar.bz2#3cf04868fee0a029769bd41f4b2fbf2d
https://conda.anaconda.org/conda-forge/noarch/executing-1.2.0-pyhd8ed1ab_0.tar.bz2#4c1bc140e2be5c8ba6e3acab99e25c50
https://conda.anaconda.org/conda-forge/noarch/f90nml-1.4.3-pyhd8ed1ab_0.tar.bz2#0d455a0a087984e7b01028b1ab05777a
https://conda.anaconda.org/conda-forge/noarch/findlibs-0.0.2-pyhd8ed1ab_0.tar.bz2#c2a60dd9f1210b8ee2037f7d0ec6251a
https://conda.anaconda.org/conda-forge/osx-64/fontconfig-2.14.1-h5bb23bf_0.tar.bz2#68c42c630dcf96518bbd9f6525861e06
https://conda.anaconda.org/conda-forge/osx-64/frozenlist-1.3.3-py310h90acd4f_0.tar.bz2#a3236ddc60f49384eba9348391293038
https://conda.anaconda.org/conda-forge/noarch/fsspec-2022.11.0-pyhd8ed1ab_0.tar.bz2#eb919f2119a6db5d0192f9e9c3711572
https://conda.anaconda.org/conda-forge/osx-64/glib-tools-2.74.1-hbc0c0cd_1.tar.bz2#046b267239db7b380078cf1b62bfc55f
https://conda.anaconda.org/conda-forge/osx-64/gnutls-3.7.8-h207c4f0_0.tar.bz2#3886476538060824c0258316fd5bb828
https://conda.anaconda.org/conda-forge/noarch/heapdict-1.0.1-py_0.tar.bz2#77242bfb1e74a627fb06319b5a2d3b95
https://conda.anaconda.org/conda-forge/noarch/idna-3.4-pyhd8ed1ab_0.tar.bz2#34272b248891bddccc64479f9a7fffed
https://conda.anaconda.org/conda-forge/noarch/ipython_genutils-0.2.0-py_1.tar.bz2#5071c982548b3a20caf70462f04f5287
https://conda.anaconda.org/conda-forge/noarch/jupyterlab_widgets-3.0.5-pyhd8ed1ab_0.conda#953a312b272f37d39fe9d09f46734622
https://conda.anaconda.org/conda-forge/osx-64/kiwisolver-1.4.4-py310ha23aa8a_1.tar.bz2#cc358fb878ac593c60cea08b28ac7423
https://conda.anaconda.org/conda-forge/osx-64/lcms2-2.14-h90f4b2a_0.tar.bz2#e56c432e9a78c63692fa6bd076a15713
https://conda.anaconda.org/conda-forge/osx-64/libcurl-7.87.0-h6df9250_0.conda#10b51d82bf33b95e0abe6a224be254c8
https://conda.anaconda.org/conda-forge/osx-64/libkml-1.3.0-haeb80ef_1015.tar.bz2#f1a092ddaedbde48dcf62a9455ce7e31
https://conda.anaconda.org/conda-forge/osx-64/libllvm15-15.0.4-h7001e86_0.tar.bz2#fb89b535c86a537a0dbbed085a86a678
https://conda.anaconda.org/conda-forge/osx-64/libopenblas-0.3.21-openmp_h429af6e_3.tar.bz2#968c46aa7f4032c3f3873f3452ed4c34
https://conda.anaconda.org/conda-forge/osx-64/libpq-15.1-h3640bf0_3.conda#60c31c2382d8e2334b1903a5e47bd85e
https://conda.anaconda.org/conda-forge/osx-64/libthrift-0.16.0-h16802d8_2.tar.bz2#7fb3e8028392bea6290fb0800312dfe9
https://conda.anaconda.org/conda-forge/osx-64/libxslt-1.1.37-h5d22bc9_0.tar.bz2#532015104e2167790a59430b5e10dd7f
https://conda.anaconda.org/conda-forge/osx-64/llvmlite-0.39.1-py310h2bfb868_1.tar.bz2#50be72775bc4e8db5c65c2a274febea2
https://conda.anaconda.org/conda-forge/noarch/locket-1.0.0-pyhd8ed1ab_0.tar.bz2#91e27ef3d05cc772ce627e51cff111c4
https://conda.anaconda.org/conda-forge/osx-64/loguru-0.6.0-py310h2ec42d9_2.tar.bz2#ba4c7857f20ba7ffa2ec04080935dae1
https://conda.anaconda.org/conda-forge/osx-64/lz4-4.2.0-py310h8d4e1d9_0.conda#77ddb66c5a08180fff2430c0c829b99f
https://conda.anaconda.org/conda-forge/osx-64/markupsafe-2.1.1-py310h90acd4f_2.tar.bz2#232c20719e4290fa284ae1e9a4661dfa
https://conda.anaconda.org/conda-forge/osx-64/mpich-4.0.3-hd33e60e_100.tar.bz2#ef43f02a9df986fee86a26e400e516e4
https://conda.anaconda.org/conda-forge/osx-64/msgpack-python-1.0.4-py310ha23aa8a_1.tar.bz2#164e856479d735e96fcbd547afa70251
https://conda.anaconda.org/conda-forge/osx-64/multidict-6.0.4-py310h90acd4f_0.conda#0324181c4442d94c865cf9ae3b6a7fea
https://conda.anaconda.org/conda-forge/noarch/munkres-1.1.4-pyh9f0ad1d_0.tar.bz2#2ba8498c1018c1e9c61eb99b973dfe19
https://conda.anaconda.org/conda-forge/osx-64/mysql-libs-8.0.31-h8658499_0.tar.bz2#1f62fbefd051f5f990355e071e463189
https://conda.anaconda.org/conda-forge/noarch/nest-asyncio-1.5.6-pyhd8ed1ab_0.tar.bz2#7b868f21adde0d9b8b38f9c16836589b
https://conda.anaconda.org/conda-forge/noarch/networkx-3.0-pyhd8ed1ab_0.conda#88e40007414ea9a13f8df20fcffa87e2
https://conda.anaconda.org/conda-forge/osx-64/nss-3.78-ha8197d3_0.tar.bz2#0927d191f392959c876b7eab924efd01
https://conda.anaconda.org/conda-forge/osx-64/openjpeg-2.5.0-h5d0d7b0_1.tar.bz2#be533cc782981a0ec5eed28aa618470a
https://conda.anaconda.org/conda-forge/noarch/packaging-23.0-pyhd8ed1ab_0.conda#1ff2e3ca41f0ce16afec7190db28288b
https://conda.anaconda.org/conda-forge/noarch/param-1.12.3-pyh1a96a4e_0.conda#fb23d3d49db58a47a741da24a340e99e
https://conda.anaconda.org/conda-forge/noarch/parso-0.8.3-pyhd8ed1ab_0.tar.bz2#17a565a0c3899244e938cdf417e7b094
https://conda.anaconda.org/conda-forge/noarch/pickleshare-0.7.5-py_1003.tar.bz2#415f0ebb6198cc2801c73438a9fb5761
https://conda.anaconda.org/conda-forge/noarch/pkgutil-resolve-name-1.3.10-pyhd8ed1ab_0.tar.bz2#89e3c7cdde7d3aaa2aee933b604dd07f
https://conda.anaconda.org/conda-forge/noarch/ply-3.11-py_1.tar.bz2#7205635cd71531943440fbfe3b6b5727
https://conda.anaconda.org/conda-forge/osx-64/psutil-5.9.4-py310h90acd4f_0.tar.bz2#853c27367c8b975a8d3c66a5eb6ec1b1
https://conda.anaconda.org/conda-forge/noarch/ptyprocess-0.7.0-pyhd3deb0d_0.tar.bz2#359eeb6536da0e687af562ed265ec263
https://conda.anaconda.org/conda-forge/noarch/pure_eval-0.2.2-pyhd8ed1ab_0.tar.bz2#6784285c7e55cb7212efabc79e4c2883
https://conda.anaconda.org/conda-forge/noarch/pycparser-2.21-pyhd8ed1ab_0.tar.bz2#076becd9e05608f8dc72757d5f3a91ff
https://conda.anaconda.org/conda-forge/noarch/pyparsing-3.0.9-pyhd8ed1ab_0.tar.bz2#e8fbc1b54b25f4b08281467bc13b70cc
https://conda.anaconda.org/conda-forge/osx-64/pyrsistent-0.19.3-py310h90acd4f_0.conda#2de2b931546de39d852e5d21e58876c1
https://conda.anaconda.org/conda-forge/noarch/pyshp-2.3.1-pyhd8ed1ab_0.tar.bz2#92a889dc236a5197612bc85bee6d7174
https://conda.anaconda.org/conda-forge/noarch/pysocks-1.7.1-pyha2e5f31_6.tar.bz2#2a7de29fb590ca14b5243c4c812c8025
https://conda.anaconda.org/conda-forge/noarch/python-fastjsonschema-2.16.2-pyhd8ed1ab_0.tar.bz2#5fe4b6002f505336734ce92961b3e6a0
https://conda.anaconda.org/conda-forge/osx-64/python-snappy-0.6.1-py310hf8cc9ac_0.tar.bz2#bed869652bae31a6da1791d58fc861b4
https://conda.anaconda.org/conda-forge/noarch/pytz-2022.7-pyhd8ed1ab_0.conda#c8d7e34ca76d6ecc03b84bedfd99d689
https://conda.anaconda.org/conda-forge/osx-64/pyyaml-6.0-py310h90acd4f_5.tar.bz2#e0ba2009f52ccda088c63dedf0d1c5ec
https://conda.anaconda.org/conda-forge/osx-64/pyzmq-24.0.1-py310hf615a82_1.tar.bz2#37780d9e5fb65a36eb94ef47a0f8b862
https://conda.anaconda.org/conda-forge/osx-64/rtree-1.0.1-py310had9ce37_1.tar.bz2#621e20dd837cb895f3bccaa7ade9e1dd
https://conda.anaconda.org/conda-forge/osx-64/ruamel.yaml.clib-0.2.7-py38hef030d1_0.tar.bz2#2d0b8b0564426d453f213fa270686bc6
https://conda.anaconda.org/conda-forge/noarch/setuptools-65.6.3-pyhd8ed1ab_0.conda#9600fc9524d3f821e6a6d58c52f5bf5a
https://conda.anaconda.org/conda-forge/noarch/six-1.16.0-pyh6c4a22f_0.tar.bz2#e5f25f8dbc060e9a8d912e432202afc2
https://conda.anaconda.org/conda-forge/noarch/sortedcontainers-2.4.0-pyhd8ed1ab_0.tar.bz2#6d6552722448103793743dabfbda532d
https://conda.anaconda.org/conda-forge/noarch/soupsieve-2.3.2.post1-pyhd8ed1ab_0.tar.bz2#146f4541d643d48fc8a75cacf69f03ae
https://conda.anaconda.org/conda-forge/noarch/tblib-1.7.0-pyhd8ed1ab_0.tar.bz2#3d4afc31302aa7be471feb6be048ed76
https://conda.anaconda.org/conda-forge/noarch/threadpoolctl-3.1.0-pyh8a188c0_0.tar.bz2#a2995ee828f65687ac5b1e71a2ab1e0c
https://conda.anaconda.org/conda-forge/noarch/toml-0.10.2-pyhd8ed1ab_0.tar.bz2#f832c45a477c78bebd107098db465095
https://conda.anaconda.org/conda-forge/noarch/toolz-0.12.0-pyhd8ed1ab_0.tar.bz2#92facfec94bc02d6ccf42e7173831a36
https://conda.anaconda.org/conda-forge/osx-64/tornado-6.2-py310h90acd4f_1.tar.bz2#ca9d4e6a9598a9a9ab7e6ccc4e52749b
https://conda.anaconda.org/conda-forge/noarch/traitlets-5.8.1-pyhd8ed1ab_0.conda#ef5179bcc6a9acc23b12ac92936e05ab
https://conda.anaconda.org/conda-forge/osx-64/traits-6.4.1-py310h90acd4f_1.tar.bz2#c04c45b7fb8bab4e32770f387189d209
https://conda.anaconda.org/conda-forge/noarch/typing_extensions-4.4.0-pyha770c72_0.tar.bz2#2d93b130d148d7fc77e583677792fc6a
https://conda.anaconda.org/conda-forge/osx-64/unicodedata2-15.0.0-py310h90acd4f_0.tar.bz2#b62adca3645b3bbc46940d5b1833d59b
https://conda.anaconda.org/conda-forge/noarch/webencodings-0.5.1-py_1.tar.bz2#3563be4c5611a44210d9ba0c16113136
https://conda.anaconda.org/conda-forge/noarch/webob-1.8.7-pyhd8ed1ab_0.tar.bz2#a8192f3585f341ea66c60c189580ac67
https://conda.anaconda.org/conda-forge/noarch/wheel-0.38.4-pyhd8ed1ab_0.tar.bz2#c829cfb8cb826acb9de0ac1a2df0a940
https://conda.anaconda.org/conda-forge/noarch/widgetsnbextension-4.0.5-pyhd8ed1ab_0.conda#2af53b3894fb9bdbb3679c0d31028b1b
https://conda.anaconda.org/conda-forge/osx-64/xorg-libxext-1.3.4-h0d85af4_1.tar.bz2#747e38c3b645048fc8c176caef118096
https://conda.anaconda.org/conda-forge/osx-64/xorg-libxfixes-5.0.3-h0d85af4_1004.tar.bz2#6ecbef6618bb15e389a8bb5618e579f6
https://conda.anaconda.org/conda-forge/osx-64/xorg-libxrender-0.9.10-h0d85af4_1003.tar.bz2#b455388502383b388c5ee5b6f5ee4509
https://conda.anaconda.org/conda-forge/noarch/xyzservices-2022.9.0-pyhd8ed1ab_0.tar.bz2#0c0e2e24aa2e9ee3dd99c611b1098047
https://conda.anaconda.org/conda-forge/noarch/zipp-3.11.0-pyhd8ed1ab_0.conda#09b5b885341697137879a4f039a9e5a1
https://conda.anaconda.org/conda-forge/noarch/aiosignal-1.3.1-pyhd8ed1ab_0.tar.bz2#d1e1eb7e21a9e2c74279d87dafb68156
https://conda.anaconda.org/conda-forge/noarch/asttokens-2.2.1-pyhd8ed1ab_0.conda#bf7f54dd0f25c3f06ecb82a07341841a
https://conda.anaconda.org/conda-forge/osx-64/aws-c-event-stream-0.2.17-hb9fe1ad_0.conda#a944382107f109ec6977180ba9c107ad
https://conda.anaconda.org/conda-forge/osx-64/aws-c-http-0.6.29-h40fbe91_0.conda#f97b007df4d94549772f84862308485c
https://conda.anaconda.org/conda-forge/noarch/backports.functools_lru_cache-1.6.4-pyhd8ed1ab_0.tar.bz2#c5b3edc62d6309088f4970b3eaaa65a6
https://conda.anaconda.org/conda-forge/noarch/beautifulsoup4-4.11.1-pyha770c72_0.tar.bz2#eeec8814bd97b2681f708bb127478d7d
https://conda.anaconda.org/conda-forge/noarch/bleach-5.0.1-pyhd8ed1ab_0.tar.bz2#1f5151d37e4a2b1137f81c89a3a769f2
https://conda.anaconda.org/conda-forge/osx-64/cairo-1.16.0-h904041c_1014.tar.bz2#2e7b4350178ed52bb6fd2b1ecbeeed4f
https://conda.anaconda.org/conda-forge/osx-64/cffi-1.15.1-py310ha78151a_3.conda#652082e4a6cf9d26e43d0d362590c276
https://conda.anaconda.org/conda-forge/osx-64/cfitsio-4.2.0-hd56cc12_0.conda#28e03cefd79aa28ec0e313e5a9c71f5b
https://conda.anaconda.org/conda-forge/noarch/click-plugins-1.1.1-py_0.tar.bz2#4fd2c6b53934bd7d96d1f3fdaf99b79f
https://conda.anaconda.org/conda-forge/noarch/cligj-0.7.2-pyhd8ed1ab_1.tar.bz2#a29b7c141d6b2de4bb67788a5f107734
https://conda.anaconda.org/conda-forge/noarch/comm-0.1.2-pyhd8ed1ab_0.conda#3c78af4752bb1600ebe5e83ef4588eaa
https://conda.anaconda.org/conda-forge/noarch/configobj-5.0.6-py_0.tar.bz2#e46ba874295e2eda5593650895777913
https://conda.anaconda.org/conda-forge/osx-64/curl-7.87.0-h6df9250_0.conda#af1db2937ff4a1af6440630102dd18bc
https://conda.anaconda.org/conda-forge/osx-64/cytoolz-0.12.0-py310h90acd4f_1.tar.bz2#7420b99bf92064b4ad077bbc909e1ffd
https://conda.anaconda.org/conda-forge/osx-64/ffmpeg-5.1.2-gpl_h8b4fe81_105.conda#528d51ce5183668ee61bf748a2c6fe44
https://conda.anaconda.org/conda-forge/osx-64/fltk-1.3.8-h7ffa276_0.tar.bz2#beb94c5262e5cc5986ef997d6d53f94b
https://conda.anaconda.org/conda-forge/osx-64/fonttools-4.38.0-py310h90acd4f_1.tar.bz2#0b05af0a10ea3a8db1847bc0e389a335
https://conda.anaconda.org/conda-forge/osx-64/glib-2.74.1-hbc0c0cd_1.tar.bz2#6da14f37e940e8cd07b032dd8100814b
https://conda.anaconda.org/conda-forge/osx-64/hdf5-1.12.2-mpi_mpich_hc154f39_0.tar.bz2#c339b4a75b902e6437b38f1d947149ef
https://conda.anaconda.org/conda-forge/noarch/html5lib-1.1-pyh9f0ad1d_0.tar.bz2#b2355343d6315c892543200231d7154a
https://conda.anaconda.org/conda-forge/noarch/importlib-metadata-6.0.0-pyha770c72_0.conda#691644becbcdca9f73243450b1c63e62
https://conda.anaconda.org/conda-forge/noarch/importlib_resources-5.10.2-pyhd8ed1ab_0.conda#de76905f801c22fc43e624058574eab3
https://conda.anaconda.org/conda-forge/noarch/jedi-0.18.2-pyhd8ed1ab_0.conda#b5e695ef9c3f0d27d6cd96bf5adc9e07
https://conda.anaconda.org/conda-forge/noarch/jinja2-3.1.2-pyhd8ed1ab_1.tar.bz2#c8490ed5c70966d232fdd389d0dbed37
https://conda.anaconda.org/conda-forge/noarch/joblib-1.2.0-pyhd8ed1ab_0.tar.bz2#7583652522d71ad78ba536bba06940eb
https://conda.anaconda.org/conda-forge/osx-64/libblas-3.9.0-16_osx64_openblas.tar.bz2#644d63e9379867490b67bace400b2a0f
https://conda.anaconda.org/conda-forge/osx-64/libclang13-15.0.4-default_hc4b5f92_0.tar.bz2#55fe388285745cc8116af3414e599562
https://conda.anaconda.org/conda-forge/osx-64/libgoogle-cloud-2.5.0-hb5e37a9_1.conda#bc12b19b8bddec2202c734c2e5cb3d87
https://conda.anaconda.org/conda-forge/osx-64/libraw-0.20.2-h7aa5921_2.conda#9a0577713e297e637b54588403a39c72
https://conda.anaconda.org/conda-forge/noarch/limits-2.2.0-pyhd8ed1ab_0.tar.bz2#4e6f32881655da8bfcfc304ebb59add4
https://conda.anaconda.org/conda-forge/osx-64/lxml-4.9.2-py310h0b20c97_0.conda#c1cafb603c324934f8b6b87cc5dc5380
https://conda.anaconda.org/conda-forge/noarch/matplotlib-inline-0.1.6-pyhd8ed1ab_0.tar.bz2#b21613793fcc81d944c76c9f2864a7de
https://conda.anaconda.org/conda-forge/noarch/multipledispatch-0.6.0-py_0.tar.bz2#1073dc92c8f247d94ac14dd79ca0bbec
https://conda.anaconda.org/conda-forge/noarch/munch-2.5.0-py_0.tar.bz2#31d9e9be500e25ff0050bc9f57a6bcd7
https://conda.anaconda.org/conda-forge/osx-64/parmetis-4.0.3-hb7fa8f8_1005.tar.bz2#93c34a9e24211ed262743444fd187f4d
https://conda.anaconda.org/conda-forge/noarch/partd-1.3.0-pyhd8ed1ab_0.tar.bz2#af8c82d121e63082926062d61d9abb54
https://conda.anaconda.org/conda-forge/noarch/pexpect-4.8.0-pyh1a96a4e_2.tar.bz2#330448ce4403cc74990ac07c555942a1
https://conda.anaconda.org/conda-forge/osx-64/pillow-9.2.0-py310hffcf78b_3.tar.bz2#a7b7035e6aeace50e0023839f3f5beaa
https://conda.anaconda.org/conda-forge/noarch/pip-22.3.1-pyhd8ed1ab_0.tar.bz2#da66f2851b9836d3a7c5190082a45f7d
https://conda.anaconda.org/conda-forge/osx-64/postgresql-15.1-hbea33b9_3.conda#ac3e012d910a8d9688a6a82aaf2be8ce
https://conda.anaconda.org/conda-forge/osx-64/proj-9.1.0-hcbd9701_0.tar.bz2#78ee95e87e5143d0e4a17d4aeef56411
https://conda.anaconda.org/conda-forge/noarch/pyct-core-0.4.6-py_0.tar.bz2#55ec526f95e0959de3f68bc6289a20da
https://conda.anaconda.org/conda-forge/noarch/pygments-2.14.0-pyhd8ed1ab_0.conda#c78cd16b11cd6a295484bd6c8f24bea1
https://conda.anaconda.org/conda-forge/noarch/python-dateutil-2.8.2-pyhd8ed1ab_0.tar.bz2#dd999d1cc9f79e67dbb855c8924c7984
https://conda.anaconda.org/conda-forge/noarch/pyviz_comms-2.2.1-pyhd8ed1ab_1.tar.bz2#f5ddc41fa1892a341e17d2f9bfa1c584
https://conda.anaconda.org/conda-forge/noarch/retrying-1.3.3-py_2.tar.bz2#a11f356d6f93b74b4a84e9501afd48b4
https://conda.anaconda.org/conda-forge/osx-64/ruamel.yaml-0.17.21-py38hef030d1_2.tar.bz2#43a744cb50d380073f81aef39c6d1b1a
https://conda.anaconda.org/conda-forge/osx-64/sip-6.7.5-py310h7a76584_0.conda#59cff69a1a5e5d15f6eb1d93653b7182
https://conda.anaconda.org/conda-forge/noarch/tqdm-4.64.1-pyhd8ed1ab_0.tar.bz2#5526ff3f88f9db87bb0924b9ce575345
https://conda.anaconda.org/conda-forge/noarch/traittypes-0.2.1-pyh9f0ad1d_2.tar.bz2#7d32ccb5334a6822c28af3e864550618
https://conda.anaconda.org/conda-forge/noarch/typing-extensions-4.4.0-hd8ed1ab_0.tar.bz2#be969210b61b897775a0de63cd9e9026
https://conda.anaconda.org/conda-forge/osx-64/xerces-c-3.2.4-h2007e90_1.tar.bz2#da5951ed1609c4fdd135db32c4c8ef36
https://conda.anaconda.org/conda-forge/osx-64/yarl-1.8.2-py310h90acd4f_0.conda#9e18f6b25b97c6078299f6d2ad6c1d07
https://conda.anaconda.org/conda-forge/noarch/zict-2.2.0-pyhd8ed1ab_0.tar.bz2#cd563d01df94e51f968645dbf3b310b0
https://conda.anaconda.org/conda-forge/noarch/async-timeout-4.0.2-pyhd8ed1ab_0.tar.bz2#25e79f9a1133556671becbd65a170c78
https://conda.anaconda.org/conda-forge/osx-64/aws-c-auth-0.6.21-h79862ba_1.conda#8b1b4e625eaab9a9a2e32526de64b1ae
https://conda.anaconda.org/conda-forge/osx-64/aws-c-mqtt-0.7.13-h9baa75a_10.conda#2246ccc1f5a3634975cc432b48a7af33
https://conda.anaconda.org/conda-forge/noarch/branca-0.6.0-pyhd8ed1ab_0.tar.bz2#f4cc65697763ef8c2f7555f1ec355a6b
https://conda.anaconda.org/conda-forge/osx-64/brotlipy-0.7.0-py310h90acd4f_1005.tar.bz2#63accc45f2b9ae1dad4db9cdfaa903b4
https://conda.anaconda.org/conda-forge/osx-64/cryptography-39.0.0-py310hdd0c95c_0.conda#fa9ffedc2323bfec787a09e798bb93b7
https://conda.anaconda.org/conda-forge/noarch/dask-core-2022.12.1-pyhd8ed1ab_0.conda#f12878f9839c72f3d51af02fb10da43d
https://conda.anaconda.org/conda-forge/osx-64/freeimage-3.18.0-haafd79f_10.tar.bz2#7cd8ca7c7ebbc1c50d7c7920bd405c2b
https://conda.anaconda.org/conda-forge/osx-64/geotiff-1.7.1-he29fd1c_4.tar.bz2#7fab5b9379958e9d3f784842c00c8e66
https://conda.anaconda.org/conda-forge/osx-64/gstreamer-1.21.3-h1d18e73_1.conda#579a4ecaa0dbbe2a7b26f944dec95c60
https://conda.anaconda.org/conda-forge/noarch/importlib_metadata-6.0.0-hd8ed1ab_0.conda#a67d43e1527a37199dd8db913366f68e
https://conda.anaconda.org/conda-forge/noarch/jsonschema-4.17.3-pyhd8ed1ab_0.conda#723268a468177cd44568eb8f794e0d80
https://conda.anaconda.org/conda-forge/osx-64/kealib-1.5.0-h5c1f988_0.conda#4aab67daf291f97462a5a947aaad48ea
https://conda.anaconda.org/conda-forge/osx-64/libcblas-3.9.0-16_osx64_openblas.tar.bz2#28592eab0f05bcf9969789e87f754e11
https://conda.anaconda.org/conda-forge/osx-64/libdap4-3.20.6-h3e144a0_2.tar.bz2#55e0706347eb18f3616808366236bcaa
https://conda.anaconda.org/conda-forge/osx-64/liblapack-3.9.0-16_osx64_openblas.tar.bz2#406ad426aade5578b90544cc2ed4a79b
https://conda.anaconda.org/conda-forge/osx-64/libnetcdf-4.8.1-mpi_mpich_hc6a5375_6.tar.bz2#b69bd90dcaa7d7602be833618c9d8f34
https://conda.anaconda.org/conda-forge/osx-64/libspatialite-5.0.1-hc1c2c66_22.tar.bz2#13513d4171137de61c7f8dd7c2fa4e74
https://conda.anaconda.org/conda-forge/noarch/markdown-3.4.1-pyhd8ed1ab_0.tar.bz2#50d5bcf9693d8c1e7db6b1150b5c4ee5
https://conda.anaconda.org/conda-forge/noarch/platformdirs-2.6.2-pyhd8ed1ab_0.conda#0b4cc3f8181b0d8446eb5387d7848a54
https://conda.anaconda.org/conda-forge/osx-64/poppler-22.12.0-hf2ff1a1_0.conda#ad1c9f970971bc448424cff37c99eddd
https://conda.anaconda.org/conda-forge/osx-64/pydantic-1.10.4-py310h90acd4f_1.conda#90309a43d136375d3cdd5d1581510cae
https://conda.anaconda.org/conda-forge/osx-64/pyproj-3.4.1-py310h8c678d5_0.conda#8f348c1e0d172fcd371df80d399b4500
https://conda.anaconda.org/conda-forge/osx-64/pyqt5-sip-12.11.0-py310h415000c_2.tar.bz2#701096b45a84b36581651a56a6cbdcce
https://conda.anaconda.org/conda-forge/noarch/stack_data-0.6.2-pyhd8ed1ab_0.conda#e7df0fdd404616638df5ece6e69ba7af
https://conda.anaconda.org/conda-forge/osx-64/tiledb-2.13.1-h8b9cbf0_0.conda#e0764e77dfbdf61a6816218bbe820569
https://conda.anaconda.org/conda-forge/noarch/wcwidth-0.2.5-pyh9f0ad1d_2.tar.bz2#5266fcd697043c59621fda522b3d78ee
https://conda.anaconda.org/conda-forge/osx-64/zstandard-0.19.0-py38h7cbeef7_1.conda#4a2e5e473f9e8c88e3df62390f59073d
https://conda.anaconda.org/conda-forge/osx-64/aiohttp-3.8.3-py310h90acd4f_1.tar.bz2#e3c525d42afb960af60873738cb1e43f
https://conda.anaconda.org/conda-forge/osx-64/aws-c-s3-0.2.1-hfb6aee5_2.conda#61749ec4146600e56cc0af10c71c1104
https://conda.anaconda.org/conda-forge/osx-64/eccodes-2.27.1-hbf8a13b_0.conda#dd62f2df3ca376e1b301e1e562317aab
https://conda.anaconda.org/conda-forge/osx-64/gst-plugins-base-1.21.3-h37e1711_1.conda#653b52ba531aa8e3e23e39a67e4c35d7
https://conda.anaconda.org/conda-forge/osx-64/jupyter_core-5.1.3-py310h2ec42d9_0.conda#e3e63ef2faf525b4b2449839fa77a168
https://conda.anaconda.org/conda-forge/osx-64/libgdal-3.6.1-hd928027_1.conda#bffc5ff040901eca6ddb545e2b6e043a
https://conda.anaconda.org/conda-forge/osx-64/netcdf-fortran-4.6.0-mpi_mpich_hddcf434_1.tar.bz2#69b10869d676bc2118340999a5edd75a
https://conda.anaconda.org/conda-forge/osx-64/numpy-1.23.5-py310h1b7c290_0.conda#cc6930f1a95f169e2caedb1b808bf7f7
https://conda.anaconda.org/conda-forge/noarch/prompt-toolkit-3.0.36-pyha770c72_0.conda#4d79ec192e0bfd530a254006d123b9a6
https://conda.anaconda.org/conda-forge/noarch/pyopenssl-23.0.0-pyhd8ed1ab_0.conda#d41957700e83bbb925928764cb7f8878
https://conda.anaconda.org/conda-forge/osx-64/aws-crt-cpp-0.18.16-h83cb79b_6.conda#56f35edfd3c49579cf8129c5573f27e0
https://conda.anaconda.org/conda-forge/noarch/bokeh-2.4.3-pyhd8ed1ab_3.tar.bz2#e4c6e6d99add99cede5328d811cacb21
https://conda.anaconda.org/conda-forge/osx-64/cftime-1.6.2-py310h936d966_1.tar.bz2#fcc07bec2f8577cc1a8009cef81f78ff
https://conda.anaconda.org/conda-forge/osx-64/contourpy-1.0.6-py310ha23aa8a_0.tar.bz2#b290d056085b3eaca8fbee4d40421d73
https://conda.anaconda.org/conda-forge/noarch/datashape-0.5.4-py_1.tar.bz2#50ddfce434ea596fc4497085f403a9d5
https://conda.anaconda.org/gbrey/osx-64/delft3d4-65936-mpi_mpich_ha046ecc_9.tar.bz2#9da831a20aa0da792343f63d27c10a63
https://conda.anaconda.org/conda-forge/osx-64/gdal-3.6.1-py310h5abc6fc_1.conda#83992449eb43f13b107901392d2a4bb4
https://conda.anaconda.org/conda-forge/noarch/ipython-8.8.0-pyhd1c38e8_0.conda#92012d3aee304230e25f564e7746e8dd
https://conda.anaconda.org/conda-forge/osx-64/itk-5.2.0-py38h5fd9f69_0.tar.bz2#796cd145b3bf5014d2a778d9a014c7e5
https://conda.anaconda.org/conda-forge/noarch/jupyter_client-7.4.8-pyhd8ed1ab_0.conda#bd4951aa5fbf3336a249e25c90f50333
https://conda.anaconda.org/conda-forge/noarch/nbformat-5.7.1-pyhd8ed1ab_0.conda#facb42913140f1a399a5ebb65b30915e
https://conda.anaconda.org/conda-forge/osx-64/numba-0.56.4-py310h62db5c2_0.conda#1ecab821ec0ec2718efdb0f02a557664
https://conda.anaconda.org/conda-forge/osx-64/pandas-1.5.2-py310hecf8f37_2.conda#fb9dfbad0d66781143a6342c64ab9057
https://conda.anaconda.org/gbrey/osx-64/pschism-5.10.1-mpi_mpich_ha046ecc_1.tar.bz2#fa6233447cfa6065bb9ac514aa702c12
https://conda.anaconda.org/conda-forge/osx-64/pygeos-0.14-py310h4e43f2a_0.conda#97e7610e6534c00e771b20f21ec19013
https://conda.anaconda.org/conda-forge/osx-64/pykdtree-1.3.6-py310h936d966_2.tar.bz2#4cd8c67c9212e83bde8ccc75a68df75f
https://conda.anaconda.org/conda-forge/osx-64/python-eccodes-1.4.2-py310h936d966_1.tar.bz2#40fd84638c16a15acfa73d912cb22d7a
https://conda.anaconda.org/conda-forge/osx-64/qt-main-5.15.6-haeff654_5.conda#4be32455c4b7f421968cab825a51115b
https://conda.anaconda.org/conda-forge/osx-64/shapely-2.0.0-py310h4e43f2a_0.conda#88aaaab21cf59003eb24f6b902764b55
https://conda.anaconda.org/conda-forge/noarch/snuggs-1.4.7-py_0.tar.bz2#cb83a3d6ecf73f50117635192414426a
https://conda.anaconda.org/conda-forge/noarch/urllib3-1.26.14-pyhd8ed1ab_0.conda#01f33ad2e0aaf6b5ba4add50dad5ad29
https://conda.anaconda.org/conda-forge/noarch/wslink-1.10.0-pyhd8ed1ab_0.conda#09b0815040c693b465ba6c096d842ad6
https://conda.anaconda.org/conda-forge/osx-64/aws-sdk-cpp-1.9.379-ha1f9507_7.conda#ed34f83bd847cfa9d65758bf9a6cc785
https://conda.anaconda.org/conda-forge/noarch/distributed-2022.12.1-pyhd8ed1ab_0.conda#63cf20ed7b5205cf4c31aadee4c7fd2e
https://conda.anaconda.org/conda-forge/osx-64/fiona-1.8.22-py310h3963e5c_5.conda#34ccda7a32fb6a71ba13228219fd43f1
https://conda.anaconda.org/conda-forge/noarch/geopandas-base-0.12.2-pyha770c72_0.conda#cf04d066b97dfe698f0d01ebf4af6163
https://conda.anaconda.org/conda-forge/noarch/ipykernel-6.20.1-pyh736e0ef_0.conda#4a1acae5e2868bb5ee67359ac69ad759
https://conda.anaconda.org/conda-forge/osx-64/matplotlib-base-3.6.2-py310he725631_0.tar.bz2#08b09d49effc05e5b8f7645497d451b8
https://conda.anaconda.org/conda-forge/osx-64/netcdf4-1.6.2-nompi_py310h6892ea4_100.tar.bz2#b4c85ff4b6cc1de70a50093380fd2c8a
https://conda.anaconda.org/conda-forge/osx-64/pyqt-5.15.7-py310hdd03f62_2.tar.bz2#660441c34a4362696fecc5fdf74a5daf
https://conda.anaconda.org/conda-forge/osx-64/pyresample-1.26.0.post0-py310hecf8f37_0.conda#2fd4ac931a9752bcf29bae7de86675c9
https://conda.anaconda.org/conda-forge/osx-64/rasterio-1.3.4-py310h3600f62_0.tar.bz2#7da5ee6dc29cb2f9e255de55a73a12d7
https://conda.anaconda.org/conda-forge/noarch/requests-2.28.1-pyhd8ed1ab_1.tar.bz2#089382ee0e2dc2eae33a04cc3c2bddb0
https://conda.anaconda.org/conda-forge/noarch/typepigeon-2.0.0-pyhd8ed1ab_0.conda#d0c83db6a7ea6009baa01129f69cc1f9
https://conda.anaconda.org/conda-forge/osx-64/vtk-9.2.2-qt_py310hea5b068_205.conda#c8b32ca7c10c1a1953832f828f4f2444
https://conda.anaconda.org/conda-forge/noarch/xarray-2022.12.0-pyhd8ed1ab_0.conda#fd0b8bb7c8df27e09fdee6c893f2ba9d
https://conda.anaconda.org/conda-forge/noarch/cfgrib-0.9.10.3-pyhd8ed1ab_0.conda#05e07a08bca30b1467560cd57702d6be
https://conda.anaconda.org/conda-forge/noarch/dask-2022.12.1-pyhd8ed1ab_0.conda#5861b97a50edcd9c1332d21f2995eca1
https://conda.anaconda.org/conda-forge/noarch/erddapy-1.2.1-pyhd8ed1ab_0.tar.bz2#05c9b7407d77e382ff114b17b0eb8c21
https://conda.anaconda.org/conda-forge/noarch/folium-0.14.0-pyhd8ed1ab_0.conda#48c8bb19df0d0268f1a9d30ffc56c5b0
https://conda.anaconda.org/conda-forge/noarch/ipywidgets-8.0.4-pyhd8ed1ab_0.conda#9dea5ab3cc33084f7a3680a98859731e
https://conda.anaconda.org/conda-forge/osx-64/libarrow-10.0.1-h6707bc3_3_cpu.conda#313dffca679f1b7b34ab74ac35c9f3fa
https://conda.anaconda.org/conda-forge/osx-64/matplotlib-3.6.2-py310h2ec42d9_0.tar.bz2#6e03d5c48a5535551daa8ab9e47de708
https://conda.anaconda.org/conda-forge/osx-64/occt-7.7.0-h0e07645_1.tar.bz2#eccc1aa7fd248f93ff29bd7b47ba0ba8
https://conda.anaconda.org/conda-forge/noarch/pooch-1.6.0-pyhd8ed1ab_0.tar.bz2#6429e1d1091c51f626b5dcfdd38bf429
https://conda.anaconda.org/conda-forge/noarch/pyct-0.4.6-py_0.tar.bz2#42d91c89bc3993ec88681cffd3c0e326
https://conda.anaconda.org/conda-forge/noarch/pydap-3.3.0-pyhd8ed1ab_0.tar.bz2#9f35b5d14ce0299deb8eb6a282e07149
https://conda.anaconda.org/conda-forge/noarch/pyface-7.4.4-pyhd8ed1ab_0.conda#164da0e6082dc08a1cb8f64238f971a0
https://conda.anaconda.org/conda-forge/osx-64/arrow-cpp-10.0.1-h88f4db0_3_cpu.conda#09fdfbbfa3b2a9c07afd7c74ef28cf2d
https://conda.anaconda.org/conda-forge/noarch/colorcet-3.0.1-pyhd8ed1ab_0.tar.bz2#1e424f22b3e2713068fe12d57f2dec5b
https://conda.anaconda.org/conda-forge/osx-64/gmsh-4.11.0-hbe4ac96_1.conda#dbfe6f3204abc5717f132b6d9cece5a4
https://conda.anaconda.org/conda-forge/noarch/ipydatawidgets-4.3.2-pyhc268e32_0.tar.bz2#aff80a4f5dca225740523d330c25c57e
https://conda.anaconda.org/conda-forge/noarch/ipympl-0.9.2-pyhd8ed1ab_0.tar.bz2#2a6a7f37cc8dd03a8a7439c34f557e0e
https://conda.anaconda.org/conda-forge/noarch/panel-0.14.2-pyhd8ed1ab_0.conda#fcf207d0b3e082897c3d3ccadfd1e5aa
https://conda.anaconda.org/conda-forge/osx-64/scipy-1.10.0-py310h240c617_0.conda#0f05f17c0326731072325ed0f98cc60a
https://conda.anaconda.org/conda-forge/noarch/traitsui-7.4.2-pyhd8ed1ab_0.tar.bz2#f702fa1dbb99bed588e22edeb5d78a5d
https://conda.anaconda.org/conda-forge/noarch/apptools-5.1.0-pyh44b312d_0.tar.bz2#67f86126bb65837378ddd31caff9f420
https://conda.anaconda.org/conda-forge/osx-64/cartopy-0.21.1-py310h578c2b2_0.conda#23c86535a2835b96243a4ae008e77f9e
https://conda.anaconda.org/conda-forge/noarch/datashader-0.14.3-pyh1a96a4e_0.conda#cba05faa9591451a9334f6239f4d363b
https://conda.anaconda.org/conda-forge/noarch/holoviews-1.15.3-pyhd8ed1ab_0.conda#7bd4522dcb7f1bcab13b94576ff5b0da
https://conda.anaconda.org/conda-forge/osx-64/itkwidgets-0.32.0-py38h32f6830_0.tar.bz2#8f43fef55268f5558281892859ffa231
https://conda.anaconda.org/conda-forge/noarch/parquet-cpp-1.5.1-2.tar.bz2#79a5f78c42817594ae016a7896521a97
https://conda.anaconda.org/conda-forge/noarch/python-gmsh-4.11.0-h57928b3_1.conda#f59d24166f7fbfbf8fd06aa05624df09
https://conda.anaconda.org/conda-forge/noarch/rioxarray-0.13.3-pyhd8ed1ab_0.conda#9dd065a2e87736ed4f1c100716b7635a
https://conda.anaconda.org/conda-forge/osx-64/scikit-learn-1.2.0-py310hcebe997_0.conda#0bf9a20847233ba57ea31cba1d115696
https://conda.anaconda.org/conda-forge/noarch/envisage-6.0.1-pyhd8ed1ab_0.tar.bz2#8db88c2ed842243a263041cde57296ca
https://conda.anaconda.org/conda-forge/noarch/geoviews-core-1.9.5-pyha770c72_0.tar.bz2#8bd65a48d838db0a95c3ca14728c3fb5
https://conda.anaconda.org/conda-forge/noarch/hvplot-0.8.2-pyhd8ed1ab_0.conda#71d0b1e7bbe769e41b56daa3392cf2f6
https://conda.anaconda.org/conda-forge/noarch/mapclassify-2.4.3-pyhd8ed1ab_0.tar.bz2#908bbfb54da154042c5cbda77b37a3d1
https://conda.anaconda.org/conda-forge/osx-64/pyarrow-10.0.1-py310hd4a0f31_3_cpu.conda#eee4c904f987ebeac20c42d43adf9ce4
https://conda.anaconda.org/conda-forge/noarch/geopandas-0.12.2-pyhd8ed1ab_0.conda#ee3b330f13297f5839d46e1ca3e57d56
https://conda.anaconda.org/conda-forge/noarch/geoviews-1.9.5-pyhd8ed1ab_0.tar.bz2#f9007ce7406219eb1a4f521dbfd193e7
https://conda.anaconda.org/conda-forge/osx-64/mayavi-4.8.1-py310h4fc472b_3.conda#67ad83b682967e8691e956ad6521a292
https://conda.anaconda.org/conda-forge/noarch/spatialpandas-0.4.6-pyhd8ed1ab_0.conda#2d7f95c2a0d2531be314822d222c54b5
https://conda.anaconda.org/conda-forge/noarch/searvey-0.2.1-pyhd8ed1ab_0.conda#2fd071d53d95bb0e71e8c927aba09e1b
