# Generated by conda-lock.
# platform: osx-64
# input_hash: 05cc7fdbf4e413d90f2454e991303570b8a4b9fcad8ba93246e42b95f23f7794
@EXPLICIT
https://conda.anaconda.org/conda-forge/osx-64/bzip2-1.0.8-h0d85af4_4.tar.bz2#37edc4e6304ca87316e160f5ca0bd1b5
https://conda.anaconda.org/conda-forge/osx-64/c-ares-1.18.1-h0d85af4_0.tar.bz2#00b3e98a61e6430808fe7a2534681f28
https://conda.anaconda.org/conda-forge/osx-64/ca-certificates-2021.10.8-h033912b_0.tar.bz2#bb82d0243db9882b509702ecb69e38f0
https://conda.anaconda.org/conda-forge/noarch/font-ttf-dejavu-sans-mono-2.37-hab24e00_0.tar.bz2#0c96522c6bdaed4b1566d11387caaf45
https://conda.anaconda.org/conda-forge/noarch/font-ttf-inconsolata-3.000-h77eed37_0.tar.bz2#34893075a5c9e55cdafac56607368fc6
https://conda.anaconda.org/conda-forge/noarch/font-ttf-source-code-pro-2.038-h77eed37_0.tar.bz2#4d59c254e01d9cde7957100457e2d5fb
https://conda.anaconda.org/conda-forge/noarch/font-ttf-ubuntu-0.83-hab24e00_0.tar.bz2#19410c3df09dfb12d1206132a1d357c5
https://conda.anaconda.org/conda-forge/osx-64/freexl-1.0.6-h0d85af4_0.tar.bz2#077e147086c0a8ca19071e312a5d12e0
https://conda.anaconda.org/conda-forge/osx-64/giflib-5.2.1-hbcb3906_2.tar.bz2#be8f747c37e4d7e346c133e641966750
https://conda.anaconda.org/conda-forge/osx-64/jpeg-9d-hbcb3906_0.tar.bz2#ff6fba028f282f94ceb10597d58a56e8
https://conda.anaconda.org/conda-forge/osx-64/json-c-0.15-hcb556a6_0.tar.bz2#be82ba36a7d6ffa646c7c2f510727736
https://conda.anaconda.org/conda-forge/osx-64/jxrlib-1.1-h35c211d_2.tar.bz2#1c2379fd9d5d4ecb151231f6282e699d
https://conda.anaconda.org/conda-forge/osx-64/lame-3.100-h35c211d_1001.tar.bz2#6bb207f7b08380ce2bc833bb60f91046
https://conda.anaconda.org/conda-forge/osx-64/libcxx-12.0.1-habf9029_0.tar.bz2#49c188a7f9c7c9ddabafc80cc5625bb7
https://conda.anaconda.org/conda-forge/osx-64/libev-4.33-haf1e3a3_1.tar.bz2#79dc2be110b2a3d1e97ec21f691c50ad
https://conda.anaconda.org/conda-forge/osx-64/libffi-3.4.2-h0d85af4_5.tar.bz2#ccb34fb14960ad8b125962d3d79b31a9
https://conda.anaconda.org/conda-forge/osx-64/libiconv-1.16-haf1e3a3_0.tar.bz2#c5fab167412a52e491c8e11453ae016f
https://conda.anaconda.org/conda-forge/osx-64/libogg-1.3.4-h35c211d_1.tar.bz2#a7ab4b53ef18c598ffaa597230bc3ba1
https://conda.anaconda.org/conda-forge/osx-64/libsodium-1.0.18-hbcb3906_1.tar.bz2#24632c09ed931af617fe6d5292919cab
https://conda.anaconda.org/conda-forge/osx-64/libwebp-base-1.2.1-h0d85af4_0.tar.bz2#8c6f05a6655b7911c62910343ba806d1
https://conda.anaconda.org/conda-forge/osx-64/libzlib-1.2.11-h9173be1_1013.tar.bz2#a3a6a53beaa92c5cfe52ee3a198e78cc
https://conda.anaconda.org/conda-forge/osx-64/llvm-openmp-12.0.1-hda6cdc1_1.tar.bz2#35b1fd6ed9f0f1c68583dc9c9f672513
https://conda.anaconda.org/conda-forge/osx-64/metis-5.1.0-h2e338ed_1006.tar.bz2#ed90f7784864e7c0580624ec3ed5534e
https://conda.anaconda.org/conda-forge/osx-64/mpi-1.0-mpich.tar.bz2#7316a634ed27146b42d28433ec3bc227
https://conda.anaconda.org/conda-forge/osx-64/mysql-common-8.0.25-h694c41f_0.tar.bz2#4cf46259048669d698ee23120b56efbf
https://conda.anaconda.org/conda-forge/osx-64/ncurses-6.2-h2e338ed_4.tar.bz2#9cef1910395d1543527583e73dba30f1
https://conda.anaconda.org/conda-forge/osx-64/nettle-3.6-hedd7734_0.tar.bz2#9c9d5d69c39596b22a7495aef3310a3d
https://conda.anaconda.org/conda-forge/osx-64/pandoc-2.16.1-h0d85af4_0.tar.bz2#5c3b4219d890d63c19b4073ad7171e0f
https://conda.anaconda.org/conda-forge/osx-64/pixman-0.40.0-hbcb3906_0.tar.bz2#09a583a6f172715be21d93aaa1b42d71
https://conda.anaconda.org/conda-forge/noarch/poppler-data-0.4.11-hd8ed1ab_0.tar.bz2#abc27381c4f005da588cffa1f76403ee
https://conda.anaconda.org/conda-forge/osx-64/tzcode-2021e-h0d85af4_0.tar.bz2#b272a5c0a89b135275d63cb3205db314
https://conda.anaconda.org/conda-forge/noarch/tzdata-2021e-he74cb21_0.tar.bz2#a751ec502589ebdc2eceb183ff602569
https://conda.anaconda.org/conda-forge/osx-64/utfcpp-3.2.1-h694c41f_0.tar.bz2#a089d6128d878e22503a1f3a162979d4
https://conda.anaconda.org/conda-forge/osx-64/x264-1!161.3030-h0d85af4_1.tar.bz2#3162269a4e63ed7dcf34ffef591aef94
https://conda.anaconda.org/conda-forge/osx-64/xz-5.2.5-haf1e3a3_1.tar.bz2#41116deb499e9bc58048c297d6403ce6
https://conda.anaconda.org/conda-forge/osx-64/yaml-0.2.5-haf1e3a3_0.tar.bz2#84c2fc186995c25a43e86ed708065572
https://conda.anaconda.org/conda-forge/osx-64/aom-3.2.0-he49afe7_2.tar.bz2#f54c951b03a59383b5da8bb1b8f7a566
https://conda.anaconda.org/conda-forge/osx-64/double-conversion-3.1.5-he49afe7_2.tar.bz2#fe900a8f0ec72c739199b3dd98b92feb
https://conda.anaconda.org/conda-forge/osx-64/eigen-3.4.0-h940c156_0.tar.bz2#f47a426ed1340c966f539c42187e3331
https://conda.anaconda.org/conda-forge/osx-64/expat-2.4.1-he49afe7_0.tar.bz2#61d8ae52fc518342e6e0891f2d2c4104
https://conda.anaconda.org/conda-forge/noarch/fonts-conda-forge-1-0.tar.bz2#f766549260d6815b0c52253f1fb1bb29
https://conda.anaconda.org/conda-forge/osx-64/geos-3.9.1-he49afe7_2.tar.bz2#bd87b3078f6c10345cab62f3f8a6a04e
https://conda.anaconda.org/conda-forge/osx-64/gettext-0.19.8.1-hd1a6beb_1008.tar.bz2#28c370fc39becf486601d9e491a5e184
https://conda.anaconda.org/conda-forge/osx-64/glew-2.1.0-h046ec9c_2.tar.bz2#6b753c8c7e4c46a8eb17b6f1781f958a
https://conda.anaconda.org/conda-forge/osx-64/gmp-6.2.1-h2e338ed_0.tar.bz2#dedc96914428dae572a39e69ee2a392f
https://conda.anaconda.org/conda-forge/osx-64/icu-68.2-he49afe7_0.tar.bz2#c5de93735153d0d334a6b841e763fdb2
https://conda.anaconda.org/conda-forge/osx-64/jasper-1.900.1-h636a363_1006.tar.bz2#3da668fadd9fe0387d68180a21b9c3c7
https://conda.anaconda.org/conda-forge/osx-64/jigsaw-0.9.12-h4a8c4bd_2.tar.bz2#ef2a8d92e0bb7aa15c72185dd8583cf0
https://conda.anaconda.org/conda-forge/osx-64/jsoncpp-1.9.4-h940c156_3.tar.bz2#cff70676e09999f3ce406ca25df1f185
https://conda.anaconda.org/conda-forge/osx-64/libaec-1.0.6-he49afe7_0.tar.bz2#0a49b696f11ed805ee4690479cc5e950
https://conda.anaconda.org/conda-forge/osx-64/libedit-3.1.20191231-h0678c8f_2.tar.bz2#6016a8a1d0e63cac3de2c352cd40208b
https://conda.anaconda.org/conda-forge/osx-64/libgfortran5-9.3.0-h6c81a4c_23.tar.bz2#a6956ceb628b14594613cefee5127a7a
https://conda.anaconda.org/conda-forge/osx-64/libspatialindex-1.9.3-he49afe7_4.tar.bz2#b1c13764417c32fa87fac733caa82a64
https://conda.anaconda.org/conda-forge/osx-64/libvorbis-1.3.7-h046ec9c_0.tar.bz2#fbbda1fede0aadaa252f6919148c4ce1
https://conda.anaconda.org/conda-forge/osx-64/libvpx-1.11.0-he49afe7_3.tar.bz2#4ad2e740535a74d4ab65550b8a41f99f
https://conda.anaconda.org/conda-forge/osx-64/lz4-c-1.9.3-he49afe7_1.tar.bz2#05c08241b66631c00ca4f9e0b75320bc
https://conda.anaconda.org/conda-forge/osx-64/nspr-4.32-hcd9eead_1.tar.bz2#8d7d6d0d86b10bd80e2096058c240a45
https://conda.anaconda.org/conda-forge/osx-64/openssl-1.1.1l-h0d85af4_0.tar.bz2#f7bcdbb7a5dae97030eee20b884b1f8a
https://conda.anaconda.org/conda-forge/osx-64/pcre-8.45-he49afe7_0.tar.bz2#0526850419e04ac003bc0b65a78dc4cc
https://conda.anaconda.org/conda-forge/osx-64/pugixml-1.11.4-he49afe7_0.tar.bz2#69d67c7202c11a51cc0e7f9cda7e49b2
https://conda.anaconda.org/conda-forge/osx-64/rapidjson-1.1.0-hb1e8313_1002.tar.bz2#6393fe5c6c2d496ab76853628bcf10d9
https://conda.anaconda.org/conda-forge/osx-64/readline-8.1-h05e3726_0.tar.bz2#2832e9b6a7caa7cb192fcda6cfcd8871
https://conda.anaconda.org/conda-forge/osx-64/svt-av1-0.8.7-he49afe7_1.tar.bz2#fddfdf6a35dfb6d81a576e45459850eb
https://conda.anaconda.org/conda-forge/osx-64/tbb-2020.2-h940c156_4.tar.bz2#5b12427550a7a818ce9275ae5dcf6258
https://conda.anaconda.org/conda-forge/osx-64/x265-3.5-h940c156_1.tar.bz2#9d5a39ab5533e659c0841b13efaabbb4
https://conda.anaconda.org/conda-forge/osx-64/zeromq-4.3.4-he49afe7_1.tar.bz2#1972d732b123ed04b60fd21e94f0b178
https://conda.anaconda.org/conda-forge/osx-64/zlib-1.2.11-h9173be1_1013.tar.bz2#cf985617d679990418c380099620b01a
https://conda.anaconda.org/conda-forge/noarch/fonts-conda-ecosystem-1-0.tar.bz2#fee5683a3f04bd15cbd8318b096a27ab
https://conda.anaconda.org/conda-forge/osx-64/gnutls-3.6.13-h756fd2b_1.tar.bz2#cf812214a917b4d48ce536d427770ec9
https://conda.anaconda.org/conda-forge/osx-64/hdf4-4.2.15-hefd3b78_3.tar.bz2#07bbe01a1cabdb9ec0d35524e09f4db4
https://conda.anaconda.org/conda-forge/osx-64/ilmbase-2.5.5-hfab91a5_0.tar.bz2#434cbfe71ef5270c61ae9290afac10d6
https://conda.anaconda.org/conda-forge/osx-64/libgfortran-5.0.0-9_3_0_h6c81a4c_23.tar.bz2#60f48cef2d50674e0428c5579b6c3f66
https://conda.anaconda.org/conda-forge/osx-64/libglib-2.70.1-hf1fb8c0_0.tar.bz2#2ce03b08f71746b42d583ecc30d8c845
https://conda.anaconda.org/conda-forge/osx-64/libllvm10-10.0.1-h009f743_3.tar.bz2#cc65eb0b26253d2789320bfd661852f9
https://conda.anaconda.org/conda-forge/osx-64/libllvm11-11.1.0-hd011deb_2.tar.bz2#2fb85f4602db53d72af74732ac23df59
https://conda.anaconda.org/conda-forge/osx-64/libnghttp2-1.43.0-h6f36284_1.tar.bz2#8489d081927ce544b21a64c9e1c254ee
https://conda.anaconda.org/conda-forge/osx-64/libpng-1.6.37-h7cec526_2.tar.bz2#9e52521faba2b53269672628d34e1513
https://conda.anaconda.org/conda-forge/osx-64/librttopo-1.1.0-h5413771_6.tar.bz2#d9872d8a6a79a806cda67821b61dcfad
https://conda.anaconda.org/conda-forge/osx-64/libssh2-1.10.0-h52ee1ee_2.tar.bz2#8c8f3804e8e252b47443cfe8e40eddf9
https://conda.anaconda.org/conda-forge/osx-64/libxml2-2.9.12-h93ec3fd_0.tar.bz2#3bb7e5cd72ee6520ce6e26600a1283db
https://conda.anaconda.org/conda-forge/osx-64/openh264-2.1.1-hfd3ada9_0.tar.bz2#468e32402dae56c73b29fb74160a9b2a
https://conda.anaconda.org/conda-forge/osx-64/sqlite-3.36.0-h23a322b_2.tar.bz2#9683f769193cd3148dc1fbeb59093921
https://conda.anaconda.org/conda-forge/osx-64/tbb-devel-2020.2-h940c156_4.tar.bz2#3ecdcd55e2021cda4bac87ad9f3ee0b7
https://conda.anaconda.org/conda-forge/osx-64/tk-8.6.11-h5dbffcc_1.tar.bz2#e35b11155bd70facee39dfdec7368ad0
https://conda.anaconda.org/conda-forge/osx-64/xerces-c-3.2.3-h379762d_3.tar.bz2#6ccb9a3fa3e1115f0a19af9a31f0131f
https://conda.anaconda.org/conda-forge/osx-64/zstd-1.4.9-h582d3a0_0.tar.bz2#551e04087371339ee63524f2988faa62
https://conda.anaconda.org/conda-forge/osx-64/boost-cpp-1.74.0-hbdcdab7_3.tar.bz2#61ca86836981730ce63be5ef0d2b1765
https://conda.anaconda.org/conda-forge/osx-64/freetype-2.10.4-h4cff582_1.tar.bz2#5a136a432c6062362cd7990c514bd8d6
https://conda.anaconda.org/conda-forge/osx-64/gl2ps-1.4.2-h4cff582_0.tar.bz2#a9e91533b95cd019d58f4b3ef9bbddf0
https://conda.anaconda.org/conda-forge/osx-64/glib-tools-2.70.1-hcf210ce_0.tar.bz2#66b9f2dd2f5de6fa39f10cd7a14794f9
https://conda.anaconda.org/conda-forge/osx-64/krb5-1.19.2-hcfbf3a7_3.tar.bz2#22a613e8000ad9c0d8a14c5ca1e8e40b
https://conda.anaconda.org/conda-forge/osx-64/libclang-11.1.0-default_he082bbe_1.tar.bz2#f402dd3a01e225f5d58084d2dcb128a7
https://conda.anaconda.org/conda-forge/osx-64/libopenblas-0.3.18-openmp_h3351f45_0.tar.bz2#a0636ed965924977a848fd0d0258cf17
https://conda.anaconda.org/conda-forge/osx-64/libtheora-1.1.1-h0d85af4_1005.tar.bz2#e63b84ed4c2d84901332de92a98a2f2b
https://conda.anaconda.org/conda-forge/osx-64/libtiff-4.2.0-h46d1c8c_2.tar.bz2#37bb06418d6114913f052f2064b21ba9
https://conda.anaconda.org/conda-forge/osx-64/mpich-3.4.2-hd33e60e_100.tar.bz2#8f44f52de895854bbc0567e84b6ffe70
https://conda.anaconda.org/conda-forge/osx-64/mysql-libs-8.0.25-h54f5a68_0.tar.bz2#54f67c33b2cdfd28a2d5de03a680b047
https://conda.anaconda.org/conda-forge/osx-64/nss-3.72-h31e2bf1_0.tar.bz2#230f0e26413a570616a4999d4b3052f2
https://conda.anaconda.org/conda-forge/osx-64/openexr-2.5.5-h7fa7ffa_0.tar.bz2#dbfd0fd54f078d557c6e787fa25fc19a
https://conda.anaconda.org/conda-forge/osx-64/python-3.8.12-h17280f6_2_cpython.tar.bz2#bb51db91a60b2845e967083e6fa144d7
https://conda.anaconda.org/conda-forge/osx-64/tiledb-2.2.9-he9a4fb4_0.tar.bz2#2fdef59e3c478c430d628c696328aaa8
https://conda.anaconda.org/conda-forge/noarch/affine-2.3.0-py_0.tar.bz2#5a9bfe23652d0ad9aa27e56cd75bfe33
https://conda.anaconda.org/conda-forge/noarch/appdirs-1.4.4-pyh9f0ad1d_0.tar.bz2#5f095bc6454094e96f146491fd03633b
https://conda.anaconda.org/conda-forge/noarch/async_generator-1.10-py_0.tar.bz2#d56c596e61b1c4952acf0a9920856c12
https://conda.anaconda.org/conda-forge/noarch/attrs-21.2.0-pyhd8ed1ab_0.tar.bz2#d2e1c7f388ac403df7079b411c37cc50
https://conda.anaconda.org/conda-forge/noarch/backcall-0.2.0-pyh9f0ad1d_0.tar.bz2#6006a6d08a3fa99268a2681c7fb55213
https://conda.anaconda.org/conda-forge/noarch/backports-1.0-py_2.tar.bz2#0da16b293affa6ac31812376f8eb79dd
https://conda.anaconda.org/conda-forge/noarch/cached_property-1.5.2-pyha770c72_1.tar.bz2#576d629e47797577ab0f1b351297ef4a
https://conda.anaconda.org/conda-forge/noarch/charset-normalizer-2.0.0-pyhd8ed1ab_0.tar.bz2#4a57e24d5b759893615c05926b7b5fb9
https://conda.anaconda.org/conda-forge/noarch/click-7.1.2-pyh9f0ad1d_0.tar.bz2#bd50a970ce07e660c319fdc4d730d3f1
https://conda.anaconda.org/conda-forge/noarch/cloudpickle-2.0.0-pyhd8ed1ab_0.tar.bz2#3a8fc8b627d5fb6af827e126a10a86c6
https://conda.anaconda.org/conda-forge/noarch/colorama-0.4.4-pyh9f0ad1d_0.tar.bz2#c08b4c1326b880ed44f3ffb04803332f
https://conda.anaconda.org/conda-forge/noarch/cycler-0.11.0-pyhd8ed1ab_0.tar.bz2#a50559fad0affdbb33729a68669ca1cb
https://conda.anaconda.org/conda-forge/noarch/decorator-4.4.2-py_0.tar.bz2#d2eabb9cabd212e1ec6a9463bd846243
https://conda.anaconda.org/conda-forge/noarch/defusedxml-0.7.1-pyhd8ed1ab_0.tar.bz2#961b3a227b437d82ad7054484cfa71b2
https://conda.anaconda.org/conda-forge/noarch/f90nml-1.3.1-pyhd8ed1ab_0.tar.bz2#b4bda9ec19f8e393103e2c3cb1ed2061
https://conda.anaconda.org/conda-forge/osx-64/ffmpeg-4.4.1-h79e7b16_0.tar.bz2#40f77682a23f105b3f55ed9983cb914a
https://conda.anaconda.org/conda-forge/osx-64/fontconfig-2.13.1-h10f422b_1005.tar.bz2#95d7756fee0926aa2b6d111299c173f7
https://conda.anaconda.org/conda-forge/noarch/fsspec-2021.11.0-pyhd8ed1ab_0.tar.bz2#4dc640d7025327ae332e7ff3658ade6e
https://conda.anaconda.org/conda-forge/osx-64/glib-2.70.1-hcf210ce_0.tar.bz2#4445447e3c04d0e51660f391487e2734
https://conda.anaconda.org/conda-forge/noarch/heapdict-1.0.1-py_0.tar.bz2#77242bfb1e74a627fb06319b5a2d3b95
https://conda.anaconda.org/conda-forge/noarch/idna-3.1-pyhd3deb0d_0.tar.bz2#9c9aea4b8391264477df484f798562d0
https://conda.anaconda.org/conda-forge/noarch/ipython_genutils-0.2.0-py_1.tar.bz2#5071c982548b3a20caf70462f04f5287
https://conda.anaconda.org/conda-forge/noarch/jupyterlab_widgets-1.0.2-pyhd8ed1ab_0.tar.bz2#eaff56fe28d1236076aa3bb13c35b434
https://conda.anaconda.org/conda-forge/osx-64/lcms2-2.12-h577c468_0.tar.bz2#abce77b852b73670e85e104746b0ea1b
https://conda.anaconda.org/conda-forge/osx-64/libblas-3.9.0-12_osx64_openblas.tar.bz2#3d38a706f06849a4b08f8a3f642bec93
https://conda.anaconda.org/conda-forge/osx-64/libcurl-7.80.0-hf45b732_0.tar.bz2#7392331a2824bfd4304d810f88d435f9
https://conda.anaconda.org/conda-forge/osx-64/libkml-1.3.0-h8fd9edb_1014.tar.bz2#10d981c033091fd139cb9914a495cc30
https://conda.anaconda.org/conda-forge/osx-64/libpq-13.3-hea3049e_3.tar.bz2#90cdb771f582d41446f042ded01d1f99
https://conda.anaconda.org/conda-forge/noarch/locket-0.2.0-py_2.tar.bz2#709e8671651c7ec3d1ad07800339ff1d
https://conda.anaconda.org/conda-forge/noarch/nest-asyncio-1.5.1-pyhd8ed1ab_0.tar.bz2#47a51a5b8f9cc41004c8d7bd88b62447
https://conda.anaconda.org/conda-forge/noarch/olefile-0.46-pyh9f0ad1d_1.tar.bz2#0b2e68acc8c78c8cc392b90983481f58
https://conda.anaconda.org/conda-forge/osx-64/openjpeg-2.4.0-h6e7aa92_1.tar.bz2#c8cbb6d99f6467246ac26a139256e50f
https://conda.anaconda.org/conda-forge/noarch/pandocfilters-1.5.0-pyhd8ed1ab_0.tar.bz2#457c2c8c08e54905d6954e79cb5b5db9
https://conda.anaconda.org/conda-forge/noarch/param-1.12.0-pyh6c4a22f_0.tar.bz2#fe68d614336ad99a3bede46e0c6ca26b
https://conda.anaconda.org/conda-forge/osx-64/parmetis-4.0.3-hb7fa8f8_1005.tar.bz2#93c34a9e24211ed262743444fd187f4d
https://conda.anaconda.org/conda-forge/noarch/parso-0.8.2-pyhd8ed1ab_0.tar.bz2#fb40b157bd62b457a1cc82527b63f0b0
https://conda.anaconda.org/conda-forge/noarch/prometheus_client-0.12.0-pyhd8ed1ab_0.tar.bz2#d7b366cccdf2c1e8ebdddbfff7c2ba00
https://conda.anaconda.org/conda-forge/noarch/ptyprocess-0.7.0-pyhd3deb0d_0.tar.bz2#359eeb6536da0e687af562ed265ec263
https://conda.anaconda.org/conda-forge/noarch/pycparser-2.21-pyhd8ed1ab_0.tar.bz2#076becd9e05608f8dc72757d5f3a91ff
https://conda.anaconda.org/conda-forge/noarch/pyparsing-2.4.7-pyhd8ed1ab_1.tar.bz2#49cdb8bb03aab9dd1e9e1b30ee2e970c
https://conda.anaconda.org/conda-forge/noarch/pyshp-2.1.3-pyh44b312d_0.tar.bz2#2d1867b980785eb44b8122184d8b42a6
https://conda.anaconda.org/conda-forge/osx-64/python_abi-3.8-2_cp38.tar.bz2#156803acb0247c263c9586f190b72f1c
https://conda.anaconda.org/conda-forge/noarch/pytz-2021.3-pyhd8ed1ab_0.tar.bz2#7e4f811bff46a5a6a7e0094921389395
https://conda.anaconda.org/conda-forge/noarch/scooby-0.5.7-pyhd8ed1ab_0.tar.bz2#28afd49bf7257847fe2d2c816c5649c7
https://conda.anaconda.org/conda-forge/noarch/send2trash-1.8.0-pyhd8ed1ab_0.tar.bz2#edab14119efe85c3bf131ad747e9005c
https://conda.anaconda.org/conda-forge/noarch/six-1.16.0-pyh6c4a22f_0.tar.bz2#e5f25f8dbc060e9a8d912e432202afc2
https://conda.anaconda.org/conda-forge/noarch/sortedcontainers-2.4.0-pyhd8ed1ab_0.tar.bz2#6d6552722448103793743dabfbda532d
https://conda.anaconda.org/conda-forge/noarch/tblib-1.7.0-pyhd8ed1ab_0.tar.bz2#3d4afc31302aa7be471feb6be048ed76
https://conda.anaconda.org/conda-forge/noarch/testpath-0.5.0-pyhd8ed1ab_0.tar.bz2#53b57d6a468bebc7cef1253b177a5e9e
https://conda.anaconda.org/conda-forge/noarch/threadpoolctl-3.0.0-pyh8a188c0_0.tar.bz2#bc3c2909c20635e854f5e533c436cbad
https://conda.anaconda.org/conda-forge/noarch/toolz-0.11.2-pyhd8ed1ab_0.tar.bz2#f348d1590550371edfac5ed3c1d44f7e
https://conda.anaconda.org/conda-forge/noarch/traitlets-5.1.1-pyhd8ed1ab_0.tar.bz2#a1bc9765ef9499760e88f568b3a6622c
https://conda.anaconda.org/conda-forge/noarch/typing_extensions-3.10.0.2-pyha770c72_0.tar.bz2#85dfd487a244bbe2cf7019ce8a39b5bc
https://conda.anaconda.org/conda-forge/noarch/webencodings-0.5.1-py_1.tar.bz2#3563be4c5611a44210d9ba0c16113136
https://conda.anaconda.org/conda-forge/noarch/wheel-0.37.0-pyhd8ed1ab_1.tar.bz2#3aa2c3e25dd361b453d010388b9cdff1
https://conda.anaconda.org/conda-forge/noarch/xyzservices-2021.11.0-pyhd8ed1ab_0.tar.bz2#f9df7fdbc9dd56ea10d75a85280ace37
https://conda.anaconda.org/conda-forge/noarch/zipp-3.6.0-pyhd8ed1ab_0.tar.bz2#855e2c4622f5eb50a4f6f7167b9ba17a
https://conda.anaconda.org/conda-forge/osx-64/appnope-0.1.2-py38h50d1736_2.tar.bz2#4dea050b3a423d4944c5ae0fc5a00718
https://conda.anaconda.org/conda-forge/noarch/cached-property-1.5.2-hd8ed1ab_1.tar.bz2#9b347a7ec10940d3f7941ff6c460b551
https://conda.anaconda.org/conda-forge/osx-64/cairo-1.16.0-he43a7df_1008.tar.bz2#9a7c5be2c238f69157979bd1987bac82
https://conda.anaconda.org/conda-forge/osx-64/certifi-2021.10.8-py38h50d1736_1.tar.bz2#c45ff53e0b329fe61b3f0cfdd37fa0fa
https://conda.anaconda.org/conda-forge/osx-64/cffi-1.15.0-py38h1a44b6c_0.tar.bz2#3ec046bfb079a655aeba431cc7371ab7
https://conda.anaconda.org/conda-forge/osx-64/cfitsio-3.470-h01dc385_7.tar.bz2#7f3e6254480eeccf854238807b1798d9
https://conda.anaconda.org/conda-forge/osx-64/chardet-4.0.0-py38h50d1736_1.tar.bz2#78e43861bd8d39b948feaa1715b22851
https://conda.anaconda.org/conda-forge/noarch/click-plugins-1.1.1-py_0.tar.bz2#4fd2c6b53934bd7d96d1f3fdaf99b79f
https://conda.anaconda.org/conda-forge/noarch/cligj-0.7.2-pyhd8ed1ab_1.tar.bz2#a29b7c141d6b2de4bb67788a5f107734
https://conda.anaconda.org/conda-forge/osx-64/colorlog-6.6.0-py38h50d1736_0.tar.bz2#9b83c3352d77473b709eac947d441652
https://conda.anaconda.org/conda-forge/noarch/configobj-5.0.6-py_0.tar.bz2#e46ba874295e2eda5593650895777913
https://conda.anaconda.org/conda-forge/osx-64/curl-7.80.0-hf45b732_0.tar.bz2#e1cf701742a3d300f666e2ac29779469
https://conda.anaconda.org/conda-forge/osx-64/cytoolz-0.11.2-py38h96a0964_1.tar.bz2#39345a73296f58f6e4af60bcf1e20a0f
https://conda.anaconda.org/conda-forge/osx-64/dbus-1.13.6-ha13b53f_2.tar.bz2#419c24c09b564083e2407afe507e0266
https://conda.anaconda.org/conda-forge/osx-64/debugpy-1.5.1-py38ha048514_0.tar.bz2#620c77c2403845e86d7f9737147e7546
https://conda.anaconda.org/conda-forge/osx-64/entrypoints-0.3-py38h32f6830_1002.tar.bz2#9c7780ba3fe9fd2c15ea2830705de3a2
https://conda.anaconda.org/conda-forge/osx-64/hdf5-1.10.6-mpi_mpich_h8c5dddf_1013.tar.bz2#e6eeb92b3b6f650b7a238e6ef20cad8f
https://conda.anaconda.org/conda-forge/osx-64/importlib-metadata-4.8.2-py38h50d1736_0.tar.bz2#96ef33c3899b3447609565e0dc74838c
https://conda.anaconda.org/conda-forge/noarch/importlib_resources-5.4.0-pyhd8ed1ab_0.tar.bz2#9fb134dbabe7851a9d71411064b2c30d
https://conda.anaconda.org/conda-forge/osx-64/jedi-0.18.0-py38h50d1736_3.tar.bz2#3c45b73d94f657cb4b90b313c7050a50
https://conda.anaconda.org/conda-forge/osx-64/jupyter_core-4.9.1-py38h50d1736_1.tar.bz2#de93889b20a6d255c6773e0fa665a32d
https://conda.anaconda.org/conda-forge/osx-64/kiwisolver-1.3.2-py38h12bbefe_1.tar.bz2#91e9cf68d537e46389637490a180a997
https://conda.anaconda.org/conda-forge/osx-64/libcblas-3.9.0-12_osx64_openblas.tar.bz2#0cb9afc4cfdc6e95aa38328fc1befa05
https://conda.anaconda.org/conda-forge/osx-64/liblapack-3.9.0-12_osx64_openblas.tar.bz2#ca35c8b85ced3a53059c7a001518cbae
https://conda.anaconda.org/conda-forge/osx-64/libraw-0.20.2-hefd3b78_1.tar.bz2#e09c37070ce3ed7ef03204bebb884ede
https://conda.anaconda.org/conda-forge/osx-64/llvmlite-0.36.0-py38h872f124_0.tar.bz2#4f2f6cb8e2212d9933fbf8729c5641e5
https://conda.anaconda.org/conda-forge/osx-64/loguru-0.5.3-py38h50d1736_3.tar.bz2#90b4628eab1c6e4ad56e9914a7be4b0c
https://conda.anaconda.org/conda-forge/osx-64/markupsafe-2.0.1-py38h96a0964_1.tar.bz2#a59c3faacc9e46aa672bc1d82231b047
https://conda.anaconda.org/conda-forge/noarch/matplotlib-inline-0.1.3-pyhd8ed1ab_0.tar.bz2#be3bfd435802d2c768c6b2439f325f3d
https://conda.anaconda.org/conda-forge/osx-64/mistune-0.8.4-py38h96a0964_1005.tar.bz2#a14d167114e875843dde8171e2f67dac
https://conda.anaconda.org/conda-forge/osx-64/msgpack-python-1.0.2-py38h12bbefe_2.tar.bz2#6f5e6f76524b9479f3f9bda8162a86a0
https://conda.anaconda.org/conda-forge/noarch/multipledispatch-0.6.0-py_0.tar.bz2#1073dc92c8f247d94ac14dd79ca0bbec
https://conda.anaconda.org/conda-forge/noarch/packaging-21.2-pyhd8ed1ab_1.tar.bz2#80ab704308a0c870245dc4cb62c6c156
https://conda.anaconda.org/conda-forge/noarch/partd-1.2.0-pyhd8ed1ab_0.tar.bz2#0c32f563d7f22e3a34c95cad8cc95651
https://conda.anaconda.org/conda-forge/osx-64/pexpect-4.8.0-py38h32f6830_1.tar.bz2#07ca6ed2e07c8e8fae33a9d08ae245a4
https://conda.anaconda.org/conda-forge/osx-64/pickleshare-0.7.5-py38h32f6830_1002.tar.bz2#33251ce80cb0e912b3576408f238caaf
https://conda.anaconda.org/conda-forge/osx-64/pillow-8.2.0-py38h83525de_1.tar.bz2#3c9e0748d7473ed3a3a2a5643201ba7c
https://conda.anaconda.org/conda-forge/osx-64/postgresql-13.3-he8fe76e_3.tar.bz2#0e8b6358bb02c6b60d8d6859ee1e8c47
https://conda.anaconda.org/conda-forge/osx-64/proj-7.2.0-h78d1473_2.tar.bz2#3d1cbf2f7d932f2d0fef10267bf787f8
https://conda.anaconda.org/conda-forge/osx-64/psutil-5.8.0-py38h96a0964_2.tar.bz2#be5aebb022e96bfd957cb46f7e623edf
https://conda.anaconda.org/conda-forge/noarch/pyct-core-0.4.6-py_0.tar.bz2#55ec526f95e0959de3f68bc6289a20da
https://conda.anaconda.org/conda-forge/osx-64/pyqt5-sip-4.19.18-py38h1d3b384_8.tar.bz2#5e95c86d4d4e1f07ce44940abec46083
https://conda.anaconda.org/conda-forge/osx-64/pyrsistent-0.18.0-py38h96a0964_0.tar.bz2#b5a1516cbe770e4f506506d46dc47954
https://conda.anaconda.org/conda-forge/osx-64/pysocks-1.7.1-py38h50d1736_4.tar.bz2#370661c5f32664ba6b9725647f2b3b15
https://conda.anaconda.org/conda-forge/noarch/python-dateutil-2.8.2-pyhd8ed1ab_0.tar.bz2#dd999d1cc9f79e67dbb855c8924c7984
https://conda.anaconda.org/conda-forge/noarch/pyviz_comms-2.1.0-pyhd8ed1ab_0.tar.bz2#9b3f9639f96de0242e0d96f7862c1bc8
https://conda.anaconda.org/conda-forge/osx-64/pyyaml-6.0-py38h96a0964_3.tar.bz2#7b052800b7fd4159459c3c025710fce1
https://conda.anaconda.org/conda-forge/osx-64/pyzmq-22.3.0-py38hd3b92b6_1.tar.bz2#52ded1178ce8903605cf359c2a6d9533
https://conda.anaconda.org/conda-forge/osx-64/qt-5.12.9-h126340a_4.tar.bz2#3fd8d112f817bc29a2ff8f508b815845
https://conda.anaconda.org/conda-forge/osx-64/rtree-0.9.7-py38hc59ffc2_2.tar.bz2#5ab9dbd8f15b6c71b504ecfd7f5e02c3
https://conda.anaconda.org/conda-forge/osx-64/setuptools-59.1.1-py38h50d1736_0.tar.bz2#84c25297042f8659bb93686bbc5d42cc
https://conda.anaconda.org/conda-forge/osx-64/tornado-6.1-py38h96a0964_2.tar.bz2#b0d3b8b55486dfd64167129b439e3959
https://conda.anaconda.org/conda-forge/noarch/tqdm-4.62.3-pyhd8ed1ab_0.tar.bz2#24ed42db084efd6e615babec03c2b460
https://conda.anaconda.org/conda-forge/osx-64/traits-6.3.2-py38h96a0964_0.tar.bz2#bf824fe73a83dbb80d3533e34ed7fb34
https://conda.anaconda.org/conda-forge/noarch/traittypes-0.2.1-pyh9f0ad1d_2.tar.bz2#7d32ccb5334a6822c28af3e864550618
https://conda.anaconda.org/conda-forge/noarch/zict-2.0.0-py_0.tar.bz2#4750152be22f24d695b3004c5e1712d3
https://conda.anaconda.org/conda-forge/osx-64/argon2-cffi-21.1.0-py38h96a0964_2.tar.bz2#abb5bf3d2bef783f4d241b068746c818
https://conda.anaconda.org/conda-forge/noarch/backports.functools_lru_cache-1.6.4-pyhd8ed1ab_0.tar.bz2#c5b3edc62d6309088f4970b3eaaa65a6
https://conda.anaconda.org/conda-forge/noarch/bleach-4.1.0-pyhd8ed1ab_0.tar.bz2#4a2104c7b22c222bd0fe03aaef12862c
https://conda.anaconda.org/conda-forge/osx-64/brotlipy-0.7.0-py38h96a0964_1003.tar.bz2#3346798a1556f3d196147b33bc8c3651
https://conda.anaconda.org/conda-forge/osx-64/cryptography-35.0.0-py38h56c4533_2.tar.bz2#98bf9c679da355c82727b1a5e0092830
https://conda.anaconda.org/conda-forge/noarch/dask-core-2021.11.1-pyhd8ed1ab_0.tar.bz2#9737b8117bd1b2b7e5e666330184d5db
https://conda.anaconda.org/conda-forge/osx-64/freeimage-3.18.0-h7d96ac2_7.tar.bz2#0ba9918ee4cdb1a33a4738eeae194d44
https://conda.anaconda.org/conda-forge/osx-64/geotiff-1.6.0-h4fce3c3_4.tar.bz2#e3b8964148f1f8e307956186e4b51575
https://conda.anaconda.org/conda-forge/noarch/imageio-ffmpeg-0.4.5-pyhd8ed1ab_0.tar.bz2#36261aceb9f073b789f4d3dbba14c5e6
https://conda.anaconda.org/conda-forge/noarch/importlib_metadata-4.8.2-hd8ed1ab_0.tar.bz2#4fcc9776fdf4c35c5a10662bbbd21a61
https://conda.anaconda.org/conda-forge/noarch/jinja2-3.0.3-pyhd8ed1ab_0.tar.bz2#036d872c653780cb26e797e2e2f61b4c
https://conda.anaconda.org/conda-forge/noarch/joblib-1.1.0-pyhd8ed1ab_0.tar.bz2#07d1b5c8cde14d95998fd4767e1e62d2
https://conda.anaconda.org/conda-forge/noarch/jsonschema-4.2.1-pyhd8ed1ab_0.tar.bz2#0a4d10a794fc48016d8d0453365180ad
https://conda.anaconda.org/conda-forge/noarch/jupyter_client-7.0.6-pyhd8ed1ab_0.tar.bz2#bad4522cf4a022cb5500969ad67c3342
https://conda.anaconda.org/conda-forge/osx-64/kealib-1.4.14-h31dd65d_2.tar.bz2#a6748170c0d1444fb46a330d2553ca3e
https://conda.anaconda.org/conda-forge/osx-64/libdap4-3.20.6-h3e144a0_2.tar.bz2#55e0706347eb18f3616808366236bcaa
https://conda.anaconda.org/conda-forge/osx-64/libnetcdf-4.7.4-mpi_mpich_h2865646_7.tar.bz2#bd9d0dc2880ed3e2a01215ddecfd202b
https://conda.anaconda.org/conda-forge/osx-64/libspatialite-5.0.1-h395434c_3.tar.bz2#c7c401643a067c87d2aae82e166703e1
https://conda.anaconda.org/conda-forge/noarch/markdown-3.3.4-pyhd8ed1ab_0.tar.bz2#b8054f74fbed2b282f032219f114421a
https://conda.anaconda.org/conda-forge/noarch/munch-2.5.0-py_0.tar.bz2#31d9e9be500e25ff0050bc9f57a6bcd7
https://conda.anaconda.org/conda-forge/osx-64/numpy-1.21.4-py38h49b9922_0.tar.bz2#e363988333df6b4eca5c1088a0083813
https://conda.anaconda.org/conda-forge/noarch/pip-21.3.1-pyhd8ed1ab_0.tar.bz2#e4fe2a9af78ff11f1aced7e62128c6a8
https://conda.anaconda.org/conda-forge/osx-64/poppler-0.89.0-hd735947_5.tar.bz2#8ccadd857799b0f550e86399b44c473b
https://conda.anaconda.org/conda-forge/noarch/proglog-0.1.9-py_0.tar.bz2#44097cef7b32dcbf7d281f13f6983ac2
https://conda.anaconda.org/conda-forge/noarch/pygments-2.10.0-pyhd8ed1ab_0.tar.bz2#32bcce837f1316f1c3208118b6c5e5fc
https://conda.anaconda.org/conda-forge/osx-64/pyproj-3.1.0-py38h5bbac10_3.tar.bz2#b933e3e49baa3678aa55488f027cb648
https://conda.anaconda.org/conda-forge/osx-64/pyqt-impl-5.12.3-py38hb240fba_8.tar.bz2#50d5cf40357d543e90f5b3b62692ab09
https://conda.anaconda.org/conda-forge/osx-64/terminado-0.12.1-py38h50d1736_1.tar.bz2#0fcebde856ffb367b4a9e7c6e3d3ab3c
https://conda.anaconda.org/conda-forge/osx-64/zstandard-0.16.0-py38h96a0964_2.tar.bz2#b0de664ae6988e010403c52ea24f9285
https://conda.anaconda.org/conda-forge/osx-64/bokeh-2.4.1-py38h50d1736_2.tar.bz2#cfb4f1d56aad8e2d4200a27d9e43ac19
https://conda.anaconda.org/conda-forge/noarch/branca-0.4.2-pyhd8ed1ab_0.tar.bz2#836c975d3ae4f21c3cd047c10b15a7cf
https://conda.anaconda.org/conda-forge/osx-64/cftime-1.5.1.1-py38hbe852b5_1.tar.bz2#685503db069b5c54458ca61576d12f28
https://conda.anaconda.org/conda-forge/noarch/datashape-0.5.4-py_1.tar.bz2#50ddfce434ea596fc4497085f403a9d5
https://conda.anaconda.org/conda-forge/osx-64/distributed-2021.11.1-py38h50d1736_0.tar.bz2#fff3ff55ef878866101fa0170ca3775a
https://conda.anaconda.org/conda-forge/osx-64/eccodes-2.21.0-h136bbf5_0.tar.bz2#c7f0b36735c7d8e897c44e8ff8aaabe6
https://conda.anaconda.org/conda-forge/osx-64/h5py-3.3.0-nompi_py38h9a16e60_100.tar.bz2#bdda655982f1cda1359102f5773feba0
https://conda.anaconda.org/conda-forge/noarch/imageio-2.9.0-py_0.tar.bz2#62ad9e579278e777d4abaa8c9312b6a7
https://conda.anaconda.org/conda-forge/osx-64/itk-5.1.2-py38h50d1736_0.tar.bz2#2528c775b64c32f3b6cea6a5edb7c4be
https://conda.anaconda.org/conda-forge/noarch/jupyterlab_pygments-0.1.2-pyh9f0ad1d_0.tar.bz2#2cbd910890bb328e8959246a1e16fac7
https://conda.anaconda.org/conda-forge/osx-64/libgdal-3.2.1-h62a8350_7.tar.bz2#b80d7281311eed8244aaf1051fcbb59e
https://conda.anaconda.org/conda-forge/osx-64/matplotlib-base-3.4.3-py38hc7d2367_2.tar.bz2#a78a8035d8f4ac2e941581d76c8eec08
https://conda.anaconda.org/conda-forge/noarch/nbformat-5.1.3-pyhd8ed1ab_0.tar.bz2#bafa5df6d4f8db69a4d197b4657127e7
https://conda.anaconda.org/conda-forge/osx-64/netcdf-fortran-4.5.3-mpi_mpich_hc610113_3.tar.bz2#21085769c27fbb1dd152191b1c3801e4
https://conda.anaconda.org/conda-forge/osx-64/numba-0.53.1-py38h5b9a75a_1.tar.bz2#b547323b20986d1d2fc3307b9b663345
https://conda.anaconda.org/conda-forge/osx-64/pandas-1.3.4-py38ha53d530_1.tar.bz2#98675e6d1f1f54ec523faf627c3faf29
https://conda.anaconda.org/conda-forge/osx-64/pygeos-0.10.2-py38h1830c62_0.tar.bz2#9b2722ee73b9b59596af7fd3d540c6a7
https://conda.anaconda.org/conda-forge/osx-64/pykdtree-1.3.4-py38hbe852b5_1.tar.bz2#cb224a53564da388a019e7eaee6b9688
https://conda.anaconda.org/conda-forge/noarch/pyopenssl-21.0.0-pyhd8ed1ab_0.tar.bz2#8c49efecb7dca466e18b06015e8c88ce
https://conda.anaconda.org/conda-forge/osx-64/pyqtchart-5.12-py38hb240fba_8.tar.bz2#cfd29ba0ea0185728412d10b6891fc0b
https://conda.anaconda.org/conda-forge/osx-64/pyqtwebengine-5.12.1-py38hb240fba_8.tar.bz2#57c65f38d7b2b74e14a1a89a0f44649d
https://conda.anaconda.org/conda-forge/osx-64/scipy-1.7.2-py38hd329d04_0.tar.bz2#33845f3b22b60ea01e4db82053a58fe5
https://conda.anaconda.org/conda-forge/osx-64/shapely-1.7.1-py38h1830c62_5.tar.bz2#5a9458004993e1f73108a6ce6747c847
https://conda.anaconda.org/conda-forge/noarch/snuggs-1.4.7-py_0.tar.bz2#cb83a3d6ecf73f50117635192414426a
https://conda.anaconda.org/conda-forge/osx-64/vtk-9.0.1-no_osmesa_py38ha4a10eb_106.tar.bz2#279af8c2d31e494c315924ede781a065
https://conda.anaconda.org/conda-forge/noarch/wcwidth-0.2.5-pyh9f0ad1d_2.tar.bz2#5266fcd697043c59621fda522b3d78ee
https://conda.anaconda.org/conda-forge/osx-64/cartopy-0.19.0.post1-py38h4be4431_1.tar.bz2#4d0917213e2103f6df4ca69cf7c5682e
https://conda.anaconda.org/conda-forge/noarch/dask-2021.11.1-pyhd8ed1ab_0.tar.bz2#80e9c01969a48befbb315f402e64251d
https://conda.anaconda.org/conda-forge/noarch/descartes-1.1.0-py_4.tar.bz2#32fa3526c15250ccf353f1ce905f50b3
https://conda.anaconda.org/conda-forge/osx-64/gdal-3.2.1-py38hcd0f73a_7.tar.bz2#fe33f7f29b5f69639f49c1d66118550a
https://conda.anaconda.org/conda-forge/noarch/geopandas-base-0.10.2-pyha770c72_0.tar.bz2#50c65c070517621d4d27756ba2431e13
https://conda.anaconda.org/conda-forge/osx-64/matplotlib-3.4.3-py38h50d1736_2.tar.bz2#e36085543f807ffe3853cfb55fdb8744
https://conda.anaconda.org/conda-forge/noarch/nbclient-0.5.8-pyhd8ed1ab_0.tar.bz2#664685b6d8aaffeb27116a67be73e8b3
https://conda.anaconda.org/conda-forge/osx-64/netcdf4-1.5.6-nompi_py38h2c97785_102.tar.bz2#008c40a64955952c776d314aad0274e9
https://conda.anaconda.org/conda-forge/noarch/networkx-2.6.3-pyhd8ed1ab_1.tar.bz2#4028eff5a1d3deed58c98774e7aa9891
https://conda.anaconda.org/conda-forge/osx-64/occt-7.5.3-h23a7684_0.tar.bz2#3eb632d9b05432caa4438a8d04b57d72
https://conda.anaconda.org/conda-forge/noarch/prompt-toolkit-3.0.22-pyha770c72_0.tar.bz2#a749a230f0d950eae1dedf13ff344b15
https://conda.anaconda.org/gbrey/osx-64/pschism-5.9.0-mpi_mpich_ha046ecc_0.tar.bz2#aa88cbefb9c7b07fa1e908af2b2114fe
https://conda.anaconda.org/conda-forge/osx-64/pyqt-5.12.3-py38h50d1736_8.tar.bz2#89a64767239ed59c085d6ef402c1600e
https://conda.anaconda.org/conda-forge/osx-64/pyresample-1.22.0-py38ha53d530_0.tar.bz2#525833a4b211ed6e91f7d8e0ad84b362
https://conda.anaconda.org/conda-forge/osx-64/python-eccodes-2021.03.0-py38hbe852b5_2.tar.bz2#9916e4a671b2f743991325c7538ac2a8
https://conda.anaconda.org/conda-forge/osx-64/rasterio-1.2.6-py38h9a50708_0.tar.bz2#8092a81db71e72f363f13d6256f6c997
https://conda.anaconda.org/conda-forge/osx-64/scikit-learn-1.0.1-py38h37f3bb3_2.tar.bz2#a69666089abf4d94bf921d07487c34e5
https://conda.anaconda.org/conda-forge/noarch/urllib3-1.26.7-pyhd8ed1ab_0.tar.bz2#be75bab4820a56f77ba1a3fc9139c36a
https://conda.anaconda.org/conda-forge/noarch/xarray-0.20.1-pyhd8ed1ab_0.tar.bz2#981b0f9bd31f23fb16249dc29896071a
https://conda.anaconda.org/conda-forge/noarch/cfgrib-0.9.9.1-pyhd8ed1ab_1.tar.bz2#55c037a20ba22e5904348c20c9895268
https://conda.anaconda.org/conda-forge/osx-64/fiona-1.8.18-py38hf4ff7c0_1.tar.bz2#6e6bfb6571dd62fc8c48f418d56edce2
https://conda.anaconda.org/conda-forge/osx-64/gmsh-4.8.4-h2770bf5_0.tar.bz2#57d6a0b7ad65f23208537c6c455e6aa1
https://conda.anaconda.org/conda-forge/osx-64/ipython-7.29.0-py38h5fd9f69_2.tar.bz2#577e69eaff65344d11f8b75e916eac90
https://conda.anaconda.org/conda-forge/noarch/mapclassify-2.4.3-pyhd8ed1ab_0.tar.bz2#908bbfb54da154042c5cbda77b37a3d1
https://conda.anaconda.org/conda-forge/noarch/meshio-4.4.6-pyhd8ed1ab_0.tar.bz2#2dbacee1b852eb3b40cbd69de84c49a0
https://conda.anaconda.org/conda-forge/osx-64/nbconvert-6.3.0-py38h50d1736_1.tar.bz2#9f5a8238b97dc72c73e9126103aac5a5
https://conda.anaconda.org/conda-forge/noarch/pyface-7.3.0-pyh44b312d_1.tar.bz2#6deb6e9d1bd311a5144039df94d68c4f
https://conda.anaconda.org/conda-forge/noarch/requests-2.26.0-pyhd8ed1ab_0.tar.bz2#0ed2ccbde6db9dd5789068eb7194463f
https://conda.anaconda.org/conda-forge/noarch/folium-0.12.0-pyhd8ed1ab_1.tar.bz2#91945fa06d1d7a5a8914f32785388478
https://conda.anaconda.org/conda-forge/osx-64/ipykernel-6.5.0-py38h5fd9f69_1.tar.bz2#5265cfc0ba176395b31a03a2b3c52480
https://conda.anaconda.org/conda-forge/noarch/moviepy-1.0.1-py_0.tar.bz2#26a0b6c145254ea17a44f3a520fccdb1
https://conda.anaconda.org/conda-forge/noarch/pyct-0.4.6-py_0.tar.bz2#42d91c89bc3993ec88681cffd3c0e326
https://conda.anaconda.org/conda-forge/noarch/python-gmsh-4.8.4-hd8ed1ab_0.tar.bz2#e7870e333f32c1e4a891c82d75235bb3
https://conda.anaconda.org/conda-forge/noarch/pyvista-0.32.1-pyhd8ed1ab_0.tar.bz2#f4540b4e30c9c4cae939207df50dc235
https://conda.anaconda.org/conda-forge/noarch/traitsui-7.2.0-pyhd8ed1ab_0.tar.bz2#cdfe05d565d116687475a4fbf90def3e
https://conda.anaconda.org/conda-forge/noarch/apptools-5.1.0-pyh44b312d_0.tar.bz2#67f86126bb65837378ddd31caff9f420
https://conda.anaconda.org/conda-forge/noarch/colorcet-2.0.6-pyhd8ed1ab_0.tar.bz2#bdf0d14cb996a18a3df88ddac83e11f9
https://conda.anaconda.org/conda-forge/noarch/geopandas-0.10.2-pyhd8ed1ab_0.tar.bz2#6097c661f844076a5885f1a96809a131
https://conda.anaconda.org/conda-forge/noarch/notebook-6.4.6-pyha770c72_0.tar.bz2#7cfadac6d22f2a542b1126311102aea7
https://conda.anaconda.org/conda-forge/noarch/panel-0.12.4-pyhd8ed1ab_0.tar.bz2#666d334743eb3c21290d34b68c6d7e26
https://conda.anaconda.org/conda-forge/noarch/datashader-0.13.0-pyh6c4a22f_0.tar.bz2#bcc353a756d4ad98b97fcc5aa1f9ce4c
https://conda.anaconda.org/conda-forge/noarch/envisage-6.0.1-pyhd8ed1ab_0.tar.bz2#8db88c2ed842243a263041cde57296ca
https://conda.anaconda.org/conda-forge/noarch/holoviews-1.14.6-pyhd8ed1ab_0.tar.bz2#c8a2406d841bf6565ddec6e9bfefec45
https://conda.anaconda.org/conda-forge/osx-64/widgetsnbextension-3.5.2-py38h50d1736_0.tar.bz2#b94a4fd1fcdfe2e85f26f6fc4296d4b9
https://conda.anaconda.org/conda-forge/noarch/geoviews-core-1.9.2-pyha770c72_0.tar.bz2#49d7d82589ef5fada21b8bbad55326e5
https://conda.anaconda.org/conda-forge/noarch/hvplot-0.7.3-pyh6c4a22f_0.tar.bz2#0a95d235289e51e45cb355c9713fd9c4
https://conda.anaconda.org/conda-forge/noarch/ipywidgets-7.6.5-pyhd8ed1ab_0.tar.bz2#6f2ee1ec157104df141e2e5afeba98d4
https://conda.anaconda.org/conda-forge/osx-64/mayavi-4.7.2-py38haf0748e_4.tar.bz2#ce47ac58051dd83780be222f70ca0440
https://conda.anaconda.org/conda-forge/noarch/geoviews-1.9.2-pyhd8ed1ab_0.tar.bz2#edfab871814ab14ded60067e404e8315
https://conda.anaconda.org/conda-forge/noarch/ipydatawidgets-4.2.0-pyhd3deb0d_0.tar.bz2#2fa9972333df26f1cedfb659468f1b1e
https://conda.anaconda.org/conda-forge/noarch/ipympl-0.8.2-pyhd8ed1ab_0.tar.bz2#a481d8659f8fa19fb65f542fa55a917a
https://conda.anaconda.org/conda-forge/osx-64/itkwidgets-0.32.0-py38h32f6830_0.tar.bz2#8f43fef55268f5558281892859ffa231
