# Generated by conda-lock.
# platform: linux-64
# input_hash: 72fa889aea779bb0dd6faa3d808b1c388c7b8d4cca69a8045a24a70555863f73
@EXPLICIT
https://conda.anaconda.org/conda-forge/linux-64/_libgcc_mutex-0.1-conda_forge.tar.bz2#d7c89558ba9fa0495403155b64376d81
https://conda.anaconda.org/conda-forge/linux-64/ca-certificates-2023.5.7-hbcca054_0.conda#f5c65075fc34438d5b456c7f3f5ab695
https://conda.anaconda.org/conda-forge/noarch/font-ttf-dejavu-sans-mono-2.37-hab24e00_0.tar.bz2#0c96522c6bdaed4b1566d11387caaf45
https://conda.anaconda.org/conda-forge/noarch/font-ttf-inconsolata-3.000-h77eed37_0.tar.bz2#34893075a5c9e55cdafac56607368fc6
https://conda.anaconda.org/conda-forge/noarch/font-ttf-source-code-pro-2.038-h77eed37_0.tar.bz2#4d59c254e01d9cde7957100457e2d5fb
https://conda.anaconda.org/conda-forge/noarch/font-ttf-ubuntu-0.83-hab24e00_0.tar.bz2#19410c3df09dfb12d1206132a1d357c5
https://conda.anaconda.org/conda-forge/linux-64/ld_impl_linux-64-2.40-h41732ed_0.conda#7aca3059a1729aa76c597603f10b0dd3
https://conda.anaconda.org/conda-forge/linux-64/libgfortran5-13.1.0-h15d22d2_0.conda#afb656a334c409dd9805508af1c89c7a
https://conda.anaconda.org/conda-forge/linux-64/libstdcxx-ng-13.1.0-hfd8a6a1_0.conda#067bcc23164642f4c226da631f2a2e1d
https://conda.anaconda.org/conda-forge/noarch/poppler-data-0.4.12-hd8ed1ab_0.conda#d8d7293c5b37f39b2ac32940621c6592
https://conda.anaconda.org/conda-forge/linux-64/python_abi-3.11-3_cp311.conda#c2e2630ddb68cf52eec74dc7dfab20b5
https://conda.anaconda.org/conda-forge/noarch/tzdata-2023c-h71feb2d_0.conda#939e3e74d8be4dac89ce83b20de2492a
https://conda.anaconda.org/conda-forge/noarch/fonts-conda-forge-1-0.tar.bz2#f766549260d6815b0c52253f1fb1bb29
https://conda.anaconda.org/conda-forge/linux-64/libgfortran-ng-13.1.0-h69a702a_0.conda#506dc07710dd5b0ba63cbf134897fc10
https://conda.anaconda.org/conda-forge/linux-64/libgomp-13.1.0-he5830b7_0.conda#56ca14d57ac29a75d23a39eb3ee0ddeb
https://conda.anaconda.org/conda-forge/linux-64/_openmp_mutex-4.5-2_gnu.tar.bz2#73aaf86a425cc6e73fcf236a5a46396d
https://conda.anaconda.org/conda-forge/noarch/fonts-conda-ecosystem-1-0.tar.bz2#fee5683a3f04bd15cbd8318b096a27ab
https://conda.anaconda.org/conda-forge/linux-64/libgcc-ng-13.1.0-he5830b7_0.conda#cd93f779ff018dd85c7544c015c9db3c
https://conda.anaconda.org/conda-forge/linux-64/aom-3.5.0-h27087fc_0.tar.bz2#a08150fd2298460cd1fcccf626305642
https://conda.anaconda.org/conda-forge/linux-64/bzip2-1.0.8-h7f98852_4.tar.bz2#a1fd65c7ccbf10880423d82bca54eb54
https://conda.anaconda.org/conda-forge/linux-64/c-ares-1.19.1-hd590300_0.conda#e8c18d865be43e2fb3f7a145b6adf1f5
https://conda.anaconda.org/conda-forge/linux-64/freeimage-3.18.0-he1b5a44_0.tar.bz2#4b2ba109c2217488f985f31d9b08245c
https://conda.anaconda.org/conda-forge/linux-64/freexl-1.0.6-h166bdaf_1.tar.bz2#897e772a157faf3330d72dd291486f62
https://conda.anaconda.org/conda-forge/linux-64/geos-3.11.1-h27087fc_0.tar.bz2#917b9a50001fffdd89b321b5dba31e55
https://conda.anaconda.org/conda-forge/linux-64/gettext-0.21.1-h27087fc_0.tar.bz2#14947d8770185e5153fdd04d4673ed37
https://conda.anaconda.org/conda-forge/linux-64/giflib-5.2.1-h0b41bf4_3.conda#96f3b11872ef6fad973eac856cd2624f
https://conda.anaconda.org/conda-forge/linux-64/gmp-6.2.1-h58526e2_0.tar.bz2#b94cf2db16066b242ebd26db2facbd56
https://conda.anaconda.org/conda-forge/linux-64/icu-70.1-h27087fc_0.tar.bz2#87473a15119779e021c314249d4b4aed
https://conda.anaconda.org/conda-forge/linux-64/jigsaw-0.9.14-hcb278e6_1.conda#8340e38597e909831c03aac47c88d754
https://conda.anaconda.org/conda-forge/linux-64/jpeg-9e-h0b41bf4_3.conda#c7a069243e1fbe9a556ed2ec030e6407
https://conda.anaconda.org/conda-forge/linux-64/json-c-0.16-hc379101_0.tar.bz2#0e2bca6857cb73acec30387fef7c3142
https://conda.anaconda.org/conda-forge/linux-64/keyutils-1.6.1-h166bdaf_0.tar.bz2#30186d27e2c9fa62b45fb1476b7200e3
https://conda.anaconda.org/conda-forge/linux-64/lame-3.100-h166bdaf_1003.tar.bz2#a8832b479f93521a9e7b5b743803be51
https://conda.anaconda.org/conda-forge/linux-64/lerc-4.0.0-h27087fc_0.tar.bz2#76bbff344f0134279f225174e9064c8f
https://conda.anaconda.org/conda-forge/linux-64/libaec-1.0.6-hcb278e6_1.conda#0f683578378cddb223e7fd24f785ab2a
https://conda.anaconda.org/conda-forge/linux-64/libdeflate-1.17-h0b41bf4_0.conda#5cc781fd91968b11a8a7fdbee0982676
https://conda.anaconda.org/conda-forge/linux-64/libev-4.33-h516909a_1.tar.bz2#6f8720dff19e17ce5d48cfe7f3d2f0a3
https://conda.anaconda.org/conda-forge/linux-64/libexpat-2.5.0-hcb278e6_1.conda#6305a3dd2752c76335295da4e581f2fd
https://conda.anaconda.org/conda-forge/linux-64/libffi-3.4.2-h7f98852_5.tar.bz2#d645c6d2ac96843a2bfaccd2d62b3ac3
https://conda.anaconda.org/conda-forge/linux-64/libglu-9.0.0-he1b5a44_1001.tar.bz2#8208602aec4826053c116552369a394c
https://conda.anaconda.org/conda-forge/linux-64/libiconv-1.17-h166bdaf_0.tar.bz2#b62b52da46c39ee2bc3c162ac7f1804d
https://conda.anaconda.org/conda-forge/linux-64/libnsl-2.0.0-h7f98852_0.tar.bz2#39b1328babf85c7c3a61636d9cd50206
https://conda.anaconda.org/conda-forge/linux-64/libopenblas-0.3.23-pthreads_h80387f5_0.conda#9c5ea51ccb8ffae7d06c645869d24ce6
https://conda.anaconda.org/conda-forge/linux-64/libopus-1.3.1-h7f98852_1.tar.bz2#15345e56d527b330e1cacbdf58676e8f
https://conda.anaconda.org/conda-forge/linux-64/libpciaccess-0.17-h166bdaf_0.tar.bz2#b7463391cf284065294e2941dd41ab95
https://conda.anaconda.org/conda-forge/linux-64/libtasn1-4.19.0-h166bdaf_0.tar.bz2#93840744a8552e9ebf6bb1a5dffc125a
https://conda.anaconda.org/conda-forge/linux-64/libunistring-0.9.10-h7f98852_0.tar.bz2#7245a044b4a1980ed83196176b78b73a
https://conda.anaconda.org/conda-forge/linux-64/libuuid-2.38.1-h0b41bf4_0.conda#40b61aab5c7ba9ff276c41cfffe6b80b
https://conda.anaconda.org/conda-forge/linux-64/libvpx-1.11.0-h9c3ff4c_3.tar.bz2#ebe18273eebadbb4dfb13f1062e054e9
https://conda.anaconda.org/conda-forge/linux-64/libwebp-base-1.3.0-h0b41bf4_0.conda#0d4a7508d8c6c65314f2b9c1f56ad408
https://conda.anaconda.org/conda-forge/linux-64/libzlib-1.2.13-h166bdaf_4.tar.bz2#f3f9de449d32ca9b9c66a22863c96f41
https://conda.anaconda.org/conda-forge/linux-64/lz4-c-1.9.4-hcb278e6_0.conda#318b08df404f9c9be5712aaa5a6f0bb0
https://conda.anaconda.org/conda-forge/linux-64/ncurses-6.4-hcb278e6_0.conda#681105bccc2a3f7f1a837d47d39c9179
https://conda.anaconda.org/conda-forge/linux-64/nettle-3.8.1-hc379101_1.tar.bz2#3cb2c7df59990bd37c2ce27fd906de68
https://conda.anaconda.org/conda-forge/linux-64/nspr-4.35-h27087fc_0.conda#da0ec11a6454ae19bff5b02ed881a2b1
https://conda.anaconda.org/conda-forge/linux-64/openh264-2.3.1-hcb278e6_2.conda#37d01894f256b2a6921c5a218f42f8a2
https://conda.anaconda.org/conda-forge/linux-64/openssl-3.1.1-hd590300_1.conda#2e1d7b458ac8f1e3ca4e18b77add6277
https://conda.anaconda.org/conda-forge/linux-64/pixman-0.40.0-h36c2ea0_0.tar.bz2#660e72c82f2e75a6b3fe6a6e75c79f19
https://conda.anaconda.org/conda-forge/linux-64/pthread-stubs-0.4-h36c2ea0_1001.tar.bz2#22dad4df6e8630e8dff2428f6f6a7036
https://conda.anaconda.org/conda-forge/linux-64/rapidjson-1.1.0-he1b5a44_1002.tar.bz2#37d4fdbb92d573c7d6ab6de74a666dc4
https://conda.anaconda.org/conda-forge/linux-64/snappy-1.1.10-h9fff704_0.conda#e6d228cd0bb74a51dd18f5bfce0b4115
https://conda.anaconda.org/conda-forge/linux-64/svt-av1-1.4.1-hcb278e6_0.conda#2b32b8a10fa6ec9c18c897c4527720dc
https://conda.anaconda.org/conda-forge/linux-64/tzcode-2023c-h0b41bf4_0.conda#0c0533894f21c3d35697cb8378d390e2
https://conda.anaconda.org/conda-forge/linux-64/x264-1!164.3095-h166bdaf_2.tar.bz2#6c99772d483f566d59e25037fea2c4b1
https://conda.anaconda.org/conda-forge/linux-64/x265-3.5-h924138e_3.tar.bz2#e7f6ed84d4623d52ee581325c1587a6b
https://conda.anaconda.org/conda-forge/linux-64/xorg-inputproto-2.3.2-h7f98852_1002.tar.bz2#bcd1b3396ec6960cbc1d2855a9e60b2b
https://conda.anaconda.org/conda-forge/linux-64/xorg-kbproto-1.0.7-h7f98852_1002.tar.bz2#4b230e8381279d76131116660f5a241a
https://conda.anaconda.org/conda-forge/linux-64/xorg-libice-1.0.10-h7f98852_0.tar.bz2#d6b0b50b49eccfe0be0373be628be0f3
https://conda.anaconda.org/conda-forge/linux-64/xorg-libxau-1.0.11-hd590300_0.conda#2c80dc38fface310c9bd81b17037fee5
https://conda.anaconda.org/conda-forge/linux-64/xorg-libxdmcp-1.1.3-h7f98852_0.tar.bz2#be93aabceefa2fac576e971aef407908
https://conda.anaconda.org/conda-forge/linux-64/xorg-renderproto-0.11.1-h7f98852_1002.tar.bz2#06feff3d2634e3097ce2fe681474b534
https://conda.anaconda.org/conda-forge/linux-64/xorg-xextproto-7.3.0-h0b41bf4_1003.conda#bce9f945da8ad2ae9b1d7165a64d0f87
https://conda.anaconda.org/conda-forge/linux-64/xorg-xproto-7.0.31-h7f98852_1007.tar.bz2#b4a4381d54784606820704f7b5f05a15
https://conda.anaconda.org/conda-forge/linux-64/xz-5.2.6-h166bdaf_0.tar.bz2#2161070d867d1b1204ea749c8eec4ef0
https://conda.anaconda.org/conda-forge/linux-64/expat-2.5.0-hcb278e6_1.conda#8b9b5aca60558d02ddaa09d599e55920
https://conda.anaconda.org/conda-forge/linux-64/libblas-3.9.0-17_linux64_openblas.conda#57fb44770b1bc832fb2dbefa1bd502de
https://conda.anaconda.org/conda-forge/linux-64/libdrm-2.4.114-h166bdaf_0.tar.bz2#efb58e80f5d0179a783c4e76c3df3b9c
https://conda.anaconda.org/conda-forge/linux-64/libedit-3.1.20191231-he28a2e2_2.tar.bz2#4d331e44109e3f0e19b4cb8f9b82f3e1
https://conda.anaconda.org/conda-forge/linux-64/libidn2-2.3.4-h166bdaf_0.tar.bz2#7440fbafd870b8bab68f83a064875d34
https://conda.anaconda.org/conda-forge/linux-64/libnghttp2-1.52.0-h61bc06f_0.conda#613955a50485812985c059e7b269f42e
https://conda.anaconda.org/conda-forge/linux-64/libpng-1.6.39-h753d276_0.conda#e1c890aebdebbfbf87e2c917187b4416
https://conda.anaconda.org/conda-forge/linux-64/librttopo-1.1.0-ha49c73b_12.tar.bz2#d2047c6de84b07a1db9cbe1683939956
https://conda.anaconda.org/conda-forge/linux-64/libsqlite-3.42.0-h2797004_0.conda#fdaae20a1cf7cd62130a0973190a31b7
https://conda.anaconda.org/conda-forge/linux-64/libssh2-1.11.0-h0841786_0.conda#1f5a58e686b13bcfde88b93f547d23fe
https://conda.anaconda.org/conda-forge/linux-64/libxcb-1.13-h7f98852_1004.tar.bz2#b3653fdc58d03face9724f602218a904
https://conda.anaconda.org/conda-forge/linux-64/libxml2-2.10.3-hca2bb57_4.conda#bb808b654bdc3c783deaf107a2ffb503
https://conda.anaconda.org/conda-forge/linux-64/libzip-1.9.2-hc929e4a_1.tar.bz2#5b122b50e738c4be5c3f2899f010d7cf
https://conda.anaconda.org/conda-forge/linux-64/p11-kit-0.24.1-hc5aa10d_0.tar.bz2#56ee94e34b71742bbdfa832c974e47a8
https://conda.anaconda.org/conda-forge/linux-64/pcre2-10.40-hc3806b6_0.tar.bz2#69e2c796349cd9b273890bee0febfe1b
https://conda.anaconda.org/conda-forge/linux-64/readline-8.2-h8228510_1.conda#47d31b792659ce70f470b5c82fdfb7a4
https://conda.anaconda.org/conda-forge/linux-64/tk-8.6.12-h27826a3_0.tar.bz2#5b8c42eb62e9fc961af70bdd6a26e168
https://conda.anaconda.org/conda-forge/linux-64/xorg-fixesproto-5.0-h7f98852_1002.tar.bz2#65ad6e1eb4aed2b0611855aff05e04f6
https://conda.anaconda.org/conda-forge/linux-64/xorg-libsm-1.2.3-hd9c2040_1000.tar.bz2#9e856f78d5c80d5a78f61e72d1d473a3
https://conda.anaconda.org/conda-forge/linux-64/zlib-1.2.13-h166bdaf_4.tar.bz2#4b11e365c0275b808be78b30f904e295
https://conda.anaconda.org/conda-forge/linux-64/zstd-1.5.2-h3eb15da_6.conda#6b63daed8feeca47be78f323e793d555
https://conda.anaconda.org/conda-forge/linux-64/blosc-1.21.4-h0f2a231_0.conda#876286b5941933a0f558777e57d883cc
https://conda.anaconda.org/conda-forge/linux-64/boost-cpp-1.78.0-h5adbc97_2.conda#09be6b4c66c7881e2b24214c6f6841c9
https://conda.anaconda.org/conda-forge/linux-64/freetype-2.12.1-hca18f0e_1.conda#e1232042de76d24539a436d37597eb06
https://conda.anaconda.org/conda-forge/linux-64/gnutls-3.7.8-hf3e180e_0.tar.bz2#cbe8e27140d67c3f30e01cfb642a6e7c
https://conda.anaconda.org/conda-forge/linux-64/hdf4-4.2.15-h9772cbc_5.tar.bz2#ee08782aff2ff9b3291c967fa6bc7336
https://conda.anaconda.org/conda-forge/linux-64/krb5-1.20.1-h81ceb04_0.conda#89a41adce7106749573d883b2f657d78
https://conda.anaconda.org/conda-forge/linux-64/libcblas-3.9.0-17_linux64_openblas.conda#7ef0969b00fe3d6eef56a8151d3afb29
https://conda.anaconda.org/conda-forge/linux-64/libglib-2.76.3-hebfc3b9_0.conda#a64f11b244b2c112cd3fa1cbe9493999
https://conda.anaconda.org/conda-forge/linux-64/liblapack-3.9.0-17_linux64_openblas.conda#a2103882c46492e26500fcb56c03de8b
https://conda.anaconda.org/conda-forge/linux-64/libtiff-4.5.0-h6adf6a1_2.conda#2e648a34072eb39d7c4fc2a9981c5f0c
https://conda.anaconda.org/conda-forge/linux-64/nss-3.89-he45b914_0.conda#2745719a58eeaab6657256a3f142f099
https://conda.anaconda.org/conda-forge/linux-64/python-3.11.3-h2755cc3_0_cpython.conda#37005ea5f68df6a8a381b70cf4d4a160
https://conda.anaconda.org/conda-forge/linux-64/sqlite-3.42.0-h2c6b66d_0.conda#1192f6ec654a5bc4ee1d64bdc4a3e5cc
https://conda.anaconda.org/conda-forge/linux-64/xorg-libx11-1.8.4-h0b41bf4_0.conda#ea8fbfeb976ac49cbeb594e985393514
https://conda.anaconda.org/conda-forge/linux-64/fontconfig-2.14.2-h14ed4e7_0.conda#0f69b688f52ff6da70bccb7ff7001d1d
https://conda.anaconda.org/conda-forge/linux-64/lcms2-2.15-hfd0df8a_0.conda#aa8840cdf17ef0c6084d1e24abc7a28b
https://conda.anaconda.org/conda-forge/linux-64/libcurl-8.1.2-h409715c_0.conda#50c873c9660ed116707ae15b663928d8
https://conda.anaconda.org/conda-forge/linux-64/libkml-1.3.0-h37653c0_1015.tar.bz2#37d3747dd24d604f63d2610910576e63
https://conda.anaconda.org/conda-forge/linux-64/libpq-15.2-hb675445_0.conda#4654b17eccaba55b8581d6b9c77f53cc
https://conda.anaconda.org/conda-forge/linux-64/numpy-1.24.3-py311h64a7726_0.conda#f1d507e1a5f1151845f7818ceb02ba9f
https://conda.anaconda.org/conda-forge/linux-64/openjpeg-2.5.0-hfec8fc6_2.conda#5ce6a42505c6e9e6151c54c3ec8d68ea
https://conda.anaconda.org/conda-forge/noarch/setuptools-67.7.2-pyhd8ed1ab_0.conda#3b68bc43ec6baa48f7354a446267eefe
https://conda.anaconda.org/conda-forge/noarch/wheel-0.40.0-pyhd8ed1ab_0.conda#49bb0d9e60ce1db25e151780331bb5f3
https://conda.anaconda.org/conda-forge/linux-64/xorg-libxext-1.3.4-h0b41bf4_2.conda#82b6df12252e6f32402b96dacc656fec
https://conda.anaconda.org/conda-forge/linux-64/xorg-libxfixes-5.0.3-h7f98852_1004.tar.bz2#e9a21aa4d5e3e5f1aed71e8cefd46b6a
https://conda.anaconda.org/conda-forge/linux-64/xorg-libxrender-0.9.10-h7f98852_1003.tar.bz2#f59c1242cc1dd93e72c2ee2b360979eb
https://conda.anaconda.org/conda-forge/linux-64/xorg-libxt-1.3.0-hd590300_0.conda#ab2044e8d87dda9f74652e8e084a5569
https://conda.anaconda.org/conda-forge/linux-64/cairo-1.16.0-ha61ee94_1014.tar.bz2#d1a88f3ed5b52e1024b80d4bcd26a7a0
https://conda.anaconda.org/conda-forge/linux-64/cfitsio-4.2.0-hd9d235c_0.conda#8c57a9adbafd87f5eff842abde599cb4
https://conda.anaconda.org/conda-forge/linux-64/curl-8.1.2-h409715c_0.conda#9f88cfb15b7d08b25880b138f91e0eb4
https://conda.anaconda.org/conda-forge/linux-64/fltk-1.3.8-h83e168f_0.tar.bz2#9477d7b330bc723e7abe9f85e1405d4e
https://conda.anaconda.org/conda-forge/linux-64/hdf5-1.12.2-nompi_h4df4325_101.conda#162a25904af6586b234b2dd52ee99c61
https://conda.anaconda.org/conda-forge/linux-64/libva-2.18.0-h0b41bf4_0.conda#56e049224de34bbe0478aad422227942
https://conda.anaconda.org/conda-forge/linux-64/occt-7.7.1-novtk_h130ccc2_101.conda#224ede7bf596eaf7ddfe72348f63e7ca
https://conda.anaconda.org/conda-forge/noarch/pip-23.1.2-pyhd8ed1ab_0.conda#7288da0d36821349cf1126e8670292df
https://conda.anaconda.org/conda-forge/linux-64/postgresql-15.2-h3248436_0.conda#4dbd6c4bc33369751a4d728b392943ba
https://conda.anaconda.org/conda-forge/linux-64/proj-9.1.1-h8ffa02c_2.conda#c264aea0e16bba26afa0a0940e954492
https://conda.anaconda.org/conda-forge/linux-64/xerces-c-3.2.4-h55805fa_1.tar.bz2#d127dc8efe24033b306180939e51e6af
https://conda.anaconda.org/conda-forge/linux-64/xorg-libxi-1.7.10-h7f98852_0.tar.bz2#e77615e5141cad5a2acaa043d1cf0ca5
https://conda.anaconda.org/conda-forge/linux-64/xorg-libxmu-1.1.3-h7f98852_0.tar.bz2#3cdb89236358326adfce12be820a8af3
https://conda.anaconda.org/conda-forge/linux-64/ffmpeg-5.1.2-gpl_h8dda1f0_106.conda#6845420373a9e260942bfbc5c786a4bb
https://conda.anaconda.org/conda-forge/linux-64/freeglut-3.2.2-h9c3ff4c_1.tar.bz2#1192066d1296de9b492175a4cf43fe8a
https://conda.anaconda.org/conda-forge/linux-64/geotiff-1.7.1-h7a142b4_6.conda#b7963c107ed1f6a95cadc244f95cd3cd
https://conda.anaconda.org/conda-forge/linux-64/gmsh-4.11.1-h28bb747_2.conda#35d4b62ce7221017b5b5caa7e3e97b8c
https://conda.anaconda.org/conda-forge/linux-64/kealib-1.5.0-ha7026e8_0.conda#c948b920f45fd81a2dde8b1ab514cc84
https://conda.anaconda.org/conda-forge/linux-64/libnetcdf-4.9.1-nompi_h34a3ff0_101.conda#9ce7f5bde721be2f82da9f861c57f1b3
https://conda.anaconda.org/conda-forge/linux-64/libspatialite-5.0.1-h221c8f1_23.conda#859297085081cfbc123dc60015864f6b
https://conda.anaconda.org/conda-forge/linux-64/poppler-23.03.0-h091648b_0.conda#a449be485743e64ed48d340d5424774d
https://conda.anaconda.org/conda-forge/linux-64/tiledb-2.13.2-hd532e3d_0.conda#6d97164f19dbd27575ef1899b02dc1e0
https://conda.anaconda.org/conda-forge/linux-64/jasper-4.0.0-h0ff4b12_0.conda#38859d49e0b438e395f4102c2d72b4a5
https://conda.anaconda.org/conda-forge/linux-64/libgdal-3.6.2-h6c674c2_9.conda#d6023c0a9a1b0c04c78d0d33d98e6620
https://conda.anaconda.org/conda-forge/linux-64/eccodes-2.29.0-h7986f14_1.conda#2869d9765aecd63777d1ce64e5d4c564
https://conda.anaconda.org/conda-forge/linux-64/gdal-3.6.2-py311hadb6153_9.conda#0b35e6680807865ea017bec5c41422de
