# Generated by conda-lock.
# platform: osx-64
# input_hash: 29e422f2b68ec352d428f64b3a7ee7ba1b5a37625a9369156f98cbf2cbb22497
@EXPLICIT
https://conda.anaconda.org/conda-forge/osx-64/bzip2-1.0.8-h0d85af4_4.tar.bz2#37edc4e6304ca87316e160f5ca0bd1b5
https://conda.anaconda.org/conda-forge/osx-64/c-ares-1.18.1-h0d85af4_0.tar.bz2#00b3e98a61e6430808fe7a2534681f28
https://conda.anaconda.org/conda-forge/osx-64/ca-certificates-2022.12.7-h033912b_0.conda#af2bdcd68f16ce030ca957cdeb83d88a
https://conda.anaconda.org/conda-forge/noarch/font-ttf-dejavu-sans-mono-2.37-hab24e00_0.tar.bz2#0c96522c6bdaed4b1566d11387caaf45
https://conda.anaconda.org/conda-forge/noarch/font-ttf-inconsolata-3.000-h77eed37_0.tar.bz2#34893075a5c9e55cdafac56607368fc6
https://conda.anaconda.org/conda-forge/noarch/font-ttf-source-code-pro-2.038-h77eed37_0.tar.bz2#4d59c254e01d9cde7957100457e2d5fb
https://conda.anaconda.org/conda-forge/noarch/font-ttf-ubuntu-0.83-hab24e00_0.tar.bz2#19410c3df09dfb12d1206132a1d357c5
https://conda.anaconda.org/conda-forge/osx-64/freexl-1.0.6-hb7f2c08_1.tar.bz2#4fc494f8539871247167bbe4167f3277
https://conda.anaconda.org/conda-forge/osx-64/giflib-5.2.1-hbcb3906_2.tar.bz2#be8f747c37e4d7e346c133e641966750
https://conda.anaconda.org/conda-forge/osx-64/jpeg-9e-hac89ed1_2.tar.bz2#60d90a3f5803660c5c2a2e9d883df0a6
https://conda.anaconda.org/conda-forge/osx-64/json-c-0.16-h01d06f9_0.tar.bz2#6696477dbfcb5b7ea8559865e7f9dbef
https://conda.anaconda.org/conda-forge/osx-64/jxrlib-1.1-h35c211d_2.tar.bz2#1c2379fd9d5d4ecb151231f6282e699d
https://conda.anaconda.org/conda-forge/osx-64/lame-3.100-hb7f2c08_1003.tar.bz2#3342b33c9a0921b22b767ed68ee25861
https://conda.anaconda.org/conda-forge/osx-64/libcxx-14.0.6-hccf4f1f_0.tar.bz2#208a6a874b073277374de48a782f6b10
https://conda.anaconda.org/conda-forge/osx-64/libdeflate-1.14-hb7f2c08_0.tar.bz2#ce2a6075114c9b64ad8cace52492feee
https://conda.anaconda.org/conda-forge/osx-64/libev-4.33-haf1e3a3_1.tar.bz2#79dc2be110b2a3d1e97ec21f691c50ad
https://conda.anaconda.org/conda-forge/osx-64/libffi-3.4.2-h0d85af4_5.tar.bz2#ccb34fb14960ad8b125962d3d79b31a9
https://conda.anaconda.org/conda-forge/osx-64/libiconv-1.17-hac89ed1_0.tar.bz2#691d103d11180486154af49c037b7ed9
https://conda.anaconda.org/conda-forge/osx-64/libogg-1.3.4-h35c211d_1.tar.bz2#a7ab4b53ef18c598ffaa597230bc3ba1
https://conda.anaconda.org/conda-forge/osx-64/libopus-1.3.1-hc929b4f_1.tar.bz2#380b9ea5f6a7a277e6c1ac27d034369b
https://conda.anaconda.org/conda-forge/osx-64/libtasn1-4.19.0-hb7f2c08_0.tar.bz2#73f67fb011b4477b101a95a082c74f0a
https://conda.anaconda.org/conda-forge/osx-64/libunistring-0.9.10-h0d85af4_0.tar.bz2#40f27dc16f73256d7b93e53c4f03d92f
https://conda.anaconda.org/conda-forge/osx-64/libuuid-2.32.1-h35c211d_1000.tar.bz2#0e4ef5b0f779d2d87240496fe6337fbe
https://conda.anaconda.org/conda-forge/osx-64/libwebp-base-1.2.4-h775f41a_0.tar.bz2#28807bef802a354f9c164e7ab242c5cb
https://conda.anaconda.org/conda-forge/osx-64/libzlib-1.2.13-hfd90126_4.tar.bz2#35eb3fce8d51ed3c1fd4122bad48250b
https://conda.anaconda.org/conda-forge/osx-64/llvm-openmp-15.0.7-h61d9ccf_0.conda#3faa9933dff6e96333b5ca5274674b63
https://conda.anaconda.org/conda-forge/osx-64/metis-5.1.0-h2e338ed_1006.tar.bz2#ed90f7784864e7c0580624ec3ed5534e
https://conda.anaconda.org/conda-forge/osx-64/mpi-1.0-openmpi.tar.bz2#8c3bc725bf4d10fc6e56031f7543771f
https://conda.anaconda.org/conda-forge/osx-64/ncurses-6.3-h96cf925_1.tar.bz2#76217ebfbb163ff2770a261f955a5861
https://conda.anaconda.org/conda-forge/osx-64/nettle-3.8.1-h96f3785_1.tar.bz2#99558b9df4c337a0bf82bc8e0090533a
https://conda.anaconda.org/conda-forge/osx-64/nlohmann_json-3.11.2-hbbd2c75_0.tar.bz2#23554ecf5cc1506d25c940f5de173972
https://conda.anaconda.org/conda-forge/osx-64/pixman-0.40.0-hbcb3906_0.tar.bz2#09a583a6f172715be21d93aaa1b42d71
https://conda.anaconda.org/conda-forge/noarch/poppler-data-0.4.11-hd8ed1ab_0.tar.bz2#abc27381c4f005da588cffa1f76403ee
https://conda.anaconda.org/conda-forge/osx-64/pthread-stubs-0.4-hc929b4f_1001.tar.bz2#addd19059de62181cd11ae8f4ef26084
https://conda.anaconda.org/conda-forge/osx-64/python_abi-3.10-3_cp310.conda#42da9b0138e911cd5b2f75b0278e26dc
https://conda.anaconda.org/conda-forge/osx-64/tzcode-2022g-hb7f2c08_0.conda#f1bf42ae6c2a752b4c064140365563c2
https://conda.anaconda.org/conda-forge/noarch/tzdata-2022g-h191b570_0.conda#51fc4fcfb19f5d95ffc8c339db5068e8
https://conda.anaconda.org/conda-forge/osx-64/utfcpp-3.2.3-h694c41f_0.conda#2e01f318bd808551a77a0cf58fa7af88
https://conda.anaconda.org/conda-forge/osx-64/x264-1!164.3095-h775f41a_2.tar.bz2#23e9c3180e2c0f9449bb042914ec2200
https://conda.anaconda.org/conda-forge/osx-64/xorg-kbproto-1.0.7-h35c211d_1002.tar.bz2#41302c2bc60a15ca4a018775fd20b442
https://conda.anaconda.org/conda-forge/osx-64/xorg-libice-1.0.10-h0d85af4_0.tar.bz2#77e8f2ccf8b892f0c8a411265c5e4782
https://conda.anaconda.org/conda-forge/osx-64/xorg-libxau-1.0.9-h35c211d_0.tar.bz2#c5049997b2e98edfbcdd294582f66281
https://conda.anaconda.org/conda-forge/osx-64/xorg-libxdmcp-1.1.3-h35c211d_0.tar.bz2#86ac76d6bf1cbb9621943eb3bd9ae36e
https://conda.anaconda.org/conda-forge/osx-64/xorg-renderproto-0.11.1-h0d85af4_1002.tar.bz2#e1cff95f235c6ad73199735685186693
https://conda.anaconda.org/conda-forge/osx-64/xorg-xextproto-7.3.0-h35c211d_1002.tar.bz2#3d1b38fbacfe0f59d828c5ff0b10759b
https://conda.anaconda.org/conda-forge/osx-64/xorg-xproto-7.0.31-h35c211d_1007.tar.bz2#e1b279e3b8c03f88a90e81480a8f319a
https://conda.anaconda.org/conda-forge/osx-64/xz-5.2.6-h775f41a_0.tar.bz2#a72f9d4ea13d55d745ff1ed594747f10
https://conda.anaconda.org/conda-forge/osx-64/aom-3.5.0-hf0c8a7f_0.tar.bz2#9110390ac33346f643e26051a92de5ce
https://conda.anaconda.org/conda-forge/osx-64/double-conversion-3.2.0-hf0c8a7f_1.tar.bz2#3c2d7d657d83eac1507bc6fbab9eb297
https://conda.anaconda.org/conda-forge/osx-64/eigen-3.4.0-h940c156_0.tar.bz2#f47a426ed1340c966f539c42187e3331
https://conda.anaconda.org/conda-forge/osx-64/expat-2.5.0-hf0c8a7f_0.tar.bz2#7648a729fc8b7272596e90b0ab0a3e98
https://conda.anaconda.org/conda-forge/noarch/fonts-conda-forge-1-0.tar.bz2#f766549260d6815b0c52253f1fb1bb29
https://conda.anaconda.org/conda-forge/osx-64/geos-3.11.1-hf0c8a7f_0.tar.bz2#b8ac0c20383087c33ac8e5e330072832
https://conda.anaconda.org/conda-forge/osx-64/gettext-0.21.1-h8a4c099_0.tar.bz2#1e3aff29ce703d421c43f371ad676cc5
https://conda.anaconda.org/conda-forge/osx-64/glew-2.1.0-h046ec9c_2.tar.bz2#6b753c8c7e4c46a8eb17b6f1781f958a
https://conda.anaconda.org/conda-forge/osx-64/gmp-6.2.1-h2e338ed_0.tar.bz2#dedc96914428dae572a39e69ee2a392f
https://conda.anaconda.org/conda-forge/osx-64/icu-70.1-h96cf925_0.tar.bz2#376635049e9b9b0bb875efd39dcd7b3b
https://conda.anaconda.org/conda-forge/osx-64/imath-3.1.6-hbc0c0cd_1.conda#14b541e6ba0d755c0cefcd32c591ab0d
https://conda.anaconda.org/conda-forge/osx-64/jasper-2.0.33-h013e400_0.tar.bz2#1de5b5bb9fdbd7eaee5b640f2e7ac1d5
https://conda.anaconda.org/conda-forge/osx-64/jigsaw-0.9.14-h370ebc4_0.tar.bz2#2ae5ae3333013f13ebaf376d33acee5d
https://conda.anaconda.org/conda-forge/osx-64/jsoncpp-1.9.5-h940c156_1.tar.bz2#45824afbfd843fe0584ae8df22f1d99a
https://conda.anaconda.org/conda-forge/osx-64/lerc-4.0.0-hb486fe8_0.tar.bz2#f9d6a4c82889d5ecedec1d90eb673c55
https://conda.anaconda.org/conda-forge/osx-64/libaec-1.0.6-he49afe7_0.tar.bz2#0a49b696f11ed805ee4690479cc5e950
https://conda.anaconda.org/conda-forge/osx-64/libedit-3.1.20191231-h0678c8f_2.tar.bz2#6016a8a1d0e63cac3de2c352cd40208b
https://conda.anaconda.org/conda-forge/osx-64/libgfortran4-7.5.0-h1a10cd1_23.tar.bz2#c26272f23d01f8cde50ed0c776c0edb1
https://conda.anaconda.org/conda-forge/osx-64/libgfortran5-11.3.0-h082f757_27.conda#f7602714b2be91be36f00fb75c45cb14
https://conda.anaconda.org/conda-forge/osx-64/libllvm13-13.0.1-h64f94b2_2.tar.bz2#bac1c6f12f44f40e19274e6e04e9bad5
https://conda.anaconda.org/conda-forge/osx-64/libpng-1.6.39-ha978bb4_0.conda#35e4928794c5391aec14ffdf1deaaee5
https://conda.anaconda.org/conda-forge/osx-64/libsqlite-3.40.0-ha978bb4_0.tar.bz2#ceb13b6726534b96e3b4e3dda91e9050
https://conda.anaconda.org/conda-forge/osx-64/libvorbis-1.3.7-h046ec9c_0.tar.bz2#fbbda1fede0aadaa252f6919148c4ce1
https://conda.anaconda.org/conda-forge/osx-64/libvpx-1.11.0-he49afe7_3.tar.bz2#4ad2e740535a74d4ab65550b8a41f99f
https://conda.anaconda.org/conda-forge/osx-64/libxcb-1.13-h0d85af4_1004.tar.bz2#eb7860935e14aec936065cbc21a1a962
https://conda.anaconda.org/conda-forge/osx-64/lz4-c-1.9.3-he49afe7_1.tar.bz2#05c08241b66631c00ca4f9e0b75320bc
https://conda.anaconda.org/conda-forge/osx-64/nspr-4.35-hea0b92c_0.conda#a9e56c98d13d8b7ce72bf4357317c29b
https://conda.anaconda.org/conda-forge/osx-64/openh264-2.3.1-hf0c8a7f_1.tar.bz2#a93fa301787690312bde5f58450b987d
https://conda.anaconda.org/conda-forge/osx-64/openmp-8.0.1-0.tar.bz2#3dbc076bd4314ddaa831fe6bbe19ee2a
https://conda.anaconda.org/conda-forge/osx-64/openssl-3.0.7-hfd90126_1.conda#7a3fb6d40e0aa5dbb5b4ef54462f00a8
https://conda.anaconda.org/conda-forge/osx-64/p11-kit-0.24.1-h65f8906_0.tar.bz2#e936a0ee28be948846108582f00e2d61
https://conda.anaconda.org/conda-forge/osx-64/pcre-8.45-he49afe7_0.tar.bz2#0526850419e04ac003bc0b65a78dc4cc
https://conda.anaconda.org/conda-forge/osx-64/pcre2-10.40-h1c4e4bc_0.tar.bz2#e0f80c8f3a0352a54eddfe59cd2b25b1
https://conda.anaconda.org/conda-forge/osx-64/pugixml-1.11.4-he49afe7_0.tar.bz2#69d67c7202c11a51cc0e7f9cda7e49b2
https://conda.anaconda.org/conda-forge/osx-64/rapidjson-1.1.0-hb1e8313_1002.tar.bz2#6393fe5c6c2d496ab76853628bcf10d9
https://conda.anaconda.org/conda-forge/osx-64/readline-8.1.2-h3899abd_0.tar.bz2#89fa404901fa8fb7d4f4e07083b8d635
https://conda.anaconda.org/conda-forge/osx-64/snappy-1.1.9-h225ccf5_2.tar.bz2#eb2c4c3544099a357db4c02eda1a0766
https://conda.anaconda.org/conda-forge/osx-64/svt-av1-1.4.1-hf0c8a7f_0.conda#86739428e1e1c8882fe14067a7ac371a
https://conda.anaconda.org/conda-forge/osx-64/tbb-2021.7.0-hb8565cd_1.conda#1d7d711419ed9e4a96370d8749cec3c1
https://conda.anaconda.org/conda-forge/osx-64/tk-8.6.12-h5dbffcc_0.tar.bz2#8e9480d9c47061db2ed1b4ecce519a7f
https://conda.anaconda.org/conda-forge/osx-64/x265-3.5-hbb4e6a2_3.tar.bz2#a3bf3e95b7795871a6734a784400fcea
https://conda.anaconda.org/conda-forge/osx-64/xorg-fixesproto-5.0-h0d85af4_1002.tar.bz2#a4dde7ba6e898f8cc4a33cc97943d2d7
https://conda.anaconda.org/conda-forge/osx-64/xorg-libsm-1.2.3-h0d85af4_1000.tar.bz2#309cde52baa36ad32a0ed423718bbcfb
https://conda.anaconda.org/conda-forge/osx-64/zlib-1.2.13-hfd90126_4.tar.bz2#be90e6223c74ea253080abae19b3bdb1
https://conda.anaconda.org/conda-forge/osx-64/zstd-1.5.2-hfa58983_4.tar.bz2#0b446e84f3ccf085e590dc1f73eebe3f
https://conda.anaconda.org/conda-forge/osx-64/blosc-1.21.2-hebb52c4_0.conda#2e726e782e57ba3e70f2e85891377cd5
https://conda.anaconda.org/conda-forge/osx-64/boost-cpp-1.78.0-h8b082ac_1.tar.bz2#810ad57aa3057a76ea1c65731d58da55
https://conda.anaconda.org/conda-forge/noarch/fonts-conda-ecosystem-1-0.tar.bz2#fee5683a3f04bd15cbd8318b096a27ab
https://conda.anaconda.org/conda-forge/osx-64/freetype-2.12.1-h3f81eb7_1.conda#852224ea3e8991a8342228eab274840e
https://conda.anaconda.org/conda-forge/osx-64/gl2ps-1.4.2-h4cff582_0.tar.bz2#a9e91533b95cd019d58f4b3ef9bbddf0
https://conda.anaconda.org/conda-forge/osx-64/hdf4-4.2.15-h7aa5921_5.tar.bz2#a5e171d71c6b524409de40d81c098758
https://conda.anaconda.org/conda-forge/osx-64/ilmbase-2.5.5-hfab91a5_0.tar.bz2#434cbfe71ef5270c61ae9290afac10d6
https://conda.anaconda.org/conda-forge/osx-64/krb5-1.20.1-h049b76e_0.conda#db11fa2968ef0837288fe2d7f5b77a50
https://conda.anaconda.org/conda-forge/osx-64/libclang-13.0.1-default_he082bbe_0.tar.bz2#0166c71e26f8b9f564a20a13b04d118d
https://conda.anaconda.org/conda-forge/osx-64/libgfortran-5.0.0-11_3_0_h97931a8_27.conda#7d25335e67256924aa04de681e68e807
https://conda.anaconda.org/conda-forge/osx-64/libglib-2.74.1-h4c723e1_1.tar.bz2#68a698fe240032c2ff587028ed51b155
https://conda.anaconda.org/conda-forge/osx-64/libidn2-2.3.4-hb7f2c08_0.tar.bz2#bd109fd705b4ce40a62759129bc4ef5a
https://conda.anaconda.org/conda-forge/osx-64/libnghttp2-1.51.0-he2ab024_0.conda#910e7f012beecf5d845a993feb9259a9
https://conda.anaconda.org/conda-forge/osx-64/librttopo-1.1.0-h9461dca_12.tar.bz2#cbf6767a38ffbc9be29cf26045e81faf
https://conda.anaconda.org/conda-forge/osx-64/libssh2-1.10.0-h47af595_3.tar.bz2#5a28624eeb7812b585b9e2d75f846ba2
https://conda.anaconda.org/conda-forge/osx-64/libtheora-1.1.1-h0d85af4_1005.tar.bz2#e63b84ed4c2d84901332de92a98a2f2b
https://conda.anaconda.org/conda-forge/osx-64/libtiff-4.4.0-h6268bbc_5.conda#551fc78ba147767ea5905d0746e2fbb5
https://conda.anaconda.org/conda-forge/osx-64/libxml2-2.10.3-hb9e07b5_0.tar.bz2#13ba8bf8f44cdac2e5401dac20a36040
https://conda.anaconda.org/conda-forge/osx-64/libzip-1.9.2-h6db710c_1.tar.bz2#ce732d37e479919f3d22b1ccdeb858ac
https://conda.anaconda.org/conda-forge/osx-64/mysql-common-8.0.31-hc4b2c72_0.tar.bz2#bcefa389c474558ac8b28768374bf3c8
https://conda.anaconda.org/conda-forge/osx-64/openexr-3.1.5-h6fbc5c6_1.conda#1ec539dd759124f8cd8d6592b8972cf3
https://conda.anaconda.org/conda-forge/osx-64/python-3.10.8-he7542f4_0_cpython.conda#4b6976686db5f16650df28332d84ce9e
https://conda.anaconda.org/conda-forge/osx-64/sqlite-3.40.0-h9ae0607_0.tar.bz2#b66b0b11f1b901f3c2bce9406bedfd40
https://conda.anaconda.org/conda-forge/osx-64/tbb-devel-2021.7.0-hb8565cd_1.conda#9d28f20c54478d2f8344f5de90b62fc5
https://conda.anaconda.org/conda-forge/osx-64/xorg-libx11-1.7.2-h0d85af4_0.tar.bz2#bd0e7b45f6bb5393bdb2d7e741428575
https://conda.anaconda.org/conda-forge/noarch/attrs-22.2.0-pyh71513ae_0.conda#8b76db7818a4e401ed4486c4c1635cd9
https://conda.anaconda.org/conda-forge/noarch/charset-normalizer-2.1.1-pyhd8ed1ab_0.tar.bz2#c1d5b294fbf9a795dec349a6f4d8be8e
https://conda.anaconda.org/conda-forge/osx-64/fontconfig-2.14.1-h5bb23bf_0.tar.bz2#68c42c630dcf96518bbd9f6525861e06
https://conda.anaconda.org/conda-forge/osx-64/frozenlist-1.3.3-py310h90acd4f_0.tar.bz2#a3236ddc60f49384eba9348391293038
https://conda.anaconda.org/conda-forge/osx-64/glib-tools-2.74.1-hbc0c0cd_1.tar.bz2#046b267239db7b380078cf1b62bfc55f
https://conda.anaconda.org/conda-forge/osx-64/gnutls-3.7.8-h207c4f0_0.tar.bz2#3886476538060824c0258316fd5bb828
https://conda.anaconda.org/conda-forge/noarch/idna-3.4-pyhd8ed1ab_0.tar.bz2#34272b248891bddccc64479f9a7fffed
https://conda.anaconda.org/conda-forge/osx-64/lcms2-2.14-h90f4b2a_0.tar.bz2#e56c432e9a78c63692fa6bd076a15713
https://conda.anaconda.org/conda-forge/osx-64/libcurl-7.87.0-h6df9250_0.conda#10b51d82bf33b95e0abe6a224be254c8
https://conda.anaconda.org/conda-forge/osx-64/libkml-1.3.0-haeb80ef_1015.tar.bz2#f1a092ddaedbde48dcf62a9455ce7e31
https://conda.anaconda.org/conda-forge/osx-64/libopenblas-0.3.21-openmp_h429af6e_3.tar.bz2#968c46aa7f4032c3f3873f3452ed4c34
https://conda.anaconda.org/conda-forge/osx-64/libpq-15.1-h3640bf0_3.conda#60c31c2382d8e2334b1903a5e47bd85e
https://conda.anaconda.org/conda-forge/osx-64/loguru-0.6.0-py310h2ec42d9_2.tar.bz2#ba4c7857f20ba7ffa2ec04080935dae1
https://conda.anaconda.org/conda-forge/osx-64/multidict-6.0.4-py310h90acd4f_0.conda#0324181c4442d94c865cf9ae3b6a7fea
https://conda.anaconda.org/conda-forge/osx-64/mysql-libs-8.0.31-h8658499_0.tar.bz2#1f62fbefd051f5f990355e071e463189
https://conda.anaconda.org/conda-forge/osx-64/nss-3.78-ha8197d3_0.tar.bz2#0927d191f392959c876b7eab924efd01
https://conda.anaconda.org/conda-forge/osx-64/openjpeg-2.5.0-h5d0d7b0_1.tar.bz2#be533cc782981a0ec5eed28aa618470a
https://conda.anaconda.org/conda-forge/osx-64/openmpi-4.1.4-h4fe9131_102.conda#22bfb72824d7cb4115ee4e28b12609b4
https://conda.anaconda.org/conda-forge/noarch/setuptools-65.6.3-pyhd8ed1ab_0.conda#9600fc9524d3f821e6a6d58c52f5bf5a
https://conda.anaconda.org/conda-forge/noarch/typing_extensions-4.4.0-pyha770c72_0.tar.bz2#2d93b130d148d7fc77e583677792fc6a
https://conda.anaconda.org/conda-forge/noarch/wheel-0.38.4-pyhd8ed1ab_0.tar.bz2#c829cfb8cb826acb9de0ac1a2df0a940
https://conda.anaconda.org/conda-forge/osx-64/xorg-libxext-1.3.4-h0d85af4_1.tar.bz2#747e38c3b645048fc8c176caef118096
https://conda.anaconda.org/conda-forge/osx-64/xorg-libxfixes-5.0.3-h0d85af4_1004.tar.bz2#6ecbef6618bb15e389a8bb5618e579f6
https://conda.anaconda.org/conda-forge/osx-64/xorg-libxrender-0.9.10-h0d85af4_1003.tar.bz2#b455388502383b388c5ee5b6f5ee4509
https://conda.anaconda.org/conda-forge/noarch/aiosignal-1.3.1-pyhd8ed1ab_0.tar.bz2#d1e1eb7e21a9e2c74279d87dafb68156
https://conda.anaconda.org/conda-forge/osx-64/cairo-1.16.0-h904041c_1014.tar.bz2#2e7b4350178ed52bb6fd2b1ecbeeed4f
https://conda.anaconda.org/conda-forge/osx-64/cfitsio-4.2.0-hd56cc12_0.conda#28e03cefd79aa28ec0e313e5a9c71f5b
https://conda.anaconda.org/conda-forge/osx-64/curl-7.87.0-h6df9250_0.conda#af1db2937ff4a1af6440630102dd18bc
https://conda.anaconda.org/conda-forge/osx-64/ffmpeg-5.1.2-gpl_h8b4fe81_105.conda#528d51ce5183668ee61bf748a2c6fe44
https://conda.anaconda.org/conda-forge/osx-64/fltk-1.3.8-h7ffa276_0.tar.bz2#beb94c5262e5cc5986ef997d6d53f94b
https://conda.anaconda.org/conda-forge/osx-64/glib-2.74.1-hbc0c0cd_1.tar.bz2#6da14f37e940e8cd07b032dd8100814b
https://conda.anaconda.org/conda-forge/osx-64/hdf5-1.12.2-mpi_openmpi_hf8ec552_1.conda#ad73daed81dad57633db4da09ca1f982
https://conda.anaconda.org/conda-forge/osx-64/libblas-3.9.0-16_osx64_openblas.tar.bz2#644d63e9379867490b67bace400b2a0f
https://conda.anaconda.org/conda-forge/osx-64/libraw-0.20.2-h7aa5921_2.conda#9a0577713e297e637b54588403a39c72
https://conda.anaconda.org/conda-forge/osx-64/parmetis-4.0.3-h7eda126_1005.tar.bz2#85ac202630b1ff6eccb4c738ee786911
https://conda.anaconda.org/conda-forge/noarch/pip-22.3.1-pyhd8ed1ab_0.tar.bz2#da66f2851b9836d3a7c5190082a45f7d
https://conda.anaconda.org/conda-forge/osx-64/postgresql-15.1-hbea33b9_3.conda#ac3e012d910a8d9688a6a82aaf2be8ce
https://conda.anaconda.org/conda-forge/osx-64/proj-9.1.0-hcbd9701_0.tar.bz2#78ee95e87e5143d0e4a17d4aeef56411
https://conda.anaconda.org/conda-forge/noarch/typing-extensions-4.4.0-hd8ed1ab_0.tar.bz2#be969210b61b897775a0de63cd9e9026
https://conda.anaconda.org/conda-forge/osx-64/xerces-c-3.2.4-h2007e90_1.tar.bz2#da5951ed1609c4fdd135db32c4c8ef36
https://conda.anaconda.org/conda-forge/osx-64/yarl-1.8.2-py310h90acd4f_0.conda#9e18f6b25b97c6078299f6d2ad6c1d07
https://conda.anaconda.org/conda-forge/noarch/async-timeout-4.0.2-pyhd8ed1ab_0.tar.bz2#25e79f9a1133556671becbd65a170c78
https://conda.anaconda.org/conda-forge/osx-64/freeimage-3.18.0-haafd79f_10.tar.bz2#7cd8ca7c7ebbc1c50d7c7920bd405c2b
https://conda.anaconda.org/conda-forge/osx-64/geotiff-1.7.1-he29fd1c_4.tar.bz2#7fab5b9379958e9d3f784842c00c8e66
https://conda.anaconda.org/conda-forge/osx-64/gstreamer-1.21.3-h1d18e73_1.conda#579a4ecaa0dbbe2a7b26f944dec95c60
https://conda.anaconda.org/conda-forge/osx-64/kealib-1.5.0-h5c1f988_0.conda#4aab67daf291f97462a5a947aaad48ea
https://conda.anaconda.org/conda-forge/osx-64/libcblas-3.9.0-16_osx64_openblas.tar.bz2#28592eab0f05bcf9969789e87f754e11
https://conda.anaconda.org/conda-forge/osx-64/libdap4-3.20.6-h3e144a0_2.tar.bz2#55e0706347eb18f3616808366236bcaa
https://conda.anaconda.org/conda-forge/osx-64/liblapack-3.9.0-16_osx64_openblas.tar.bz2#406ad426aade5578b90544cc2ed4a79b
https://conda.anaconda.org/conda-forge/osx-64/libnetcdf-4.8.1-mpi_openmpi_hb9a5949_6.tar.bz2#deac51e2c43887fd6128eb87f7fddbce
https://conda.anaconda.org/conda-forge/osx-64/libspatialite-5.0.1-hc1c2c66_22.tar.bz2#13513d4171137de61c7f8dd7c2fa4e74
https://conda.anaconda.org/conda-forge/osx-64/poppler-22.12.0-hf2ff1a1_0.conda#ad1c9f970971bc448424cff37c99eddd
https://conda.anaconda.org/conda-forge/osx-64/tiledb-2.13.1-h8b9cbf0_0.conda#e0764e77dfbdf61a6816218bbe820569
https://conda.anaconda.org/conda-forge/osx-64/aiohttp-3.8.3-py310h90acd4f_1.tar.bz2#e3c525d42afb960af60873738cb1e43f
https://conda.anaconda.org/conda-forge/osx-64/eccodes-2.27.1-hbf8a13b_0.conda#dd62f2df3ca376e1b301e1e562317aab
https://conda.anaconda.org/conda-forge/osx-64/gst-plugins-base-1.21.3-h37e1711_1.conda#653b52ba531aa8e3e23e39a67e4c35d7
https://conda.anaconda.org/conda-forge/osx-64/libgdal-3.6.1-hd928027_1.conda#bffc5ff040901eca6ddb545e2b6e043a
https://conda.anaconda.org/conda-forge/osx-64/netcdf-fortran-4.6.0-mpi_openmpi_hfdca3f3_1.tar.bz2#a83d3eadd765df1d497396b134ead7e2
https://conda.anaconda.org/conda-forge/osx-64/numpy-1.24.1-py310h1b7c290_0.conda#d35dc7ae4b3c80385c749332869aad0b
https://conda.anaconda.org/gbrey/osx-64/delft3d4-65936-mpi_openmpi_h23c6aca_9.tar.bz2#5176fe5e4558e0b41ca44e053bffd9ff
https://conda.anaconda.org/conda-forge/osx-64/gdal-3.6.1-py310h5abc6fc_1.conda#83992449eb43f13b107901392d2a4bb4
https://conda.anaconda.org/gbrey/osx-64/pschism-5.10.1-mpi_openmpi_h23c6aca_1.tar.bz2#de13b385b31687fc88d87c893cfcc409
https://conda.anaconda.org/conda-forge/osx-64/qt-main-5.15.6-haeff654_5.conda#4be32455c4b7f421968cab825a51115b
https://conda.anaconda.org/conda-forge/noarch/wslink-1.10.0-pyhd8ed1ab_0.conda#09b0815040c693b465ba6c096d842ad6
https://conda.anaconda.org/conda-forge/osx-64/vtk-9.2.2-qt_py310hea5b068_205.conda#c8b32ca7c10c1a1953832f828f4f2444
https://conda.anaconda.org/conda-forge/osx-64/occt-7.7.0-h0e07645_1.tar.bz2#eccc1aa7fd248f93ff29bd7b47ba0ba8
https://conda.anaconda.org/conda-forge/osx-64/gmsh-4.11.0-hbe4ac96_1.conda#dbfe6f3204abc5717f132b6d9cece5a4
